// !$*UTF8*$!
{
	archiveVersion = 1;
	classes = {
	};
	objectVersion = 50;
	objects = {

/* Begin PBXBuildFile section */
		DFE2F15C237BEB050046668B /* AppDelegate.swift in Sources */ = {isa = PBXBuildFile; fileRef = DFE2F15B237BEB050046668B /* AppDelegate.swift */; };
		DFE2F15E237BEB050046668B /* ViewController.swift in Sources */ = {isa = PBXBuildFile; fileRef = DFE2F15D237BEB050046668B /* ViewController.swift */; };
		DFE2F161237BEB050046668B /* Main.storyboard in Resources */ = {isa = PBXBuildFile; fileRef = DFE2F15F237BEB050046668B /* Main.storyboard */; };
		DFE2F163237BEB060046668B /* Assets.xcassets in Resources */ = {isa = PBXBuildFile; fileRef = DFE2F162237BEB060046668B /* Assets.xcassets */; };
		DFE2F166237BEB060046668B /* LaunchScreen.storyboard in Resources */ = {isa = PBXBuildFile; fileRef = DFE2F164237BEB060046668B /* LaunchScreen.storyboard */; };
		DFE2F171237BEB060046668B /* Lab8_1Tests.swift in Sources */ = {isa = PBXBuildFile; fileRef = DFE2F170237BEB060046668B /* Lab8_1Tests.swift */; };
		DFE2F17C237BEB060046668B /* Lab8_1UITests.swift in Sources */ = {isa = PBXBuildFile; fileRef = DFE2F17B237BEB060046668B /* Lab8_1UITests.swift */; };
		DFE2F18A237BEBE20046668B /* SecondVC.swift in Sources */ = {isa = PBXBuildFile; fileRef = DFE2F189237BEBE20046668B /* SecondVC.swift */; };
		DFE2F18E237BEBF60046668B /* ThirdVC.swift in Sources */ = {isa = PBXBuildFile; fileRef = DFE2F18D237BEBF60046668B /* ThirdVC.swift */; };
/* End PBXBuildFile section */

/* Begin PBXContainerItemProxy section */
		DFE2F16D237BEB060046668B /* PBXContainerItemProxy */ = {
			isa = PBXContainerItemProxy;
			containerPortal = DFE2F150237BEB040046668B /* Project object */;
			proxyType = 1;
			remoteGlobalIDString = DFE2F157237BEB040046668B;
			remoteInfo = Lab8_1;
		};
		DFE2F178237BEB060046668B /* PBXContainerItemProxy */ = {
			isa = PBXContainerItemProxy;
			containerPortal = DFE2F150237BEB040046668B /* Project object */;
			proxyType = 1;
			remoteGlobalIDString = DFE2F157237BEB040046668B;
			remoteInfo = Lab8_1;
		};
/* End PBXContainerItemProxy section */

/* Begin PBXFileReference section */
		DFE2F158237BEB050046668B /* Lab8_1.app */ = {isa = PBXFileReference; explicitFileType = wrapper.application; includeInIndex = 0; path = Lab8_1.app; sourceTree = BUILT_PRODUCTS_DIR; };
		DFE2F15B237BEB050046668B /* AppDelegate.swift */ = {isa = PBXFileReference; lastKnownFileType = sourcecode.swift; path = AppDelegate.swift; sourceTree = "<group>"; };
		DFE2F15D237BEB050046668B /* ViewController.swift */ = {isa = PBXFileReference; lastKnownFileType = sourcecode.swift; path = ViewController.swift; sourceTree = "<group>"; };
		DFE2F160237BEB050046668B /* Base */ = {isa = PBXFileReference; lastKnownFileType = file.storyboard; name = Base; path = Base.lproj/Main.storyboard; sourceTree = "<group>"; };
		DFE2F162237BEB060046668B /* Assets.xcassets */ = {isa = PBXFileReference; lastKnownFileType = folder.assetcatalog; path = Assets.xcassets; sourceTree = "<group>"; };
		DFE2F165237BEB060046668B /* Base */ = {isa = PBXFileReference; lastKnownFileType = file.storyboard; name = Base; path = Base.lproj/LaunchScreen.storyboard; sourceTree = "<group>"; };
		DFE2F167237BEB060046668B /* Info.plist */ = {isa = PBXFileReference; lastKnownFileType = text.plist.xml; path = Info.plist; sourceTree = "<group>"; };
		DFE2F16C237BEB060046668B /* Lab8_1Tests.xctest */ = {isa = PBXFileReference; explicitFileType = wrapper.cfbundle; includeInIndex = 0; path = Lab8_1Tests.xctest; sourceTree = BUILT_PRODUCTS_DIR; };
		DFE2F170237BEB060046668B /* Lab8_1Tests.swift */ = {isa = PBXFileReference; lastKnownFileType = sourcecode.swift; path = Lab8_1Tests.swift; sourceTree = "<group>"; };
		DFE2F172237BEB060046668B /* Info.plist */ = {isa = PBXFileReference; lastKnownFileType = text.plist.xml; path = Info.plist; sourceTree = "<group>"; };
		DFE2F177237BEB060046668B /* Lab8_1UITests.xctest */ = {isa = PBXFileReference; explicitFileType = wrapper.cfbundle; includeInIndex = 0; path = Lab8_1UITests.xctest; sourceTree = BUILT_PRODUCTS_DIR; };
		DFE2F17B237BEB060046668B /* Lab8_1UITests.swift */ = {isa = PBXFileReference; lastKnownFileType = sourcecode.swift; path = Lab8_1UITests.swift; sourceTree = "<group>"; };
		DFE2F17D237BEB060046668B /* Info.plist */ = {isa = PBXFileReference; lastKnownFileType = text.plist.xml; path = Info.plist; sourceTree = "<group>"; };
		DFE2F189237BEBE20046668B /* SecondVC.swift */ = {isa = PBXFileReference; fileEncoding = 4; lastKnownFileType = sourcecode.swift; path = SecondVC.swift; sourceTree = "<group>"; };
		DFE2F18D237BEBF60046668B /* ThirdVC.swift */ = {isa = PBXFileReference; fileEncoding = 4; lastKnownFileType = sourcecode.swift; path = ThirdVC.swift; sourceTree = "<group>"; };
/* End PBXFileReference section */

/* Begin PBXFrameworksBuildPhase section */
		DFE2F155237BEB040046668B /* Frameworks */ = {
			isa = PBXFrameworksBuildPhase;
			buildActionMask = 2147483647;
			files = (
			);
			runOnlyForDeploymentPostprocessing = 0;
		};
		DFE2F169237BEB060046668B /* Frameworks */ = {
			isa = PBXFrameworksBuildPhase;
			buildActionMask = 2147483647;
			files = (
			);
			runOnlyForDeploymentPostprocessing = 0;
		};
		DFE2F174237BEB060046668B /* Frameworks */ = {
			isa = PBXFrameworksBuildPhase;
			buildActionMask = 2147483647;
			files = (
			);
			runOnlyForDeploymentPostprocessing = 0;
		};
/* End PBXFrameworksBuildPhase section */

/* Begin PBXGroup section */
		DFE2F14F237BEB040046668B = {
			isa = PBXGroup;
			children = (
				DFE2F15A237BEB050046668B /* Lab8_1 */,
				DFE2F16F237BEB060046668B /* Lab8_1Tests */,
				DFE2F17A237BEB060046668B /* Lab8_1UITests */,
				DFE2F159237BEB050046668B /* Products */,
			);
			sourceTree = "<group>";
		};
		DFE2F159237BEB050046668B /* Products */ = {
			isa = PBXGroup;
			children = (
				DFE2F158237BEB050046668B /* Lab8_1.app */,
				DFE2F16C237BEB060046668B /* Lab8_1Tests.xctest */,
				DFE2F177237BEB060046668B /* Lab8_1UITests.xctest */,
			);
			name = Products;
			sourceTree = "<group>";
		};
		DFE2F15A237BEB050046668B /* Lab8_1 */ = {
			isa = PBXGroup;
			children = (
				DFE2F15B237BEB050046668B /* AppDelegate.swift */,
				DFE2F15D237BEB050046668B /* ViewController.swift */,
				DFE2F189237BEBE20046668B /* SecondVC.swift */,
				DFE2F18D237BEBF60046668B /* ThirdVC.swift */,
				DFE2F15F237BEB050046668B /* Main.storyboard */,
				DFE2F162237BEB060046668B /* Assets.xcassets */,
				DFE2F164237BEB060046668B /* LaunchScreen.storyboard */,
				DFE2F167237BEB060046668B /* Info.plist */,
			);
			path = Lab8_1;
			sourceTree = "<group>";
		};
		DFE2F16F237BEB060046668B /* Lab8_1Tests */ = {
			isa = PBXGroup;
			children = (
				DFE2F170237BEB060046668B /* Lab8_1Tests.swift */,
				DFE2F172237BEB060046668B /* Info.plist */,
			);
			path = Lab8_1Tests;
			sourceTree = "<group>";
		};
		DFE2F17A237BEB060046668B /* Lab8_1UITests */ = {
			isa = PBXGroup;
			children = (
				DFE2F17B237BEB060046668B /* Lab8_1UITests.swift */,
				DFE2F17D237BEB060046668B /* Info.plist */,
			);
			path = Lab8_1UITests;
			sourceTree = "<group>";
		};
/* End PBXGroup section */

/* Begin PBXNativeTarget section */
		DFE2F157237BEB040046668B /* Lab8_1 */ = {
			isa = PBXNativeTarget;
			buildConfigurationList = DFE2F180237BEB060046668B /* Build configuration list for PBXNativeTarget "Lab8_1" */;
			buildPhases = (
				DFE2F154237BEB040046668B /* Sources */,
				DFE2F155237BEB040046668B /* Frameworks */,
				DFE2F156237BEB040046668B /* Resources */,
			);
			buildRules = (
			);
			dependencies = (
			);
			name = Lab8_1;
			productName = Lab8_1;
			productReference = DFE2F158237BEB050046668B /* Lab8_1.app */;
			productType = "com.apple.product-type.application";
		};
		DFE2F16B237BEB060046668B /* Lab8_1Tests */ = {
			isa = PBXNativeTarget;
			buildConfigurationList = DFE2F183237BEB060046668B /* Build configuration list for PBXNativeTarget "Lab8_1Tests" */;
			buildPhases = (
				DFE2F168237BEB060046668B /* Sources */,
				DFE2F169237BEB060046668B /* Frameworks */,
				DFE2F16A237BEB060046668B /* Resources */,
			);
			buildRules = (
			);
			dependencies = (
				DFE2F16E237BEB060046668B /* PBXTargetDependency */,
			);
			name = Lab8_1Tests;
			productName = Lab8_1Tests;
			productReference = DFE2F16C237BEB060046668B /* Lab8_1Tests.xctest */;
			productType = "com.apple.product-type.bundle.unit-test";
		};
		DFE2F176237BEB060046668B /* Lab8_1UITests */ = {
			isa = PBXNativeTarget;
			buildConfigurationList = DFE2F186237BEB060046668B /* Build configuration list for PBXNativeTarget "Lab8_1UITests" */;
			buildPhases = (
				DFE2F173237BEB060046668B /* Sources */,
				DFE2F174237BEB060046668B /* Frameworks */,
				DFE2F175237BEB060046668B /* Resources */,
			);
			buildRules = (
			);
			dependencies = (
				DFE2F179237BEB060046668B /* PBXTargetDependency */,
			);
			name = Lab8_1UITests;
			productName = Lab8_1UITests;
			productReference = DFE2F177237BEB060046668B /* Lab8_1UITests.xctest */;
			productType = "com.apple.product-type.bundle.ui-testing";
		};
/* End PBXNativeTarget section */

/* Begin PBXProject section */
		DFE2F150237BEB040046668B /* Project object */ = {
			isa = PBXProject;
			attributes = {
				LastSwiftUpdateCheck = 0940;
				LastUpgradeCheck = 0940;
				ORGANIZATIONNAME = 20145105;
				TargetAttributes = {
					DFE2F157237BEB040046668B = {
						CreatedOnToolsVersion = 9.4.1;
					};
					DFE2F16B237BEB060046668B = {
						CreatedOnToolsVersion = 9.4.1;
						TestTargetID = DFE2F157237BEB040046668B;
					};
					DFE2F176237BEB060046668B = {
						CreatedOnToolsVersion = 9.4.1;
						TestTargetID = DFE2F157237BEB040046668B;
					};
				};
			};
			buildConfigurationList = DFE2F153237BEB040046668B /* Build configuration list for PBXProject "Lab8_1" */;
			compatibilityVersion = "Xcode 9.3";
			developmentRegion = en;
			hasScannedForEncodings = 0;
			knownRegions = (
				en,
				Base,
			);
			mainGroup = DFE2F14F237BEB040046668B;
			productRefGroup = DFE2F159237BEB050046668B /* Products */;
			projectDirPath = "";
			projectRoot = "";
			targets = (
				DFE2F157237BEB040046668B /* Lab8_1 */,
				DFE2F16B237BEB060046668B /* Lab8_1Tests */,
				DFE2F176237BEB060046668B /* Lab8_1UITests */,
			);
		};
/* End PBXProject section */

/* Begin PBXResourcesBuildPhase section */
		DFE2F156237BEB040046668B /* Resources */ = {
			isa = PBXResourcesBuildPhase;
			buildActionMask = 2147483647;
			files = (
				DFE2F166237BEB060046668B /* LaunchScreen.storyboard in Resources */,
				DFE2F163237BEB060046668B /* Assets.xcassets in Resources */,
				DFE2F161237BEB050046668B /* Main.storyboard in Resources */,
			);
			runOnlyForDeploymentPostprocessing = 0;
		};
		DFE2F16A237BEB060046668B /* Resources */ = {
			isa = PBXResourcesBuildPhase;
			buildActionMask = 2147483647;
			files = (
			);
			runOnlyForDeploymentPostprocessing = 0;
		};
		DFE2F175237BEB060046668B /* Resources */ = {
			isa = PBXResourcesBuildPhase;
			buildActionMask = 2147483647;
			files = (
			);
			runOnlyForDeploymentPostprocessing = 0;
		};
/* End PBXResourcesBuildPhase section */

/* Begin PBXSourcesBuildPhase section */
		DFE2F154237BEB040046668B /* Sources */ = {
			isa = PBXSourcesBuildPhase;
			buildActionMask = 2147483647;
			files = (
				DFE2F18E237BEBF60046668B /* ThirdVC.swift in Sources */,
				DFE2F15E237BEB050046668B /* ViewController.swift in Sources */,
				DFE2F18A237BEBE20046668B /* SecondVC.swift in Sources */,
				DFE2F15C237BEB050046668B /* AppDelegate.swift in Sources */,
			);
			runOnlyForDeploymentPostprocessing = 0;
		};
		DFE2F168237BEB060046668B /* Sources */ = {
			isa = PBXSourcesBuildPhase;
			buildActionMask = 2147483647;
			files = (
				DFE2F171237BEB060046668B /* Lab8_1Tests.swift in Sources */,
			);
			runOnlyForDeploymentPostprocessing = 0;
		};
		DFE2F173237BEB060046668B /* Sources */ = {
			isa = PBXSourcesBuildPhase;
			buildActionMask = 2147483647;
			files = (
				DFE2F17C237BEB060046668B /* Lab8_1UITests.swift in Sources */,
			);
			runOnlyForDeploymentPostprocessing = 0;
		};
/* End PBXSourcesBuildPhase section */

/* Begin PBXTargetDependency section */
		DFE2F16E237BEB060046668B /* PBXTargetDependency */ = {
			isa = PBXTargetDependency;
			target = DFE2F157237BEB040046668B /* Lab8_1 */;
			targetProxy = DFE2F16D237BEB060046668B /* PBXContainerItemProxy */;
		};
		DFE2F179237BEB060046668B /* PBXTargetDependency */ = {
			isa = PBXTargetDependency;
			target = DFE2F157237BEB040046668B /* Lab8_1 */;
			targetProxy = DFE2F178237BEB060046668B /* PBXContainerItemProxy */;
		};
/* End PBXTargetDependency section */

/* Begin PBXVariantGroup section */
		DFE2F15F237BEB050046668B /* Main.storyboard */ = {
			isa = PBXVariantGroup;
			children = (
				DFE2F160237BEB050046668B /* Base */,
			);
			name = Main.storyboard;
			sourceTree = "<group>";
		};
		DFE2F164237BEB060046668B /* LaunchScreen.storyboard */ = {
			isa = PBXVariantGroup;
			children = (
				DFE2F165237BEB060046668B /* Base */,
			);
			name = LaunchScreen.storyboard;
			sourceTree = "<group>";
		};
/* End PBXVariantGroup section */

/* Begin XCBuildConfiguration section */
		DFE2F17E237BEB060046668B /* Debug */ = {
			isa = XCBuildConfiguration;
			buildSettings = {
				ALWAYS_SEARCH_USER_PATHS = NO;
				CLANG_ANALYZER_NONNULL = YES;
				CLANG_ANALYZER_NUMBER_OBJECT_CONVERSION = YES_AGGRESSIVE;
				CLANG_CXX_LANGUAGE_STANDARD = "gnu++14";
				CLANG_CXX_LIBRARY = "libc++";
				CLANG_ENABLE_MODULES = YES;
				CLANG_ENABLE_OBJC_ARC = YES;
				CLANG_ENABLE_OBJC_WEAK = YES;
				CLANG_WARN_BLOCK_CAPTURE_AUTORELEASING = YES;
				CLANG_WARN_BOOL_CONVERSION = YES;
				CLANG_WARN_COMMA = YES;
				CLANG_WARN_CONSTANT_CONVERSION = YES;
				CLANG_WARN_DEPRECATED_OBJC_IMPLEMENTATIONS = YES;
				CLANG_WARN_DIRECT_OBJC_ISA_USAGE = YES_ERROR;
				CLANG_WARN_DOCUMENTATION_COMMENTS = YES;
				CLANG_WARN_EMPTY_BODY = YES;
				CLANG_WARN_ENUM_CONVERSION = YES;
				CLANG_WARN_INFINITE_RECURSION = YES;
				CLANG_WARN_INT_CONVERSION = YES;
				CLANG_WARN_NON_LITERAL_NULL_CONVERSION = YES;
				CLANG_WARN_OBJC_IMPLICIT_RETAIN_SELF = YES;
				CLANG_WARN_OBJC_LITERAL_CONVERSION = YES;
				CLANG_WARN_OBJC_ROOT_CLASS = YES_ERROR;
				CLANG_WARN_RANGE_LOOP_ANALYSIS = YES;
				CLANG_WARN_STRICT_PROTOTYPES = YES;
				CLANG_WARN_SUSPICIOUS_MOVE = YES;
				CLANG_WARN_UNGUARDED_AVAILABILITY = YES_AGGRESSIVE;
				CLANG_WARN_UNREACHABLE_CODE = YES;
				CLANG_WARN__DUPLICATE_METHOD_MATCH = YES;
				CODE_SIGN_IDENTITY = "iPhone Developer";
				COPY_PHASE_STRIP = NO;
				DEBUG_INFORMATION_FORMAT = dwarf;
				ENABLE_STRICT_OBJC_MSGSEND = YES;
				ENABLE_TESTABILITY = YES;
				GCC_C_LANGUAGE_STANDARD = gnu11;
				GCC_DYNAMIC_NO_PIC = NO;
				GCC_NO_COMMON_BLOCKS = YES;
				GCC_OPTIMIZATION_LEVEL = 0;
				GCC_PREPROCESSOR_DEFINITIONS = (
					"DEBUG=1",
					"$(inherited)",
				);
				GCC_WARN_64_TO_32_BIT_CONVERSION = YES;
				GCC_WARN_ABOUT_RETURN_TYPE = YES_ERROR;
				GCC_WARN_UNDECLARED_SELECTOR = YES;
				GCC_WARN_UNINITIALIZED_AUTOS = YES_AGGRESSIVE;
				GCC_WARN_UNUSED_FUNCTION = YES;
				GCC_WARN_UNUSED_VARIABLE = YES;
				IPHONEOS_DEPLOYMENT_TARGET = 11.4;
				MTL_ENABLE_DEBUG_INFO = YES;
				ONLY_ACTIVE_ARCH = YES;
				SDKROOT = iphoneos;
				SWIFT_ACTIVE_COMPILATION_CONDITIONS = DEBUG;
				SWIFT_OPTIMIZATION_LEVEL = "-Onone";
			};
			name = Debug;
		};
		DFE2F17F237BEB060046668B /* Release */ = {
			isa = XCBuildConfiguration;
			buildSettings = {
				ALWAYS_SEARCH_USER_PATHS = NO;
				CLANG_ANALYZER_NONNULL = YES;
				CLANG_ANALYZER_NUMBER_OBJECT_CONVERSION = YES_AGGRESSIVE;
				CLANG_CXX_LANGUAGE_STANDARD = "gnu++14";
				CLANG_CXX_LIBRARY = "libc++";
				CLANG_ENABLE_MODULES = YES;
				CLANG_ENABLE_OBJC_ARC = YES;
				CLANG_ENABLE_OBJC_WEAK = YES;
				CLANG_WARN_BLOCK_CAPTURE_AUTORELEASING = YES;
				CLANG_WARN_BOOL_CONVERSION = YES;
				CLANG_WARN_COMMA = YES;
				CLANG_WARN_CONSTANT_CONVERSION = YES;
				CLANG_WARN_DEPRECATED_OBJC_IMPLEMENTATIONS = YES;
				CLANG_WARN_DIRECT_OBJC_ISA_USAGE = YES_ERROR;
				CLANG_WARN_DOCUMENTATION_COMMENTS = YES;
				CLANG_WARN_EMPTY_BODY = YES;
				CLANG_WARN_ENUM_CONVERSION = YES;
				CLANG_WARN_INFINITE_RECURSION = YES;
				CLANG_WARN_INT_CONVERSION = YES;
				CLANG_WARN_NON_LITERAL_NULL_CONVERSION = YES;
				CLANG_WARN_OBJC_IMPLICIT_RETAIN_SELF = YES;
				CLANG_WARN_OBJC_LITERAL_CONVERSION = YES;
				CLANG_WARN_OBJC_ROOT_CLASS = YES_ERROR;
				CLANG_WARN_RANGE_LOOP_ANALYSIS = YES;
				CLANG_WARN_STRICT_PROTOTYPES = YES;
				CLANG_WARN_SUSPICIOUS_MOVE = YES;
				CLANG_WARN_UNGUARDED_AVAILABILITY = YES_AGGRESSIVE;
				CLANG_WARN_UNREACHABLE_CODE = YES;
				CLANG_WARN__DUPLICATE_METHOD_MATCH = YES;
				CODE_SIGN_IDENTITY = "iPhone Developer";
				COPY_PHASE_STRIP = NO;
				DEBUG_INFORMATION_FORMAT = "dwarf-with-dsym";
				ENABLE_NS_ASSERTIONS = NO;
				ENABLE_STRICT_OBJC_MSGSEND = YES;
				GCC_C_LANGUAGE_STANDARD = gnu11;
				GCC_NO_COMMON_BLOCKS = YES;
				GCC_WARN_64_TO_32_BIT_CONVERSION = YES;
				GCC_WARN_ABOUT_RETURN_TYPE = YES_ERROR;
				GCC_WARN_UNDECLARED_SELECTOR = YES;
				GCC_WARN_UNINITIALIZED_AUTOS = YES_AGGRESSIVE;
				GCC_WARN_UNUSED_FUNCTION = YES;
				GCC_WARN_UNUSED_VARIABLE = YES;
				IPHONEOS_DEPLOYMENT_TARGET = 11.4;
				MTL_ENABLE_DEBUG_INFO = NO;
				SDKROOT = iphoneos;
				SWIFT_COMPILATION_MODE = wholemodule;
				SWIFT_OPTIMIZATION_LEVEL = "-O";
				VALIDATE_PRODUCT = YES;
			};
			name = Release;
		};
		DFE2F181237BEB060046668B /* Debug */ = {
			isa = XCBuildConfiguration;
			buildSettings = {
				ASSETCATALOG_COMPILER_APPICON_NAME = AppIcon;
				CODE_SIGN_STYLE = Automatic;
				INFOPLIST_FILE = Lab8_1/Info.plist;
				LD_RUNPATH_SEARCH_PATHS = (
					"$(inherited)",
					"@executable_path/Frameworks",
				);
				PRODUCT_BUNDLE_IDENTIFIER = "kim.Lab8-1";
				PRODUCT_NAME = "$(TARGET_NAME)";
				SWIFT_VERSION = 4.0;
				TARGETED_DEVICE_FAMILY = "1,2";
			};
			name = Debug;
		};
		DFE2F182237BEB060046668B /* Release */ = {
			isa = XCBuildConfiguration;
			buildSettings = {
				ASSETCATALOG_COMPILER_APPICON_NAME = AppIcon;
				CODE_SIGN_STYLE = Automatic;
				INFOPLIST_FILE = Lab8_1/Info.plist;
				LD_RUNPATH_SEARCH_PATHS = (
					"$(inherited)",
					"@executable_path/Frameworks",
				);
				PRODUCT_BUNDLE_IDENTIFIER = "kim.Lab8-1";
				PRODUCT_NAME = "$(TARGET_NAME)";
				SWIFT_VERSION = 4.0;
				TARGETED_DEVICE_FAMILY = "1,2";
			};
			name = Release;
		};
		DFE2F184237BEB060046668B /* Debug */ = {
			isa = XCBuildConfiguration;
			buildSettings = {
				ALWAYS_EMBED_SWIFT_STANDARD_LIBRARIES = YES;
				BUNDLE_LOADER = "$(TEST_HOST)";
				CODE_SIGN_STYLE = Automatic;
				INFOPLIST_FILE = Lab8_1Tests/Info.plist;
				LD_RUNPATH_SEARCH_PATHS = (
					"$(inherited)",
					"@executable_path/Frameworks",
					"@loader_path/Frameworks",
				);
				PRODUCT_BUNDLE_IDENTIFIER = "kim.Lab8-1Tests";
				PRODUCT_NAME = "$(TARGET_NAME)";
				SWIFT_VERSION = 4.0;
				TARGETED_DEVICE_FAMILY = "1,2";
				TEST_HOST = "$(BUILT_PRODUCTS_DIR)/Lab8_1.app/Lab8_1";
			};
			name = Debug;
		};
		DFE2F185237BEB060046668B /* Release */ = {
			isa = XCBuildConfiguration;
			buildSettings = {
				ALWAYS_EMBED_SWIFT_STANDARD_LIBRARIES = YES;
				BUNDLE_LOADER = "$(TEST_HOST)";
				CODE_SIGN_STYLE = Automatic;
				INFOPLIST_FILE = Lab8_1Tests/Info.plist;
				LD_RUNPATH_SEARCH_PATHS = (
					"$(inherited)",
					"@executable_path/Frameworks",
					"@loader_path/Frameworks",
				);
				PRODUCT_BUNDLE_IDENTIFIER = "kim.Lab8-1Tests";
				PRODUCT_NAME = "$(TARGET_NAME)";
				SWIFT_VERSION = 4.0;
				TARGETED_DEVICE_FAMILY = "1,2";
				TEST_HOST = "$(BUILT_PRODUCTS_DIR)/Lab8_1.app/Lab8_1";
			};
			name = Release;
		};
		DFE2F187237BEB060046668B /* Debug */ = {
			isa = XCBuildConfiguration;
			buildSettings = {
				ALWAYS_EMBED_SWIFT_STANDARD_LIBRARIES = YES;
				CODE_SIGN_STYLE = Automatic;
				INFOPLIST_FILE = Lab8_1UITests/Info.plist;
				LD_RUNPATH_SEARCH_PATHS = (
					"$(inherited)",
					"@executable_path/Frameworks",
					"@loader_path/Frameworks",
				);
				PRODUCT_BUNDLE_IDENTIFIER = "kim.Lab8-1UITests";
				PRODUCT_NAME = "$(TARGET_NAME)";
				SWIFT_VERSION = 4.0;
				TARGETED_DEVICE_FAMILY = "1,2";
				TEST_TARGET_NAME = Lab8_1;
			};
			name = Debug;
		};
		DFE2F188237BEB060046668B /* Release */ = {
			isa = XCBuildConfiguration;
			buildSettings = {
				ALWAYS_EMBED_SWIFT_STANDARD_LIBRARIES = YES;
				CODE_SIGN_STYLE = Automatic;
				INFOPLIST_FILE = Lab8_1UITests/Info.plist;
				LD_RUNPATH_SEARCH_PATHS = (
					"$(inherited)",
					"@executable_path/Frameworks",
					"@loader_path/Frameworks",
				);
				PRODUCT_BUNDLE_IDENTIFIER = "kim.Lab8-1UITests";
				PRODUCT_NAME = "$(TARGET_NAME)";
				SWIFT_VERSION = 4.0;
				TARGETED_DEVICE_FAMILY = "1,2";
				TEST_TARGET_NAME = Lab8_1;
			};
			name = Release;
		};
/* End XCBuildConfiguration section */

/* Begin XCConfigurationList section */
		DFE2F153237BEB040046668B /* Build configuration list for PBXProject "Lab8_1" */ = {
			isa = XCConfigurationList;
			buildConfigurations = (
				DFE2F17E237BEB060046668B /* Debug */,
				DFE2F17F237BEB060046668B /* Release */,
			);
			defaultConfigurationIsVisible = 0;
			defaultConfigurationName = Release;
		};
		DFE2F180237BEB060046668B /* Build configuration list for PBXNativeTarget "Lab8_1" */ = {
			isa = XCConfigurationList;
			buildConfigurations = (
				DFE2F181237BEB060046668B /* Debug */,
				DFE2F182237BEB060046668B /* Release */,
			);
			defaultConfigurationIsVisible = 0;
			defaultConfigurationName = Release;
		};
		DFE2F183237BEB060046668B /* Build configuration list for PBXNativeTarget "Lab8_1Tests" */ = {
			isa = XCConfigurationList;
			buildConfigurations = (
				DFE2F184237BEB060046668B /* Debug */,
				DFE2F185237BEB060046668B /* Release */,
			);
			defaultConfigurationIsVisible = 0;
			defaultConfigurationName = Release;
		};
		DFE2F186237BEB060046668B /* Build configuration list for PBXNativeTarget "Lab8_1UITests" */ = {
			isa = XCConfigurationList;
			buildConfigurations = (
				DFE2F187237BEB060046668B /* Debug */,
				DFE2F188237BEB060046668B /* Release */,
			);
			defaultConfigurationIsVisible = 0;
			defaultConfigurationName = Release;
		};
/* End XCConfigurationList section */
	};
	rootObject = DFE2F150237BEB040046668B /* Project object */;
}
