// !$*UTF8*$!
{
	archiveVersion = 1;
	classes = {
	};
	objectVersion = 50;
	objects = {

/* Begin PBXBuildFile section */
		DFB04B8D2369809100C0D4AE /* AppDelegate.swift in Sources */ = {isa = PBXBuildFile; fileRef = DFB04B8C2369809100C0D4AE /* AppDelegate.swift */; };
		DFB04B8F2369809100C0D4AE /* ViewController.swift in Sources */ = {isa = PBXBuildFile; fileRef = DFB04B8E2369809100C0D4AE /* ViewController.swift */; };
		DFB04B922369809100C0D4AE /* Main.storyboard in Resources */ = {isa = PBXBuildFile; fileRef = DFB04B902369809100C0D4AE /* Main.storyboard */; };
		DFB04B942369809300C0D4AE /* Assets.xcassets in Resources */ = {isa = PBXBuildFile; fileRef = DFB04B932369809300C0D4AE /* Assets.xcassets */; };
		DFB04B972369809300C0D4AE /* LaunchScreen.storyboard in Resources */ = {isa = PBXBuildFile; fileRef = DFB04B952369809300C0D4AE /* LaunchScreen.storyboard */; };
		DFB04BA22369809300C0D4AE /* Lab06_2Tests.swift in Sources */ = {isa = PBXBuildFile; fileRef = DFB04BA12369809300C0D4AE /* Lab06_2Tests.swift */; };
		DFB04BAD2369809300C0D4AE /* Lab06_2UITests.swift in Sources */ = {isa = PBXBuildFile; fileRef = DFB04BAC2369809300C0D4AE /* Lab06_2UITests.swift */; };
/* End PBXBuildFile section */

/* Begin PBXContainerItemProxy section */
		DFB04B9E2369809300C0D4AE /* PBXContainerItemProxy */ = {
			isa = PBXContainerItemProxy;
			containerPortal = DFB04B812369809100C0D4AE /* Project object */;
			proxyType = 1;
			remoteGlobalIDString = DFB04B882369809100C0D4AE;
			remoteInfo = Lab06_2;
		};
		DFB04BA92369809300C0D4AE /* PBXContainerItemProxy */ = {
			isa = PBXContainerItemProxy;
			containerPortal = DFB04B812369809100C0D4AE /* Project object */;
			proxyType = 1;
			remoteGlobalIDString = DFB04B882369809100C0D4AE;
			remoteInfo = Lab06_2;
		};
/* End PBXContainerItemProxy section */

/* Begin PBXFileReference section */
		DFB04B892369809100C0D4AE /* Lab06_2.app */ = {isa = PBXFileReference; explicitFileType = wrapper.application; includeInIndex = 0; path = Lab06_2.app; sourceTree = BUILT_PRODUCTS_DIR; };
		DFB04B8C2369809100C0D4AE /* AppDelegate.swift */ = {isa = PBXFileReference; lastKnownFileType = sourcecode.swift; path = AppDelegate.swift; sourceTree = "<group>"; };
		DFB04B8E2369809100C0D4AE /* ViewController.swift */ = {isa = PBXFileReference; lastKnownFileType = sourcecode.swift; path = ViewController.swift; sourceTree = "<group>"; };
		DFB04B912369809100C0D4AE /* Base */ = {isa = PBXFileReference; lastKnownFileType = file.storyboard; name = Base; path = Base.lproj/Main.storyboard; sourceTree = "<group>"; };
		DFB04B932369809300C0D4AE /* Assets.xcassets */ = {isa = PBXFileReference; lastKnownFileType = folder.assetcatalog; path = Assets.xcassets; sourceTree = "<group>"; };
		DFB04B962369809300C0D4AE /* Base */ = {isa = PBXFileReference; lastKnownFileType = file.storyboard; name = Base; path = Base.lproj/LaunchScreen.storyboard; sourceTree = "<group>"; };
		DFB04B982369809300C0D4AE /* Info.plist */ = {isa = PBXFileReference; lastKnownFileType = text.plist.xml; path = Info.plist; sourceTree = "<group>"; };
		DFB04B9D2369809300C0D4AE /* Lab06_2Tests.xctest */ = {isa = PBXFileReference; explicitFileType = wrapper.cfbundle; includeInIndex = 0; path = Lab06_2Tests.xctest; sourceTree = BUILT_PRODUCTS_DIR; };
		DFB04BA12369809300C0D4AE /* Lab06_2Tests.swift */ = {isa = PBXFileReference; lastKnownFileType = sourcecode.swift; path = Lab06_2Tests.swift; sourceTree = "<group>"; };
		DFB04BA32369809300C0D4AE /* Info.plist */ = {isa = PBXFileReference; lastKnownFileType = text.plist.xml; path = Info.plist; sourceTree = "<group>"; };
		DFB04BA82369809300C0D4AE /* Lab06_2UITests.xctest */ = {isa = PBXFileReference; explicitFileType = wrapper.cfbundle; includeInIndex = 0; path = Lab06_2UITests.xctest; sourceTree = BUILT_PRODUCTS_DIR; };
		DFB04BAC2369809300C0D4AE /* Lab06_2UITests.swift */ = {isa = PBXFileReference; lastKnownFileType = sourcecode.swift; path = Lab06_2UITests.swift; sourceTree = "<group>"; };
		DFB04BAE2369809300C0D4AE /* Info.plist */ = {isa = PBXFileReference; lastKnownFileType = text.plist.xml; path = Info.plist; sourceTree = "<group>"; };
/* End PBXFileReference section */

/* Begin PBXFrameworksBuildPhase section */
		DFB04B862369809100C0D4AE /* Frameworks */ = {
			isa = PBXFrameworksBuildPhase;
			buildActionMask = 2147483647;
			files = (
			);
			runOnlyForDeploymentPostprocessing = 0;
		};
		DFB04B9A2369809300C0D4AE /* Frameworks */ = {
			isa = PBXFrameworksBuildPhase;
			buildActionMask = 2147483647;
			files = (
			);
			runOnlyForDeploymentPostprocessing = 0;
		};
		DFB04BA52369809300C0D4AE /* Frameworks */ = {
			isa = PBXFrameworksBuildPhase;
			buildActionMask = 2147483647;
			files = (
			);
			runOnlyForDeploymentPostprocessing = 0;
		};
/* End PBXFrameworksBuildPhase section */

/* Begin PBXGroup section */
		DFB04B802369809100C0D4AE = {
			isa = PBXGroup;
			children = (
				DFB04B8B2369809100C0D4AE /* Lab06_2 */,
				DFB04BA02369809300C0D4AE /* Lab06_2Tests */,
				DFB04BAB2369809300C0D4AE /* Lab06_2UITests */,
				DFB04B8A2369809100C0D4AE /* Products */,
			);
			sourceTree = "<group>";
		};
		DFB04B8A2369809100C0D4AE /* Products */ = {
			isa = PBXGroup;
			children = (
				DFB04B892369809100C0D4AE /* Lab06_2.app */,
				DFB04B9D2369809300C0D4AE /* Lab06_2Tests.xctest */,
				DFB04BA82369809300C0D4AE /* Lab06_2UITests.xctest */,
			);
			name = Products;
			sourceTree = "<group>";
		};
		DFB04B8B2369809100C0D4AE /* Lab06_2 */ = {
			isa = PBXGroup;
			children = (
				DFB04B8C2369809100C0D4AE /* AppDelegate.swift */,
				DFB04B8E2369809100C0D4AE /* ViewController.swift */,
				DFB04B902369809100C0D4AE /* Main.storyboard */,
				DFB04B932369809300C0D4AE /* Assets.xcassets */,
				DFB04B952369809300C0D4AE /* LaunchScreen.storyboard */,
				DFB04B982369809300C0D4AE /* Info.plist */,
			);
			path = Lab06_2;
			sourceTree = "<group>";
		};
		DFB04BA02369809300C0D4AE /* Lab06_2Tests */ = {
			isa = PBXGroup;
			children = (
				DFB04BA12369809300C0D4AE /* Lab06_2Tests.swift */,
				DFB04BA32369809300C0D4AE /* Info.plist */,
			);
			path = Lab06_2Tests;
			sourceTree = "<group>";
		};
		DFB04BAB2369809300C0D4AE /* Lab06_2UITests */ = {
			isa = PBXGroup;
			children = (
				DFB04BAC2369809300C0D4AE /* Lab06_2UITests.swift */,
				DFB04BAE2369809300C0D4AE /* Info.plist */,
			);
			path = Lab06_2UITests;
			sourceTree = "<group>";
		};
/* End PBXGroup section */

/* Begin PBXNativeTarget section */
		DFB04B882369809100C0D4AE /* Lab06_2 */ = {
			isa = PBXNativeTarget;
			buildConfigurationList = DFB04BB12369809300C0D4AE /* Build configuration list for PBXNativeTarget "Lab06_2" */;
			buildPhases = (
				DFB04B852369809100C0D4AE /* Sources */,
				DFB04B862369809100C0D4AE /* Frameworks */,
				DFB04B872369809100C0D4AE /* Resources */,
			);
			buildRules = (
			);
			dependencies = (
			);
			name = Lab06_2;
			productName = Lab06_2;
			productReference = DFB04B892369809100C0D4AE /* Lab06_2.app */;
			productType = "com.apple.product-type.application";
		};
		DFB04B9C2369809300C0D4AE /* Lab06_2Tests */ = {
			isa = PBXNativeTarget;
			buildConfigurationList = DFB04BB42369809300C0D4AE /* Build configuration list for PBXNativeTarget "Lab06_2Tests" */;
			buildPhases = (
				DFB04B992369809300C0D4AE /* Sources */,
				DFB04B9A2369809300C0D4AE /* Frameworks */,
				DFB04B9B2369809300C0D4AE /* Resources */,
			);
			buildRules = (
			);
			dependencies = (
				DFB04B9F2369809300C0D4AE /* PBXTargetDependency */,
			);
			name = Lab06_2Tests;
			productName = Lab06_2Tests;
			productReference = DFB04B9D2369809300C0D4AE /* Lab06_2Tests.xctest */;
			productType = "com.apple.product-type.bundle.unit-test";
		};
		DFB04BA72369809300C0D4AE /* Lab06_2UITests */ = {
			isa = PBXNativeTarget;
			buildConfigurationList = DFB04BB72369809300C0D4AE /* Build configuration list for PBXNativeTarget "Lab06_2UITests" */;
			buildPhases = (
				DFB04BA42369809300C0D4AE /* Sources */,
				DFB04BA52369809300C0D4AE /* Frameworks */,
				DFB04BA62369809300C0D4AE /* Resources */,
			);
			buildRules = (
			);
			dependencies = (
				DFB04BAA2369809300C0D4AE /* PBXTargetDependency */,
			);
			name = Lab06_2UITests;
			productName = Lab06_2UITests;
			productReference = DFB04BA82369809300C0D4AE /* Lab06_2UITests.xctest */;
			productType = "com.apple.product-type.bundle.ui-testing";
		};
/* End PBXNativeTarget section */

/* Begin PBXProject section */
		DFB04B812369809100C0D4AE /* Project object */ = {
			isa = PBXProject;
			attributes = {
				LastSwiftUpdateCheck = 0940;
				LastUpgradeCheck = 0940;
				ORGANIZATIONNAME = 20145184;
				TargetAttributes = {
					DFB04B882369809100C0D4AE = {
						CreatedOnToolsVersion = 9.4.1;
					};
					DFB04B9C2369809300C0D4AE = {
						CreatedOnToolsVersion = 9.4.1;
						TestTargetID = DFB04B882369809100C0D4AE;
					};
					DFB04BA72369809300C0D4AE = {
						CreatedOnToolsVersion = 9.4.1;
						TestTargetID = DFB04B882369809100C0D4AE;
					};
				};
			};
			buildConfigurationList = DFB04B842369809100C0D4AE /* Build configuration list for PBXProject "Lab06_2" */;
			compatibilityVersion = "Xcode 9.3";
			developmentRegion = en;
			hasScannedForEncodings = 0;
			knownRegions = (
				en,
				Base,
			);
			mainGroup = DFB04B802369809100C0D4AE;
			productRefGroup = DFB04B8A2369809100C0D4AE /* Products */;
			projectDirPath = "";
			projectRoot = "";
			targets = (
				DFB04B882369809100C0D4AE /* Lab06_2 */,
				DFB04B9C2369809300C0D4AE /* Lab06_2Tests */,
				DFB04BA72369809300C0D4AE /* Lab06_2UITests */,
			);
		};
/* End PBXProject section */

/* Begin PBXResourcesBuildPhase section */
		DFB04B872369809100C0D4AE /* Resources */ = {
			isa = PBXResourcesBuildPhase;
			buildActionMask = 2147483647;
			files = (
				DFB04B972369809300C0D4AE /* LaunchScreen.storyboard in Resources */,
				DFB04B942369809300C0D4AE /* Assets.xcassets in Resources */,
				DFB04B922369809100C0D4AE /* Main.storyboard in Resources */,
			);
			runOnlyForDeploymentPostprocessing = 0;
		};
		DFB04B9B2369809300C0D4AE /* Resources */ = {
			isa = PBXResourcesBuildPhase;
			buildActionMask = 2147483647;
			files = (
			);
			runOnlyForDeploymentPostprocessing = 0;
		};
		DFB04BA62369809300C0D4AE /* Resources */ = {
			isa = PBXResourcesBuildPhase;
			buildActionMask = 2147483647;
			files = (
			);
			runOnlyForDeploymentPostprocessing = 0;
		};
/* End PBXResourcesBuildPhase section */

/* Begin PBXSourcesBuildPhase section */
		DFB04B852369809100C0D4AE /* Sources */ = {
			isa = PBXSourcesBuildPhase;
			buildActionMask = 2147483647;
			files = (
				DFB04B8F2369809100C0D4AE /* ViewController.swift in Sources */,
				DFB04B8D2369809100C0D4AE /* AppDelegate.swift in Sources */,
			);
			runOnlyForDeploymentPostprocessing = 0;
		};
		DFB04B992369809300C0D4AE /* Sources */ = {
			isa = PBXSourcesBuildPhase;
			buildActionMask = 2147483647;
			files = (
				DFB04BA22369809300C0D4AE /* Lab06_2Tests.swift in Sources */,
			);
			runOnlyForDeploymentPostprocessing = 0;
		};
		DFB04BA42369809300C0D4AE /* Sources */ = {
			isa = PBXSourcesBuildPhase;
			buildActionMask = 2147483647;
			files = (
				DFB04BAD2369809300C0D4AE /* Lab06_2UITests.swift in Sources */,
			);
			runOnlyForDeploymentPostprocessing = 0;
		};
/* End PBXSourcesBuildPhase section */

/* Begin PBXTargetDependency section */
		DFB04B9F2369809300C0D4AE /* PBXTargetDependency */ = {
			isa = PBXTargetDependency;
			target = DFB04B882369809100C0D4AE /* Lab06_2 */;
			targetProxy = DFB04B9E2369809300C0D4AE /* PBXContainerItemProxy */;
		};
		DFB04BAA2369809300C0D4AE /* PBXTargetDependency */ = {
			isa = PBXTargetDependency;
			target = DFB04B882369809100C0D4AE /* Lab06_2 */;
			targetProxy = DFB04BA92369809300C0D4AE /* PBXContainerItemProxy */;
		};
/* End PBXTargetDependency section */

/* Begin PBXVariantGroup section */
		DFB04B902369809100C0D4AE /* Main.storyboard */ = {
			isa = PBXVariantGroup;
			children = (
				DFB04B912369809100C0D4AE /* Base */,
			);
			name = Main.storyboard;
			sourceTree = "<group>";
		};
		DFB04B952369809300C0D4AE /* LaunchScreen.storyboard */ = {
			isa = PBXVariantGroup;
			children = (
				DFB04B962369809300C0D4AE /* Base */,
			);
			name = LaunchScreen.storyboard;
			sourceTree = "<group>";
		};
/* End PBXVariantGroup section */

/* Begin XCBuildConfiguration section */
		DFB04BAF2369809300C0D4AE /* Debug */ = {
			isa = XCBuildConfiguration;
			buildSettings = {
				ALWAYS_SEARCH_USER_PATHS = NO;
				CLANG_ANALYZER_NONNULL = YES;
				CLANG_ANALYZER_NUMBER_OBJECT_CONVERSION = YES_AGGRESSIVE;
				CLANG_CXX_LANGUAGE_STANDARD = "gnu++14";
				CLANG_CXX_LIBRARY = "libc++";
				CLANG_ENABLE_MODULES = YES;
				CLANG_ENABLE_OBJC_ARC = YES;
				CLANG_ENABLE_OBJC_WEAK = YES;
				CLANG_WARN_BLOCK_CAPTURE_AUTORELEASING = YES;
				CLANG_WARN_BOOL_CONVERSION = YES;
				CLANG_WARN_COMMA = YES;
				CLANG_WARN_CONSTANT_CONVERSION = YES;
				CLANG_WARN_DEPRECATED_OBJC_IMPLEMENTATIONS = YES;
				CLANG_WARN_DIRECT_OBJC_ISA_USAGE = YES_ERROR;
				CLANG_WARN_DOCUMENTATION_COMMENTS = YES;
				CLANG_WARN_EMPTY_BODY = YES;
				CLANG_WARN_ENUM_CONVERSION = YES;
				CLANG_WARN_INFINITE_RECURSION = YES;
				CLANG_WARN_INT_CONVERSION = YES;
				CLANG_WARN_NON_LITERAL_NULL_CONVERSION = YES;
				CLANG_WARN_OBJC_IMPLICIT_RETAIN_SELF = YES;
				CLANG_WARN_OBJC_LITERAL_CONVERSION = YES;
				CLANG_WARN_OBJC_ROOT_CLASS = YES_ERROR;
				CLANG_WARN_RANGE_LOOP_ANALYSIS = YES;
				CLANG_WARN_STRICT_PROTOTYPES = YES;
				CLANG_WARN_SUSPICIOUS_MOVE = YES;
				CLANG_WARN_UNGUARDED_AVAILABILITY = YES_AGGRESSIVE;
				CLANG_WARN_UNREACHABLE_CODE = YES;
				CLANG_WARN__DUPLICATE_METHOD_MATCH = YES;
				CODE_SIGN_IDENTITY = "iPhone Developer";
				COPY_PHASE_STRIP = NO;
				DEBUG_INFORMATION_FORMAT = dwarf;
				ENABLE_STRICT_OBJC_MSGSEND = YES;
				ENABLE_TESTABILITY = YES;
				GCC_C_LANGUAGE_STANDARD = gnu11;
				GCC_DYNAMIC_NO_PIC = NO;
				GCC_NO_COMMON_BLOCKS = YES;
				GCC_OPTIMIZATION_LEVEL = 0;
				GCC_PREPROCESSOR_DEFINITIONS = (
					"DEBUG=1",
					"$(inherited)",
				);
				GCC_WARN_64_TO_32_BIT_CONVERSION = YES;
				GCC_WARN_ABOUT_RETURN_TYPE = YES_ERROR;
				GCC_WARN_UNDECLARED_SELECTOR = YES;
				GCC_WARN_UNINITIALIZED_AUTOS = YES_AGGRESSIVE;
				GCC_WARN_UNUSED_FUNCTION = YES;
				GCC_WARN_UNUSED_VARIABLE = YES;
				IPHONEOS_DEPLOYMENT_TARGET = 11.4;
				MTL_ENABLE_DEBUG_INFO = YES;
				ONLY_ACTIVE_ARCH = YES;
				SDKROOT = iphoneos;
				SWIFT_ACTIVE_COMPILATION_CONDITIONS = DEBUG;
				SWIFT_OPTIMIZATION_LEVEL = "-Onone";
			};
			name = Debug;
		};
		DFB04BB02369809300C0D4AE /* Release */ = {
			isa = XCBuildConfiguration;
			buildSettings = {
				ALWAYS_SEARCH_USER_PATHS = NO;
				CLANG_ANALYZER_NONNULL = YES;
				CLANG_ANALYZER_NUMBER_OBJECT_CONVERSION = YES_AGGRESSIVE;
				CLANG_CXX_LANGUAGE_STANDARD = "gnu++14";
				CLANG_CXX_LIBRARY = "libc++";
				CLANG_ENABLE_MODULES = YES;
				CLANG_ENABLE_OBJC_ARC = YES;
				CLANG_ENABLE_OBJC_WEAK = YES;
				CLANG_WARN_BLOCK_CAPTURE_AUTORELEASING = YES;
				CLANG_WARN_BOOL_CONVERSION = YES;
				CLANG_WARN_COMMA = YES;
				CLANG_WARN_CONSTANT_CONVERSION = YES;
				CLANG_WARN_DEPRECATED_OBJC_IMPLEMENTATIONS = YES;
				CLANG_WARN_DIRECT_OBJC_ISA_USAGE = YES_ERROR;
				CLANG_WARN_DOCUMENTATION_COMMENTS = YES;
				CLANG_WARN_EMPTY_BODY = YES;
				CLANG_WARN_ENUM_CONVERSION = YES;
				CLANG_WARN_INFINITE_RECURSION = YES;
				CLANG_WARN_INT_CONVERSION = YES;
				CLANG_WARN_NON_LITERAL_NULL_CONVERSION = YES;
				CLANG_WARN_OBJC_IMPLICIT_RETAIN_SELF = YES;
				CLANG_WARN_OBJC_LITERAL_CONVERSION = YES;
				CLANG_WARN_OBJC_ROOT_CLASS = YES_ERROR;
				CLANG_WARN_RANGE_LOOP_ANALYSIS = YES;
				CLANG_WARN_STRICT_PROTOTYPES = YES;
				CLANG_WARN_SUSPICIOUS_MOVE = YES;
				CLANG_WARN_UNGUARDED_AVAILABILITY = YES_AGGRESSIVE;
				CLANG_WARN_UNREACHABLE_CODE = YES;
				CLANG_WARN__DUPLICATE_METHOD_MATCH = YES;
				CODE_SIGN_IDENTITY = "iPhone Developer";
				COPY_PHASE_STRIP = NO;
				DEBUG_INFORMATION_FORMAT = "dwarf-with-dsym";
				ENABLE_NS_ASSERTIONS = NO;
				ENABLE_STRICT_OBJC_MSGSEND = YES;
				GCC_C_LANGUAGE_STANDARD = gnu11;
				GCC_NO_COMMON_BLOCKS = YES;
				GCC_WARN_64_TO_32_BIT_CONVERSION = YES;
				GCC_WARN_ABOUT_RETURN_TYPE = YES_ERROR;
				GCC_WARN_UNDECLARED_SELECTOR = YES;
				GCC_WARN_UNINITIALIZED_AUTOS = YES_AGGRESSIVE;
				GCC_WARN_UNUSED_FUNCTION = YES;
				GCC_WARN_UNUSED_VARIABLE = YES;
				IPHONEOS_DEPLOYMENT_TARGET = 11.4;
				MTL_ENABLE_DEBUG_INFO = NO;
				SDKROOT = iphoneos;
				SWIFT_COMPILATION_MODE = wholemodule;
				SWIFT_OPTIMIZATION_LEVEL = "-O";
				VALIDATE_PRODUCT = YES;
			};
			name = Release;
		};
		DFB04BB22369809300C0D4AE /* Debug */ = {
			isa = XCBuildConfiguration;
			buildSettings = {
				ASSETCATALOG_COMPILER_APPICON_NAME = AppIcon;
				CODE_SIGN_STYLE = Automatic;
				INFOPLIST_FILE = Lab06_2/Info.plist;
				LD_RUNPATH_SEARCH_PATHS = (
					"$(inherited)",
					"@executable_path/Frameworks",
				);
				PRODUCT_BUNDLE_IDENTIFIER = "-0145184.Lab06-2";
				PRODUCT_NAME = "$(TARGET_NAME)";
				SWIFT_VERSION = 4.0;
				TARGETED_DEVICE_FAMILY = "1,2";
			};
			name = Debug;
		};
		DFB04BB32369809300C0D4AE /* Release */ = {
			isa = XCBuildConfiguration;
			buildSettings = {
				ASSETCATALOG_COMPILER_APPICON_NAME = AppIcon;
				CODE_SIGN_STYLE = Automatic;
				INFOPLIST_FILE = Lab06_2/Info.plist;
				LD_RUNPATH_SEARCH_PATHS = (
					"$(inherited)",
					"@executable_path/Frameworks",
				);
				PRODUCT_BUNDLE_IDENTIFIER = "-0145184.Lab06-2";
				PRODUCT_NAME = "$(TARGET_NAME)";
				SWIFT_VERSION = 4.0;
				TARGETED_DEVICE_FAMILY = "1,2";
			};
			name = Release;
		};
		DFB04BB52369809300C0D4AE /* Debug */ = {
			isa = XCBuildConfiguration;
			buildSettings = {
				ALWAYS_EMBED_SWIFT_STANDARD_LIBRARIES = YES;
				BUNDLE_LOADER = "$(TEST_HOST)";
				CODE_SIGN_STYLE = Automatic;
				INFOPLIST_FILE = Lab06_2Tests/Info.plist;
				LD_RUNPATH_SEARCH_PATHS = (
					"$(inherited)",
					"@executable_path/Frameworks",
					"@loader_path/Frameworks",
				);
				PRODUCT_BUNDLE_IDENTIFIER = "-0145184.Lab06-2Tests";
				PRODUCT_NAME = "$(TARGET_NAME)";
				SWIFT_VERSION = 4.0;
				TARGETED_DEVICE_FAMILY = "1,2";
				TEST_HOST = "$(BUILT_PRODUCTS_DIR)/Lab06_2.app/Lab06_2";
			};
			name = Debug;
		};
		DFB04BB62369809300C0D4AE /* Release */ = {
			isa = XCBuildConfiguration;
			buildSettings = {
				ALWAYS_EMBED_SWIFT_STANDARD_LIBRARIES = YES;
				BUNDLE_LOADER = "$(TEST_HOST)";
				CODE_SIGN_STYLE = Automatic;
				INFOPLIST_FILE = Lab06_2Tests/Info.plist;
				LD_RUNPATH_SEARCH_PATHS = (
					"$(inherited)",
					"@executable_path/Frameworks",
					"@loader_path/Frameworks",
				);
				PRODUCT_BUNDLE_IDENTIFIER = "-0145184.Lab06-2Tests";
				PRODUCT_NAME = "$(TARGET_NAME)";
				SWIFT_VERSION = 4.0;
				TARGETED_DEVICE_FAMILY = "1,2";
				TEST_HOST = "$(BUILT_PRODUCTS_DIR)/Lab06_2.app/Lab06_2";
			};
			name = Release;
		};
		DFB04BB82369809300C0D4AE /* Debug */ = {
			isa = XCBuildConfiguration;
			buildSettings = {
				ALWAYS_EMBED_SWIFT_STANDARD_LIBRARIES = YES;
				CODE_SIGN_STYLE = Automatic;
				INFOPLIST_FILE = Lab06_2UITests/Info.plist;
				LD_RUNPATH_SEARCH_PATHS = (
					"$(inherited)",
					"@executable_path/Frameworks",
					"@loader_path/Frameworks",
				);
				PRODUCT_BUNDLE_IDENTIFIER = "-0145184.Lab06-2UITests";
				PRODUCT_NAME = "$(TARGET_NAME)";
				SWIFT_VERSION = 4.0;
				TARGETED_DEVICE_FAMILY = "1,2";
				TEST_TARGET_NAME = Lab06_2;
			};
			name = Debug;
		};
		DFB04BB92369809300C0D4AE /* Release */ = {
			isa = XCBuildConfiguration;
			buildSettings = {
				ALWAYS_EMBED_SWIFT_STANDARD_LIBRARIES = YES;
				CODE_SIGN_STYLE = Automatic;
				INFOPLIST_FILE = Lab06_2UITests/Info.plist;
				LD_RUNPATH_SEARCH_PATHS = (
					"$(inherited)",
					"@executable_path/Frameworks",
					"@loader_path/Frameworks",
				);
				PRODUCT_BUNDLE_IDENTIFIER = "-0145184.Lab06-2UITests";
				PRODUCT_NAME = "$(TARGET_NAME)";
				SWIFT_VERSION = 4.0;
				TARGETED_DEVICE_FAMILY = "1,2";
				TEST_TARGET_NAME = Lab06_2;
			};
			name = Release;
		};
/* End XCBuildConfiguration section */

/* Begin XCConfigurationList section */
		DFB04B842369809100C0D4AE /* Build configuration list for PBXProject "Lab06_2" */ = {
			isa = XCConfigurationList;
			buildConfigurations = (
				DFB04BAF2369809300C0D4AE /* Debug */,
				DFB04BB02369809300C0D4AE /* Release */,
			);
			defaultConfigurationIsVisible = 0;
			defaultConfigurationName = Release;
		};
		DFB04BB12369809300C0D4AE /* Build configuration list for PBXNativeTarget "Lab06_2" */ = {
			isa = XCConfigurationList;
			buildConfigurations = (
				DFB04BB22369809300C0D4AE /* Debug */,
				DFB04BB32369809300C0D4AE /* Release */,
			);
			defaultConfigurationIsVisible = 0;
			defaultConfigurationName = Release;
		};
		DFB04BB42369809300C0D4AE /* Build configuration list for PBXNativeTarget "Lab06_2Tests" */ = {
			isa = XCConfigurationList;
			buildConfigurations = (
				DFB04BB52369809300C0D4AE /* Debug */,
				DFB04BB62369809300C0D4AE /* Release */,
			);
			defaultConfigurationIsVisible = 0;
			defaultConfigurationName = Release;
		};
		DFB04BB72369809300C0D4AE /* Build configuration list for PBXNativeTarget "Lab06_2UITests" */ = {
			isa = XCConfigurationList;
			buildConfigurations = (
				DFB04BB82369809300C0D4AE /* Debug */,
				DFB04BB92369809300C0D4AE /* Release */,
			);
			defaultConfigurationIsVisible = 0;
			defaultConfigurationName = Release;
		};
/* End XCConfigurationList section */
	};
	rootObject = DFB04B812369809100C0D4AE /* Project object */;
}
