// !$*UTF8*$!
{
	archiveVersion = 1;
	classes = {
	};
	objectVersion = 50;
	objects = {

/* Begin PBXBuildFile section */
		DF4D3483235EFB1200076172 /* AppDelegate.swift in Sources */ = {isa = PBXBuildFile; fileRef = DF4D3482235EFB1200076172 /* AppDelegate.swift */; };
		DF4D3485235EFB1200076172 /* ViewController.swift in Sources */ = {isa = PBXBuildFile; fileRef = DF4D3484235EFB1200076172 /* ViewController.swift */; };
		DF4D3488235EFB1200076172 /* Main.storyboard in Resources */ = {isa = PBXBuildFile; fileRef = DF4D3486235EFB1200076172 /* Main.storyboard */; };
		DF4D348A235EFB1400076172 /* Assets.xcassets in Resources */ = {isa = PBXBuildFile; fileRef = DF4D3489235EFB1400076172 /* Assets.xcassets */; };
		DF4D348D235EFB1400076172 /* LaunchScreen.storyboard in Resources */ = {isa = PBXBuildFile; fileRef = DF4D348B235EFB1400076172 /* LaunchScreen.storyboard */; };
		DF4D3498235EFB1400076172 /* Lab05_VideoTests.swift in Sources */ = {isa = PBXBuildFile; fileRef = DF4D3497235EFB1400076172 /* Lab05_VideoTests.swift */; };
		DF4D34A3235EFB1400076172 /* Lab05_VideoUITests.swift in Sources */ = {isa = PBXBuildFile; fileRef = DF4D34A2235EFB1400076172 /* Lab05_VideoUITests.swift */; };
		DF4D34B3235F065000076172 /* a.mp4 in Resources */ = {isa = PBXBuildFile; fileRef = DF4D34B2235F065000076172 /* a.mp4 */; };
/* End PBXBuildFile section */

/* Begin PBXContainerItemProxy section */
		DF4D3494235EFB1400076172 /* PBXContainerItemProxy */ = {
			isa = PBXContainerItemProxy;
			containerPortal = DF4D3477235EFB1200076172 /* Project object */;
			proxyType = 1;
			remoteGlobalIDString = DF4D347E235EFB1200076172;
			remoteInfo = Lab05_Video;
		};
		DF4D349F235EFB1400076172 /* PBXContainerItemProxy */ = {
			isa = PBXContainerItemProxy;
			containerPortal = DF4D3477235EFB1200076172 /* Project object */;
			proxyType = 1;
			remoteGlobalIDString = DF4D347E235EFB1200076172;
			remoteInfo = Lab05_Video;
		};
/* End PBXContainerItemProxy section */

/* Begin PBXFileReference section */
		DF4D347F235EFB1200076172 /* Lab05_Video.app */ = {isa = PBXFileReference; explicitFileType = wrapper.application; includeInIndex = 0; path = Lab05_Video.app; sourceTree = BUILT_PRODUCTS_DIR; };
		DF4D3482235EFB1200076172 /* AppDelegate.swift */ = {isa = PBXFileReference; lastKnownFileType = sourcecode.swift; path = AppDelegate.swift; sourceTree = "<group>"; };
		DF4D3484235EFB1200076172 /* ViewController.swift */ = {isa = PBXFileReference; lastKnownFileType = sourcecode.swift; path = ViewController.swift; sourceTree = "<group>"; };
		DF4D3487235EFB1200076172 /* Base */ = {isa = PBXFileReference; lastKnownFileType = file.storyboard; name = Base; path = Base.lproj/Main.storyboard; sourceTree = "<group>"; };
		DF4D3489235EFB1400076172 /* Assets.xcassets */ = {isa = PBXFileReference; lastKnownFileType = folder.assetcatalog; path = Assets.xcassets; sourceTree = "<group>"; };
		DF4D348C235EFB1400076172 /* Base */ = {isa = PBXFileReference; lastKnownFileType = file.storyboard; name = Base; path = Base.lproj/LaunchScreen.storyboard; sourceTree = "<group>"; };
		DF4D348E235EFB1400076172 /* Info.plist */ = {isa = PBXFileReference; lastKnownFileType = text.plist.xml; path = Info.plist; sourceTree = "<group>"; };
		DF4D3493235EFB1400076172 /* Lab05_VideoTests.xctest */ = {isa = PBXFileReference; explicitFileType = wrapper.cfbundle; includeInIndex = 0; path = Lab05_VideoTests.xctest; sourceTree = BUILT_PRODUCTS_DIR; };
		DF4D3497235EFB1400076172 /* Lab05_VideoTests.swift */ = {isa = PBXFileReference; lastKnownFileType = sourcecode.swift; path = Lab05_VideoTests.swift; sourceTree = "<group>"; };
		DF4D3499235EFB1400076172 /* Info.plist */ = {isa = PBXFileReference; lastKnownFileType = text.plist.xml; path = Info.plist; sourceTree = "<group>"; };
		DF4D349E235EFB1400076172 /* Lab05_VideoUITests.xctest */ = {isa = PBXFileReference; explicitFileType = wrapper.cfbundle; includeInIndex = 0; path = Lab05_VideoUITests.xctest; sourceTree = BUILT_PRODUCTS_DIR; };
		DF4D34A2235EFB1400076172 /* Lab05_VideoUITests.swift */ = {isa = PBXFileReference; lastKnownFileType = sourcecode.swift; path = Lab05_VideoUITests.swift; sourceTree = "<group>"; };
		DF4D34A4235EFB1400076172 /* Info.plist */ = {isa = PBXFileReference; lastKnownFileType = text.plist.xml; path = Info.plist; sourceTree = "<group>"; };
		DF4D34B2235F065000076172 /* a.mp4 */ = {isa = PBXFileReference; lastKnownFileType = file; path = a.mp4; sourceTree = "<group>"; };
/* End PBXFileReference section */

/* Begin PBXFrameworksBuildPhase section */
		DF4D347C235EFB1200076172 /* Frameworks */ = {
			isa = PBXFrameworksBuildPhase;
			buildActionMask = 2147483647;
			files = (
			);
			runOnlyForDeploymentPostprocessing = 0;
		};
		DF4D3490235EFB1400076172 /* Frameworks */ = {
			isa = PBXFrameworksBuildPhase;
			buildActionMask = 2147483647;
			files = (
			);
			runOnlyForDeploymentPostprocessing = 0;
		};
		DF4D349B235EFB1400076172 /* Frameworks */ = {
			isa = PBXFrameworksBuildPhase;
			buildActionMask = 2147483647;
			files = (
			);
			runOnlyForDeploymentPostprocessing = 0;
		};
/* End PBXFrameworksBuildPhase section */

/* Begin PBXGroup section */
		DF4D3476235EFB1200076172 = {
			isa = PBXGroup;
			children = (
				DF4D3481235EFB1200076172 /* Lab05_Video */,
				DF4D3496235EFB1400076172 /* Lab05_VideoTests */,
				DF4D34A1235EFB1400076172 /* Lab05_VideoUITests */,
				DF4D3480235EFB1200076172 /* Products */,
			);
			sourceTree = "<group>";
		};
		DF4D3480235EFB1200076172 /* Products */ = {
			isa = PBXGroup;
			children = (
				DF4D347F235EFB1200076172 /* Lab05_Video.app */,
				DF4D3493235EFB1400076172 /* Lab05_VideoTests.xctest */,
				DF4D349E235EFB1400076172 /* Lab05_VideoUITests.xctest */,
			);
			name = Products;
			sourceTree = "<group>";
		};
		DF4D3481235EFB1200076172 /* Lab05_Video */ = {
			isa = PBXGroup;
			children = (
				DF4D34B2235F065000076172 /* a.mp4 */,
				DF4D3482235EFB1200076172 /* AppDelegate.swift */,
				DF4D3484235EFB1200076172 /* ViewController.swift */,
				DF4D3486235EFB1200076172 /* Main.storyboard */,
				DF4D3489235EFB1400076172 /* Assets.xcassets */,
				DF4D348B235EFB1400076172 /* LaunchScreen.storyboard */,
				DF4D348E235EFB1400076172 /* Info.plist */,
			);
			path = Lab05_Video;
			sourceTree = "<group>";
		};
		DF4D3496235EFB1400076172 /* Lab05_VideoTests */ = {
			isa = PBXGroup;
			children = (
				DF4D3497235EFB1400076172 /* Lab05_VideoTests.swift */,
				DF4D3499235EFB1400076172 /* Info.plist */,
			);
			path = Lab05_VideoTests;
			sourceTree = "<group>";
		};
		DF4D34A1235EFB1400076172 /* Lab05_VideoUITests */ = {
			isa = PBXGroup;
			children = (
				DF4D34A2235EFB1400076172 /* Lab05_VideoUITests.swift */,
				DF4D34A4235EFB1400076172 /* Info.plist */,
			);
			path = Lab05_VideoUITests;
			sourceTree = "<group>";
		};
/* End PBXGroup section */

/* Begin PBXNativeTarget section */
		DF4D347E235EFB1200076172 /* Lab05_Video */ = {
			isa = PBXNativeTarget;
			buildConfigurationList = DF4D34A7235EFB1400076172 /* Build configuration list for PBXNativeTarget "Lab05_Video" */;
			buildPhases = (
				DF4D347B235EFB1200076172 /* Sources */,
				DF4D347C235EFB1200076172 /* Frameworks */,
				DF4D347D235EFB1200076172 /* Resources */,
			);
			buildRules = (
			);
			dependencies = (
			);
			name = Lab05_Video;
			productName = Lab05_Video;
			productReference = DF4D347F235EFB1200076172 /* Lab05_Video.app */;
			productType = "com.apple.product-type.application";
		};
		DF4D3492235EFB1400076172 /* Lab05_VideoTests */ = {
			isa = PBXNativeTarget;
			buildConfigurationList = DF4D34AA235EFB1400076172 /* Build configuration list for PBXNativeTarget "Lab05_VideoTests" */;
			buildPhases = (
				DF4D348F235EFB1400076172 /* Sources */,
				DF4D3490235EFB1400076172 /* Frameworks */,
				DF4D3491235EFB1400076172 /* Resources */,
			);
			buildRules = (
			);
			dependencies = (
				DF4D3495235EFB1400076172 /* PBXTargetDependency */,
			);
			name = Lab05_VideoTests;
			productName = Lab05_VideoTests;
			productReference = DF4D3493235EFB1400076172 /* Lab05_VideoTests.xctest */;
			productType = "com.apple.product-type.bundle.unit-test";
		};
		DF4D349D235EFB1400076172 /* Lab05_VideoUITests */ = {
			isa = PBXNativeTarget;
			buildConfigurationList = DF4D34AD235EFB1400076172 /* Build configuration list for PBXNativeTarget "Lab05_VideoUITests" */;
			buildPhases = (
				DF4D349A235EFB1400076172 /* Sources */,
				DF4D349B235EFB1400076172 /* Frameworks */,
				DF4D349C235EFB1400076172 /* Resources */,
			);
			buildRules = (
			);
			dependencies = (
				DF4D34A0235EFB1400076172 /* PBXTargetDependency */,
			);
			name = Lab05_VideoUITests;
			productName = Lab05_VideoUITests;
			productReference = DF4D349E235EFB1400076172 /* Lab05_VideoUITests.xctest */;
			productType = "com.apple.product-type.bundle.ui-testing";
		};
/* End PBXNativeTarget section */

/* Begin PBXProject section */
		DF4D3477235EFB1200076172 /* Project object */ = {
			isa = PBXProject;
			attributes = {
				LastSwiftUpdateCheck = 0940;
				LastUpgradeCheck = 0940;
				ORGANIZATIONNAME = 20145184;
				TargetAttributes = {
					DF4D347E235EFB1200076172 = {
						CreatedOnToolsVersion = 9.4.1;
					};
					DF4D3492235EFB1400076172 = {
						CreatedOnToolsVersion = 9.4.1;
						TestTargetID = DF4D347E235EFB1200076172;
					};
					DF4D349D235EFB1400076172 = {
						CreatedOnToolsVersion = 9.4.1;
						TestTargetID = DF4D347E235EFB1200076172;
					};
				};
			};
			buildConfigurationList = DF4D347A235EFB1200076172 /* Build configuration list for PBXProject "Lab05_Video" */;
			compatibilityVersion = "Xcode 9.3";
			developmentRegion = en;
			hasScannedForEncodings = 0;
			knownRegions = (
				en,
				Base,
			);
			mainGroup = DF4D3476235EFB1200076172;
			productRefGroup = DF4D3480235EFB1200076172 /* Products */;
			projectDirPath = "";
			projectRoot = "";
			targets = (
				DF4D347E235EFB1200076172 /* Lab05_Video */,
				DF4D3492235EFB1400076172 /* Lab05_VideoTests */,
				DF4D349D235EFB1400076172 /* Lab05_VideoUITests */,
			);
		};
/* End PBXProject section */

/* Begin PBXResourcesBuildPhase section */
		DF4D347D235EFB1200076172 /* Resources */ = {
			isa = PBXResourcesBuildPhase;
			buildActionMask = 2147483647;
			files = (
				DF4D348D235EFB1400076172 /* LaunchScreen.storyboard in Resources */,
				DF4D34B3235F065000076172 /* a.mp4 in Resources */,
				DF4D348A235EFB1400076172 /* Assets.xcassets in Resources */,
				DF4D3488235EFB1200076172 /* Main.storyboard in Resources */,
			);
			runOnlyForDeploymentPostprocessing = 0;
		};
		DF4D3491235EFB1400076172 /* Resources */ = {
			isa = PBXResourcesBuildPhase;
			buildActionMask = 2147483647;
			files = (
			);
			runOnlyForDeploymentPostprocessing = 0;
		};
		DF4D349C235EFB1400076172 /* Resources */ = {
			isa = PBXResourcesBuildPhase;
			buildActionMask = 2147483647;
			files = (
			);
			runOnlyForDeploymentPostprocessing = 0;
		};
/* End PBXResourcesBuildPhase section */

/* Begin PBXSourcesBuildPhase section */
		DF4D347B235EFB1200076172 /* Sources */ = {
			isa = PBXSourcesBuildPhase;
			buildActionMask = 2147483647;
			files = (
				DF4D3485235EFB1200076172 /* ViewController.swift in Sources */,
				DF4D3483235EFB1200076172 /* AppDelegate.swift in Sources */,
			);
			runOnlyForDeploymentPostprocessing = 0;
		};
		DF4D348F235EFB1400076172 /* Sources */ = {
			isa = PBXSourcesBuildPhase;
			buildActionMask = 2147483647;
			files = (
				DF4D3498235EFB1400076172 /* Lab05_VideoTests.swift in Sources */,
			);
			runOnlyForDeploymentPostprocessing = 0;
		};
		DF4D349A235EFB1400076172 /* Sources */ = {
			isa = PBXSourcesBuildPhase;
			buildActionMask = 2147483647;
			files = (
				DF4D34A3235EFB1400076172 /* Lab05_VideoUITests.swift in Sources */,
			);
			runOnlyForDeploymentPostprocessing = 0;
		};
/* End PBXSourcesBuildPhase section */

/* Begin PBXTargetDependency section */
		DF4D3495235EFB1400076172 /* PBXTargetDependency */ = {
			isa = PBXTargetDependency;
			target = DF4D347E235EFB1200076172 /* Lab05_Video */;
			targetProxy = DF4D3494235EFB1400076172 /* PBXContainerItemProxy */;
		};
		DF4D34A0235EFB1400076172 /* PBXTargetDependency */ = {
			isa = PBXTargetDependency;
			target = DF4D347E235EFB1200076172 /* Lab05_Video */;
			targetProxy = DF4D349F235EFB1400076172 /* PBXContainerItemProxy */;
		};
/* End PBXTargetDependency section */

/* Begin PBXVariantGroup section */
		DF4D3486235EFB1200076172 /* Main.storyboard */ = {
			isa = PBXVariantGroup;
			children = (
				DF4D3487235EFB1200076172 /* Base */,
			);
			name = Main.storyboard;
			sourceTree = "<group>";
		};
		DF4D348B235EFB1400076172 /* LaunchScreen.storyboard */ = {
			isa = PBXVariantGroup;
			children = (
				DF4D348C235EFB1400076172 /* Base */,
			);
			name = LaunchScreen.storyboard;
			sourceTree = "<group>";
		};
/* End PBXVariantGroup section */

/* Begin XCBuildConfiguration section */
		DF4D34A5235EFB1400076172 /* Debug */ = {
			isa = XCBuildConfiguration;
			buildSettings = {
				ALWAYS_SEARCH_USER_PATHS = NO;
				CLANG_ANALYZER_NONNULL = YES;
				CLANG_ANALYZER_NUMBER_OBJECT_CONVERSION = YES_AGGRESSIVE;
				CLANG_CXX_LANGUAGE_STANDARD = "gnu++14";
				CLANG_CXX_LIBRARY = "libc++";
				CLANG_ENABLE_MODULES = YES;
				CLANG_ENABLE_OBJC_ARC = YES;
				CLANG_ENABLE_OBJC_WEAK = YES;
				CLANG_WARN_BLOCK_CAPTURE_AUTORELEASING = YES;
				CLANG_WARN_BOOL_CONVERSION = YES;
				CLANG_WARN_COMMA = YES;
				CLANG_WARN_CONSTANT_CONVERSION = YES;
				CLANG_WARN_DEPRECATED_OBJC_IMPLEMENTATIONS = YES;
				CLANG_WARN_DIRECT_OBJC_ISA_USAGE = YES_ERROR;
				CLANG_WARN_DOCUMENTATION_COMMENTS = YES;
				CLANG_WARN_EMPTY_BODY = YES;
				CLANG_WARN_ENUM_CONVERSION = YES;
				CLANG_WARN_INFINITE_RECURSION = YES;
				CLANG_WARN_INT_CONVERSION = YES;
				CLANG_WARN_NON_LITERAL_NULL_CONVERSION = YES;
				CLANG_WARN_OBJC_IMPLICIT_RETAIN_SELF = YES;
				CLANG_WARN_OBJC_LITERAL_CONVERSION = YES;
				CLANG_WARN_OBJC_ROOT_CLASS = YES_ERROR;
				CLANG_WARN_RANGE_LOOP_ANALYSIS = YES;
				CLANG_WARN_STRICT_PROTOTYPES = YES;
				CLANG_WARN_SUSPICIOUS_MOVE = YES;
				CLANG_WARN_UNGUARDED_AVAILABILITY = YES_AGGRESSIVE;
				CLANG_WARN_UNREACHABLE_CODE = YES;
				CLANG_WARN__DUPLICATE_METHOD_MATCH = YES;
				CODE_SIGN_IDENTITY = "iPhone Developer";
				COPY_PHASE_STRIP = NO;
				DEBUG_INFORMATION_FORMAT = dwarf;
				ENABLE_STRICT_OBJC_MSGSEND = YES;
				ENABLE_TESTABILITY = YES;
				GCC_C_LANGUAGE_STANDARD = gnu11;
				GCC_DYNAMIC_NO_PIC = NO;
				GCC_NO_COMMON_BLOCKS = YES;
				GCC_OPTIMIZATION_LEVEL = 0;
				GCC_PREPROCESSOR_DEFINITIONS = (
					"DEBUG=1",
					"$(inherited)",
				);
				GCC_WARN_64_TO_32_BIT_CONVERSION = YES;
				GCC_WARN_ABOUT_RETURN_TYPE = YES_ERROR;
				GCC_WARN_UNDECLARED_SELECTOR = YES;
				GCC_WARN_UNINITIALIZED_AUTOS = YES_AGGRESSIVE;
				GCC_WARN_UNUSED_FUNCTION = YES;
				GCC_WARN_UNUSED_VARIABLE = YES;
				IPHONEOS_DEPLOYMENT_TARGET = 11.4;
				MTL_ENABLE_DEBUG_INFO = YES;
				ONLY_ACTIVE_ARCH = YES;
				SDKROOT = iphoneos;
				SWIFT_ACTIVE_COMPILATION_CONDITIONS = DEBUG;
				SWIFT_OPTIMIZATION_LEVEL = "-Onone";
			};
			name = Debug;
		};
		DF4D34A6235EFB1400076172 /* Release */ = {
			isa = XCBuildConfiguration;
			buildSettings = {
				ALWAYS_SEARCH_USER_PATHS = NO;
				CLANG_ANALYZER_NONNULL = YES;
				CLANG_ANALYZER_NUMBER_OBJECT_CONVERSION = YES_AGGRESSIVE;
				CLANG_CXX_LANGUAGE_STANDARD = "gnu++14";
				CLANG_CXX_LIBRARY = "libc++";
				CLANG_ENABLE_MODULES = YES;
				CLANG_ENABLE_OBJC_ARC = YES;
				CLANG_ENABLE_OBJC_WEAK = YES;
				CLANG_WARN_BLOCK_CAPTURE_AUTORELEASING = YES;
				CLANG_WARN_BOOL_CONVERSION = YES;
				CLANG_WARN_COMMA = YES;
				CLANG_WARN_CONSTANT_CONVERSION = YES;
				CLANG_WARN_DEPRECATED_OBJC_IMPLEMENTATIONS = YES;
				CLANG_WARN_DIRECT_OBJC_ISA_USAGE = YES_ERROR;
				CLANG_WARN_DOCUMENTATION_COMMENTS = YES;
				CLANG_WARN_EMPTY_BODY = YES;
				CLANG_WARN_ENUM_CONVERSION = YES;
				CLANG_WARN_INFINITE_RECURSION = YES;
				CLANG_WARN_INT_CONVERSION = YES;
				CLANG_WARN_NON_LITERAL_NULL_CONVERSION = YES;
				CLANG_WARN_OBJC_IMPLICIT_RETAIN_SELF = YES;
				CLANG_WARN_OBJC_LITERAL_CONVERSION = YES;
				CLANG_WARN_OBJC_ROOT_CLASS = YES_ERROR;
				CLANG_WARN_RANGE_LOOP_ANALYSIS = YES;
				CLANG_WARN_STRICT_PROTOTYPES = YES;
				CLANG_WARN_SUSPICIOUS_MOVE = YES;
				CLANG_WARN_UNGUARDED_AVAILABILITY = YES_AGGRESSIVE;
				CLANG_WARN_UNREACHABLE_CODE = YES;
				CLANG_WARN__DUPLICATE_METHOD_MATCH = YES;
				CODE_SIGN_IDENTITY = "iPhone Developer";
				COPY_PHASE_STRIP = NO;
				DEBUG_INFORMATION_FORMAT = "dwarf-with-dsym";
				ENABLE_NS_ASSERTIONS = NO;
				ENABLE_STRICT_OBJC_MSGSEND = YES;
				GCC_C_LANGUAGE_STANDARD = gnu11;
				GCC_NO_COMMON_BLOCKS = YES;
				GCC_WARN_64_TO_32_BIT_CONVERSION = YES;
				GCC_WARN_ABOUT_RETURN_TYPE = YES_ERROR;
				GCC_WARN_UNDECLARED_SELECTOR = YES;
				GCC_WARN_UNINITIALIZED_AUTOS = YES_AGGRESSIVE;
				GCC_WARN_UNUSED_FUNCTION = YES;
				GCC_WARN_UNUSED_VARIABLE = YES;
				IPHONEOS_DEPLOYMENT_TARGET = 11.4;
				MTL_ENABLE_DEBUG_INFO = NO;
				SDKROOT = iphoneos;
				SWIFT_COMPILATION_MODE = wholemodule;
				SWIFT_OPTIMIZATION_LEVEL = "-O";
				VALIDATE_PRODUCT = YES;
			};
			name = Release;
		};
		DF4D34A8235EFB1400076172 /* Debug */ = {
			isa = XCBuildConfiguration;
			buildSettings = {
				ASSETCATALOG_COMPILER_APPICON_NAME = AppIcon;
				CODE_SIGN_STYLE = Automatic;
				INFOPLIST_FILE = Lab05_Video/Info.plist;
				LD_RUNPATH_SEARCH_PATHS = (
					"$(inherited)",
					"@executable_path/Frameworks",
				);
				PRODUCT_BUNDLE_IDENTIFIER = "-0145184.Lab05-Video";
				PRODUCT_NAME = "$(TARGET_NAME)";
				SWIFT_VERSION = 4.0;
				TARGETED_DEVICE_FAMILY = "1,2";
			};
			name = Debug;
		};
		DF4D34A9235EFB1400076172 /* Release */ = {
			isa = XCBuildConfiguration;
			buildSettings = {
				ASSETCATALOG_COMPILER_APPICON_NAME = AppIcon;
				CODE_SIGN_STYLE = Automatic;
				INFOPLIST_FILE = Lab05_Video/Info.plist;
				LD_RUNPATH_SEARCH_PATHS = (
					"$(inherited)",
					"@executable_path/Frameworks",
				);
				PRODUCT_BUNDLE_IDENTIFIER = "-0145184.Lab05-Video";
				PRODUCT_NAME = "$(TARGET_NAME)";
				SWIFT_VERSION = 4.0;
				TARGETED_DEVICE_FAMILY = "1,2";
			};
			name = Release;
		};
		DF4D34AB235EFB1400076172 /* Debug */ = {
			isa = XCBuildConfiguration;
			buildSettings = {
				ALWAYS_EMBED_SWIFT_STANDARD_LIBRARIES = YES;
				BUNDLE_LOADER = "$(TEST_HOST)";
				CODE_SIGN_STYLE = Automatic;
				INFOPLIST_FILE = Lab05_VideoTests/Info.plist;
				LD_RUNPATH_SEARCH_PATHS = (
					"$(inherited)",
					"@executable_path/Frameworks",
					"@loader_path/Frameworks",
				);
				PRODUCT_BUNDLE_IDENTIFIER = "-0145184.Lab05-VideoTests";
				PRODUCT_NAME = "$(TARGET_NAME)";
				SWIFT_VERSION = 4.0;
				TARGETED_DEVICE_FAMILY = "1,2";
				TEST_HOST = "$(BUILT_PRODUCTS_DIR)/Lab05_Video.app/Lab05_Video";
			};
			name = Debug;
		};
		DF4D34AC235EFB1400076172 /* Release */ = {
			isa = XCBuildConfiguration;
			buildSettings = {
				ALWAYS_EMBED_SWIFT_STANDARD_LIBRARIES = YES;
				BUNDLE_LOADER = "$(TEST_HOST)";
				CODE_SIGN_STYLE = Automatic;
				INFOPLIST_FILE = Lab05_VideoTests/Info.plist;
				LD_RUNPATH_SEARCH_PATHS = (
					"$(inherited)",
					"@executable_path/Frameworks",
					"@loader_path/Frameworks",
				);
				PRODUCT_BUNDLE_IDENTIFIER = "-0145184.Lab05-VideoTests";
				PRODUCT_NAME = "$(TARGET_NAME)";
				SWIFT_VERSION = 4.0;
				TARGETED_DEVICE_FAMILY = "1,2";
				TEST_HOST = "$(BUILT_PRODUCTS_DIR)/Lab05_Video.app/Lab05_Video";
			};
			name = Release;
		};
		DF4D34AE235EFB1400076172 /* Debug */ = {
			isa = XCBuildConfiguration;
			buildSettings = {
				ALWAYS_EMBED_SWIFT_STANDARD_LIBRARIES = YES;
				CODE_SIGN_STYLE = Automatic;
				INFOPLIST_FILE = Lab05_VideoUITests/Info.plist;
				LD_RUNPATH_SEARCH_PATHS = (
					"$(inherited)",
					"@executable_path/Frameworks",
					"@loader_path/Frameworks",
				);
				PRODUCT_BUNDLE_IDENTIFIER = "-0145184.Lab05-VideoUITests";
				PRODUCT_NAME = "$(TARGET_NAME)";
				SWIFT_VERSION = 4.0;
				TARGETED_DEVICE_FAMILY = "1,2";
				TEST_TARGET_NAME = Lab05_Video;
			};
			name = Debug;
		};
		DF4D34AF235EFB1400076172 /* Release */ = {
			isa = XCBuildConfiguration;
			buildSettings = {
				ALWAYS_EMBED_SWIFT_STANDARD_LIBRARIES = YES;
				CODE_SIGN_STYLE = Automatic;
				INFOPLIST_FILE = Lab05_VideoUITests/Info.plist;
				LD_RUNPATH_SEARCH_PATHS = (
					"$(inherited)",
					"@executable_path/Frameworks",
					"@loader_path/Frameworks",
				);
				PRODUCT_BUNDLE_IDENTIFIER = "-0145184.Lab05-VideoUITests";
				PRODUCT_NAME = "$(TARGET_NAME)";
				SWIFT_VERSION = 4.0;
				TARGETED_DEVICE_FAMILY = "1,2";
				TEST_TARGET_NAME = Lab05_Video;
			};
			name = Release;
		};
/* End XCBuildConfiguration section */

/* Begin XCConfigurationList section */
		DF4D347A235EFB1200076172 /* Build configuration list for PBXProject "Lab05_Video" */ = {
			isa = XCConfigurationList;
			buildConfigurations = (
				DF4D34A5235EFB1400076172 /* Debug */,
				DF4D34A6235EFB1400076172 /* Release */,
			);
			defaultConfigurationIsVisible = 0;
			defaultConfigurationName = Release;
		};
		DF4D34A7235EFB1400076172 /* Build configuration list for PBXNativeTarget "Lab05_Video" */ = {
			isa = XCConfigurationList;
			buildConfigurations = (
				DF4D34A8235EFB1400076172 /* Debug */,
				DF4D34A9235EFB1400076172 /* Release */,
			);
			defaultConfigurationIsVisible = 0;
			defaultConfigurationName = Release;
		};
		DF4D34AA235EFB1400076172 /* Build configuration list for PBXNativeTarget "Lab05_VideoTests" */ = {
			isa = XCConfigurationList;
			buildConfigurations = (
				DF4D34AB235EFB1400076172 /* Debug */,
				DF4D34AC235EFB1400076172 /* Release */,
			);
			defaultConfigurationIsVisible = 0;
			defaultConfigurationName = Release;
		};
		DF4D34AD235EFB1400076172 /* Build configuration list for PBXNativeTarget "Lab05_VideoUITests" */ = {
			isa = XCConfigurationList;
			buildConfigurations = (
				DF4D34AE235EFB1400076172 /* Debug */,
				DF4D34AF235EFB1400076172 /* Release */,
			);
			defaultConfigurationIsVisible = 0;
			defaultConfigurationName = Release;
		};
/* End XCConfigurationList section */
	};
	rootObject = DF4D3477235EFB1200076172 /* Project object */;
}
