// !$*UTF8*$!
{
	archiveVersion = 1;
	classes = {
	};
	objectVersion = 50;
	objects = {

/* Begin PBXBuildFile section */
		DF6F031E2343409E00907983 /* AppDelegate.swift in Sources */ = {isa = PBXBuildFile; fileRef = DF6F031D2343409E00907983 /* AppDelegate.swift */; };
		DF6F03202343409E00907983 /* ViewController.swift in Sources */ = {isa = PBXBuildFile; fileRef = DF6F031F2343409E00907983 /* ViewController.swift */; };
		DF6F03232343409E00907983 /* Main.storyboard in Resources */ = {isa = PBXBuildFile; fileRef = DF6F03212343409E00907983 /* Main.storyboard */; };
		DF6F03252343409F00907983 /* Assets.xcassets in Resources */ = {isa = PBXBuildFile; fileRef = DF6F03242343409F00907983 /* Assets.xcassets */; };
		DF6F03282343409F00907983 /* LaunchScreen.storyboard in Resources */ = {isa = PBXBuildFile; fileRef = DF6F03262343409F00907983 /* LaunchScreen.storyboard */; };
		DF6F03332343409F00907983 /* Lab03Tests.swift in Sources */ = {isa = PBXBuildFile; fileRef = DF6F03322343409F00907983 /* Lab03Tests.swift */; };
		DF6F033E2343409F00907983 /* Lab03UITests.swift in Sources */ = {isa = PBXBuildFile; fileRef = DF6F033D2343409F00907983 /* Lab03UITests.swift */; };
/* End PBXBuildFile section */

/* Begin PBXContainerItemProxy section */
		DF6F032F2343409F00907983 /* PBXContainerItemProxy */ = {
			isa = PBXContainerItemProxy;
			containerPortal = DF6F03122343409E00907983 /* Project object */;
			proxyType = 1;
			remoteGlobalIDString = DF6F03192343409E00907983;
			remoteInfo = Lab03;
		};
		DF6F033A2343409F00907983 /* PBXContainerItemProxy */ = {
			isa = PBXContainerItemProxy;
			containerPortal = DF6F03122343409E00907983 /* Project object */;
			proxyType = 1;
			remoteGlobalIDString = DF6F03192343409E00907983;
			remoteInfo = Lab03;
		};
/* End PBXContainerItemProxy section */

/* Begin PBXFileReference section */
		DF6F031A2343409E00907983 /* Lab03.app */ = {isa = PBXFileReference; explicitFileType = wrapper.application; includeInIndex = 0; path = Lab03.app; sourceTree = BUILT_PRODUCTS_DIR; };
		DF6F031D2343409E00907983 /* AppDelegate.swift */ = {isa = PBXFileReference; lastKnownFileType = sourcecode.swift; path = AppDelegate.swift; sourceTree = "<group>"; };
		DF6F031F2343409E00907983 /* ViewController.swift */ = {isa = PBXFileReference; lastKnownFileType = sourcecode.swift; path = ViewController.swift; sourceTree = "<group>"; };
		DF6F03222343409E00907983 /* Base */ = {isa = PBXFileReference; lastKnownFileType = file.storyboard; name = Base; path = Base.lproj/Main.storyboard; sourceTree = "<group>"; };
		DF6F03242343409F00907983 /* Assets.xcassets */ = {isa = PBXFileReference; lastKnownFileType = folder.assetcatalog; path = Assets.xcassets; sourceTree = "<group>"; };
		DF6F03272343409F00907983 /* Base */ = {isa = PBXFileReference; lastKnownFileType = file.storyboard; name = Base; path = Base.lproj/LaunchScreen.storyboard; sourceTree = "<group>"; };
		DF6F03292343409F00907983 /* Info.plist */ = {isa = PBXFileReference; lastKnownFileType = text.plist.xml; path = Info.plist; sourceTree = "<group>"; };
		DF6F032E2343409F00907983 /* Lab03Tests.xctest */ = {isa = PBXFileReference; explicitFileType = wrapper.cfbundle; includeInIndex = 0; path = Lab03Tests.xctest; sourceTree = BUILT_PRODUCTS_DIR; };
		DF6F03322343409F00907983 /* Lab03Tests.swift */ = {isa = PBXFileReference; lastKnownFileType = sourcecode.swift; path = Lab03Tests.swift; sourceTree = "<group>"; };
		DF6F03342343409F00907983 /* Info.plist */ = {isa = PBXFileReference; lastKnownFileType = text.plist.xml; path = Info.plist; sourceTree = "<group>"; };
		DF6F03392343409F00907983 /* Lab03UITests.xctest */ = {isa = PBXFileReference; explicitFileType = wrapper.cfbundle; includeInIndex = 0; path = Lab03UITests.xctest; sourceTree = BUILT_PRODUCTS_DIR; };
		DF6F033D2343409F00907983 /* Lab03UITests.swift */ = {isa = PBXFileReference; lastKnownFileType = sourcecode.swift; path = Lab03UITests.swift; sourceTree = "<group>"; };
		DF6F033F2343409F00907983 /* Info.plist */ = {isa = PBXFileReference; lastKnownFileType = text.plist.xml; path = Info.plist; sourceTree = "<group>"; };
/* End PBXFileReference section */

/* Begin PBXFrameworksBuildPhase section */
		DF6F03172343409E00907983 /* Frameworks */ = {
			isa = PBXFrameworksBuildPhase;
			buildActionMask = 2147483647;
			files = (
			);
			runOnlyForDeploymentPostprocessing = 0;
		};
		DF6F032B2343409F00907983 /* Frameworks */ = {
			isa = PBXFrameworksBuildPhase;
			buildActionMask = 2147483647;
			files = (
			);
			runOnlyForDeploymentPostprocessing = 0;
		};
		DF6F03362343409F00907983 /* Frameworks */ = {
			isa = PBXFrameworksBuildPhase;
			buildActionMask = 2147483647;
			files = (
			);
			runOnlyForDeploymentPostprocessing = 0;
		};
/* End PBXFrameworksBuildPhase section */

/* Begin PBXGroup section */
		DF6F03112343409E00907983 = {
			isa = PBXGroup;
			children = (
				DF6F031C2343409E00907983 /* Lab03 */,
				DF6F03312343409F00907983 /* Lab03Tests */,
				DF6F033C2343409F00907983 /* Lab03UITests */,
				DF6F031B2343409E00907983 /* Products */,
			);
			sourceTree = "<group>";
		};
		DF6F031B2343409E00907983 /* Products */ = {
			isa = PBXGroup;
			children = (
				DF6F031A2343409E00907983 /* Lab03.app */,
				DF6F032E2343409F00907983 /* Lab03Tests.xctest */,
				DF6F03392343409F00907983 /* Lab03UITests.xctest */,
			);
			name = Products;
			sourceTree = "<group>";
		};
		DF6F031C2343409E00907983 /* Lab03 */ = {
			isa = PBXGroup;
			children = (
				DF6F031D2343409E00907983 /* AppDelegate.swift */,
				DF6F031F2343409E00907983 /* ViewController.swift */,
				DF6F03212343409E00907983 /* Main.storyboard */,
				DF6F03242343409F00907983 /* Assets.xcassets */,
				DF6F03262343409F00907983 /* LaunchScreen.storyboard */,
				DF6F03292343409F00907983 /* Info.plist */,
			);
			path = Lab03;
			sourceTree = "<group>";
		};
		DF6F03312343409F00907983 /* Lab03Tests */ = {
			isa = PBXGroup;
			children = (
				DF6F03322343409F00907983 /* Lab03Tests.swift */,
				DF6F03342343409F00907983 /* Info.plist */,
			);
			path = Lab03Tests;
			sourceTree = "<group>";
		};
		DF6F033C2343409F00907983 /* Lab03UITests */ = {
			isa = PBXGroup;
			children = (
				DF6F033D2343409F00907983 /* Lab03UITests.swift */,
				DF6F033F2343409F00907983 /* Info.plist */,
			);
			path = Lab03UITests;
			sourceTree = "<group>";
		};
/* End PBXGroup section */

/* Begin PBXNativeTarget section */
		DF6F03192343409E00907983 /* Lab03 */ = {
			isa = PBXNativeTarget;
			buildConfigurationList = DF6F03422343409F00907983 /* Build configuration list for PBXNativeTarget "Lab03" */;
			buildPhases = (
				DF6F03162343409E00907983 /* Sources */,
				DF6F03172343409E00907983 /* Frameworks */,
				DF6F03182343409E00907983 /* Resources */,
			);
			buildRules = (
			);
			dependencies = (
			);
			name = Lab03;
			productName = Lab03;
			productReference = DF6F031A2343409E00907983 /* Lab03.app */;
			productType = "com.apple.product-type.application";
		};
		DF6F032D2343409F00907983 /* Lab03Tests */ = {
			isa = PBXNativeTarget;
			buildConfigurationList = DF6F03452343409F00907983 /* Build configuration list for PBXNativeTarget "Lab03Tests" */;
			buildPhases = (
				DF6F032A2343409F00907983 /* Sources */,
				DF6F032B2343409F00907983 /* Frameworks */,
				DF6F032C2343409F00907983 /* Resources */,
			);
			buildRules = (
			);
			dependencies = (
				DF6F03302343409F00907983 /* PBXTargetDependency */,
			);
			name = Lab03Tests;
			productName = Lab03Tests;
			productReference = DF6F032E2343409F00907983 /* Lab03Tests.xctest */;
			productType = "com.apple.product-type.bundle.unit-test";
		};
		DF6F03382343409F00907983 /* Lab03UITests */ = {
			isa = PBXNativeTarget;
			buildConfigurationList = DF6F03482343409F00907983 /* Build configuration list for PBXNativeTarget "Lab03UITests" */;
			buildPhases = (
				DF6F03352343409F00907983 /* Sources */,
				DF6F03362343409F00907983 /* Frameworks */,
				DF6F03372343409F00907983 /* Resources */,
			);
			buildRules = (
			);
			dependencies = (
				DF6F033B2343409F00907983 /* PBXTargetDependency */,
			);
			name = Lab03UITests;
			productName = Lab03UITests;
			productReference = DF6F03392343409F00907983 /* Lab03UITests.xctest */;
			productType = "com.apple.product-type.bundle.ui-testing";
		};
/* End PBXNativeTarget section */

/* Begin PBXProject section */
		DF6F03122343409E00907983 /* Project object */ = {
			isa = PBXProject;
			attributes = {
				LastSwiftUpdateCheck = 0940;
				LastUpgradeCheck = 0940;
				ORGANIZATIONNAME = jspark;
				TargetAttributes = {
					DF6F03192343409E00907983 = {
						CreatedOnToolsVersion = 9.4.1;
					};
					DF6F032D2343409F00907983 = {
						CreatedOnToolsVersion = 9.4.1;
						TestTargetID = DF6F03192343409E00907983;
					};
					DF6F03382343409F00907983 = {
						CreatedOnToolsVersion = 9.4.1;
						TestTargetID = DF6F03192343409E00907983;
					};
				};
			};
			buildConfigurationList = DF6F03152343409E00907983 /* Build configuration list for PBXProject "Lab03" */;
			compatibilityVersion = "Xcode 9.3";
			developmentRegion = en;
			hasScannedForEncodings = 0;
			knownRegions = (
				en,
				Base,
			);
			mainGroup = DF6F03112343409E00907983;
			productRefGroup = DF6F031B2343409E00907983 /* Products */;
			projectDirPath = "";
			projectRoot = "";
			targets = (
				DF6F03192343409E00907983 /* Lab03 */,
				DF6F032D2343409F00907983 /* Lab03Tests */,
				DF6F03382343409F00907983 /* Lab03UITests */,
			);
		};
/* End PBXProject section */

/* Begin PBXResourcesBuildPhase section */
		DF6F03182343409E00907983 /* Resources */ = {
			isa = PBXResourcesBuildPhase;
			buildActionMask = 2147483647;
			files = (
				DF6F03282343409F00907983 /* LaunchScreen.storyboard in Resources */,
				DF6F03252343409F00907983 /* Assets.xcassets in Resources */,
				DF6F03232343409E00907983 /* Main.storyboard in Resources */,
			);
			runOnlyForDeploymentPostprocessing = 0;
		};
		DF6F032C2343409F00907983 /* Resources */ = {
			isa = PBXResourcesBuildPhase;
			buildActionMask = 2147483647;
			files = (
			);
			runOnlyForDeploymentPostprocessing = 0;
		};
		DF6F03372343409F00907983 /* Resources */ = {
			isa = PBXResourcesBuildPhase;
			buildActionMask = 2147483647;
			files = (
			);
			runOnlyForDeploymentPostprocessing = 0;
		};
/* End PBXResourcesBuildPhase section */

/* Begin PBXSourcesBuildPhase section */
		DF6F03162343409E00907983 /* Sources */ = {
			isa = PBXSourcesBuildPhase;
			buildActionMask = 2147483647;
			files = (
				DF6F03202343409E00907983 /* ViewController.swift in Sources */,
				DF6F031E2343409E00907983 /* AppDelegate.swift in Sources */,
			);
			runOnlyForDeploymentPostprocessing = 0;
		};
		DF6F032A2343409F00907983 /* Sources */ = {
			isa = PBXSourcesBuildPhase;
			buildActionMask = 2147483647;
			files = (
				DF6F03332343409F00907983 /* Lab03Tests.swift in Sources */,
			);
			runOnlyForDeploymentPostprocessing = 0;
		};
		DF6F03352343409F00907983 /* Sources */ = {
			isa = PBXSourcesBuildPhase;
			buildActionMask = 2147483647;
			files = (
				DF6F033E2343409F00907983 /* Lab03UITests.swift in Sources */,
			);
			runOnlyForDeploymentPostprocessing = 0;
		};
/* End PBXSourcesBuildPhase section */

/* Begin PBXTargetDependency section */
		DF6F03302343409F00907983 /* PBXTargetDependency */ = {
			isa = PBXTargetDependency;
			target = DF6F03192343409E00907983 /* Lab03 */;
			targetProxy = DF6F032F2343409F00907983 /* PBXContainerItemProxy */;
		};
		DF6F033B2343409F00907983 /* PBXTargetDependency */ = {
			isa = PBXTargetDependency;
			target = DF6F03192343409E00907983 /* Lab03 */;
			targetProxy = DF6F033A2343409F00907983 /* PBXContainerItemProxy */;
		};
/* End PBXTargetDependency section */

/* Begin PBXVariantGroup section */
		DF6F03212343409E00907983 /* Main.storyboard */ = {
			isa = PBXVariantGroup;
			children = (
				DF6F03222343409E00907983 /* Base */,
			);
			name = Main.storyboard;
			sourceTree = "<group>";
		};
		DF6F03262343409F00907983 /* LaunchScreen.storyboard */ = {
			isa = PBXVariantGroup;
			children = (
				DF6F03272343409F00907983 /* Base */,
			);
			name = LaunchScreen.storyboard;
			sourceTree = "<group>";
		};
/* End PBXVariantGroup section */

/* Begin XCBuildConfiguration section */
		DF6F03402343409F00907983 /* Debug */ = {
			isa = XCBuildConfiguration;
			buildSettings = {
				ALWAYS_SEARCH_USER_PATHS = NO;
				CLANG_ANALYZER_NONNULL = YES;
				CLANG_ANALYZER_NUMBER_OBJECT_CONVERSION = YES_AGGRESSIVE;
				CLANG_CXX_LANGUAGE_STANDARD = "gnu++14";
				CLANG_CXX_LIBRARY = "libc++";
				CLANG_ENABLE_MODULES = YES;
				CLANG_ENABLE_OBJC_ARC = YES;
				CLANG_ENABLE_OBJC_WEAK = YES;
				CLANG_WARN_BLOCK_CAPTURE_AUTORELEASING = YES;
				CLANG_WARN_BOOL_CONVERSION = YES;
				CLANG_WARN_COMMA = YES;
				CLANG_WARN_CONSTANT_CONVERSION = YES;
				CLANG_WARN_DEPRECATED_OBJC_IMPLEMENTATIONS = YES;
				CLANG_WARN_DIRECT_OBJC_ISA_USAGE = YES_ERROR;
				CLANG_WARN_DOCUMENTATION_COMMENTS = YES;
				CLANG_WARN_EMPTY_BODY = YES;
				CLANG_WARN_ENUM_CONVERSION = YES;
				CLANG_WARN_INFINITE_RECURSION = YES;
				CLANG_WARN_INT_CONVERSION = YES;
				CLANG_WARN_NON_LITERAL_NULL_CONVERSION = YES;
				CLANG_WARN_OBJC_IMPLICIT_RETAIN_SELF = YES;
				CLANG_WARN_OBJC_LITERAL_CONVERSION = YES;
				CLANG_WARN_OBJC_ROOT_CLASS = YES_ERROR;
				CLANG_WARN_RANGE_LOOP_ANALYSIS = YES;
				CLANG_WARN_STRICT_PROTOTYPES = YES;
				CLANG_WARN_SUSPICIOUS_MOVE = YES;
				CLANG_WARN_UNGUARDED_AVAILABILITY = YES_AGGRESSIVE;
				CLANG_WARN_UNREACHABLE_CODE = YES;
				CLANG_WARN__DUPLICATE_METHOD_MATCH = YES;
				CODE_SIGN_IDENTITY = "iPhone Developer";
				COPY_PHASE_STRIP = NO;
				DEBUG_INFORMATION_FORMAT = dwarf;
				ENABLE_STRICT_OBJC_MSGSEND = YES;
				ENABLE_TESTABILITY = YES;
				GCC_C_LANGUAGE_STANDARD = gnu11;
				GCC_DYNAMIC_NO_PIC = NO;
				GCC_NO_COMMON_BLOCKS = YES;
				GCC_OPTIMIZATION_LEVEL = 0;
				GCC_PREPROCESSOR_DEFINITIONS = (
					"DEBUG=1",
					"$(inherited)",
				);
				GCC_WARN_64_TO_32_BIT_CONVERSION = YES;
				GCC_WARN_ABOUT_RETURN_TYPE = YES_ERROR;
				GCC_WARN_UNDECLARED_SELECTOR = YES;
				GCC_WARN_UNINITIALIZED_AUTOS = YES_AGGRESSIVE;
				GCC_WARN_UNUSED_FUNCTION = YES;
				GCC_WARN_UNUSED_VARIABLE = YES;
				IPHONEOS_DEPLOYMENT_TARGET = 11.4;
				MTL_ENABLE_DEBUG_INFO = YES;
				ONLY_ACTIVE_ARCH = YES;
				SDKROOT = iphoneos;
				SWIFT_ACTIVE_COMPILATION_CONDITIONS = DEBUG;
				SWIFT_OPTIMIZATION_LEVEL = "-Onone";
			};
			name = Debug;
		};
		DF6F03412343409F00907983 /* Release */ = {
			isa = XCBuildConfiguration;
			buildSettings = {
				ALWAYS_SEARCH_USER_PATHS = NO;
				CLANG_ANALYZER_NONNULL = YES;
				CLANG_ANALYZER_NUMBER_OBJECT_CONVERSION = YES_AGGRESSIVE;
				CLANG_CXX_LANGUAGE_STANDARD = "gnu++14";
				CLANG_CXX_LIBRARY = "libc++";
				CLANG_ENABLE_MODULES = YES;
				CLANG_ENABLE_OBJC_ARC = YES;
				CLANG_ENABLE_OBJC_WEAK = YES;
				CLANG_WARN_BLOCK_CAPTURE_AUTORELEASING = YES;
				CLANG_WARN_BOOL_CONVERSION = YES;
				CLANG_WARN_COMMA = YES;
				CLANG_WARN_CONSTANT_CONVERSION = YES;
				CLANG_WARN_DEPRECATED_OBJC_IMPLEMENTATIONS = YES;
				CLANG_WARN_DIRECT_OBJC_ISA_USAGE = YES_ERROR;
				CLANG_WARN_DOCUMENTATION_COMMENTS = YES;
				CLANG_WARN_EMPTY_BODY = YES;
				CLANG_WARN_ENUM_CONVERSION = YES;
				CLANG_WARN_INFINITE_RECURSION = YES;
				CLANG_WARN_INT_CONVERSION = YES;
				CLANG_WARN_NON_LITERAL_NULL_CONVERSION = YES;
				CLANG_WARN_OBJC_IMPLICIT_RETAIN_SELF = YES;
				CLANG_WARN_OBJC_LITERAL_CONVERSION = YES;
				CLANG_WARN_OBJC_ROOT_CLASS = YES_ERROR;
				CLANG_WARN_RANGE_LOOP_ANALYSIS = YES;
				CLANG_WARN_STRICT_PROTOTYPES = YES;
				CLANG_WARN_SUSPICIOUS_MOVE = YES;
				CLANG_WARN_UNGUARDED_AVAILABILITY = YES_AGGRESSIVE;
				CLANG_WARN_UNREACHABLE_CODE = YES;
				CLANG_WARN__DUPLICATE_METHOD_MATCH = YES;
				CODE_SIGN_IDENTITY = "iPhone Developer";
				COPY_PHASE_STRIP = NO;
				DEBUG_INFORMATION_FORMAT = "dwarf-with-dsym";
				ENABLE_NS_ASSERTIONS = NO;
				ENABLE_STRICT_OBJC_MSGSEND = YES;
				GCC_C_LANGUAGE_STANDARD = gnu11;
				GCC_NO_COMMON_BLOCKS = YES;
				GCC_WARN_64_TO_32_BIT_CONVERSION = YES;
				GCC_WARN_ABOUT_RETURN_TYPE = YES_ERROR;
				GCC_WARN_UNDECLARED_SELECTOR = YES;
				GCC_WARN_UNINITIALIZED_AUTOS = YES_AGGRESSIVE;
				GCC_WARN_UNUSED_FUNCTION = YES;
				GCC_WARN_UNUSED_VARIABLE = YES;
				IPHONEOS_DEPLOYMENT_TARGET = 11.4;
				MTL_ENABLE_DEBUG_INFO = NO;
				SDKROOT = iphoneos;
				SWIFT_COMPILATION_MODE = wholemodule;
				SWIFT_OPTIMIZATION_LEVEL = "-O";
				VALIDATE_PRODUCT = YES;
			};
			name = Release;
		};
		DF6F03432343409F00907983 /* Debug */ = {
			isa = XCBuildConfiguration;
			buildSettings = {
				ASSETCATALOG_COMPILER_APPICON_NAME = AppIcon;
				CODE_SIGN_STYLE = Automatic;
				INFOPLIST_FILE = Lab03/Info.plist;
				LD_RUNPATH_SEARCH_PATHS = (
					"$(inherited)",
					"@executable_path/Frameworks",
				);
				PRODUCT_BUNDLE_IDENTIFIER = jspark.Lab03;
				PRODUCT_NAME = "$(TARGET_NAME)";
				SWIFT_VERSION = 4.0;
				TARGETED_DEVICE_FAMILY = "1,2";
			};
			name = Debug;
		};
		DF6F03442343409F00907983 /* Release */ = {
			isa = XCBuildConfiguration;
			buildSettings = {
				ASSETCATALOG_COMPILER_APPICON_NAME = AppIcon;
				CODE_SIGN_STYLE = Automatic;
				INFOPLIST_FILE = Lab03/Info.plist;
				LD_RUNPATH_SEARCH_PATHS = (
					"$(inherited)",
					"@executable_path/Frameworks",
				);
				PRODUCT_BUNDLE_IDENTIFIER = jspark.Lab03;
				PRODUCT_NAME = "$(TARGET_NAME)";
				SWIFT_VERSION = 4.0;
				TARGETED_DEVICE_FAMILY = "1,2";
			};
			name = Release;
		};
		DF6F03462343409F00907983 /* Debug */ = {
			isa = XCBuildConfiguration;
			buildSettings = {
				ALWAYS_EMBED_SWIFT_STANDARD_LIBRARIES = YES;
				BUNDLE_LOADER = "$(TEST_HOST)";
				CODE_SIGN_STYLE = Automatic;
				INFOPLIST_FILE = Lab03Tests/Info.plist;
				LD_RUNPATH_SEARCH_PATHS = (
					"$(inherited)",
					"@executable_path/Frameworks",
					"@loader_path/Frameworks",
				);
				PRODUCT_BUNDLE_IDENTIFIER = jspark.Lab03Tests;
				PRODUCT_NAME = "$(TARGET_NAME)";
				SWIFT_VERSION = 4.0;
				TARGETED_DEVICE_FAMILY = "1,2";
				TEST_HOST = "$(BUILT_PRODUCTS_DIR)/Lab03.app/Lab03";
			};
			name = Debug;
		};
		DF6F03472343409F00907983 /* Release */ = {
			isa = XCBuildConfiguration;
			buildSettings = {
				ALWAYS_EMBED_SWIFT_STANDARD_LIBRARIES = YES;
				BUNDLE_LOADER = "$(TEST_HOST)";
				CODE_SIGN_STYLE = Automatic;
				INFOPLIST_FILE = Lab03Tests/Info.plist;
				LD_RUNPATH_SEARCH_PATHS = (
					"$(inherited)",
					"@executable_path/Frameworks",
					"@loader_path/Frameworks",
				);
				PRODUCT_BUNDLE_IDENTIFIER = jspark.Lab03Tests;
				PRODUCT_NAME = "$(TARGET_NAME)";
				SWIFT_VERSION = 4.0;
				TARGETED_DEVICE_FAMILY = "1,2";
				TEST_HOST = "$(BUILT_PRODUCTS_DIR)/Lab03.app/Lab03";
			};
			name = Release;
		};
		DF6F03492343409F00907983 /* Debug */ = {
			isa = XCBuildConfiguration;
			buildSettings = {
				ALWAYS_EMBED_SWIFT_STANDARD_LIBRARIES = YES;
				CODE_SIGN_STYLE = Automatic;
				INFOPLIST_FILE = Lab03UITests/Info.plist;
				LD_RUNPATH_SEARCH_PATHS = (
					"$(inherited)",
					"@executable_path/Frameworks",
					"@loader_path/Frameworks",
				);
				PRODUCT_BUNDLE_IDENTIFIER = jspark.Lab03UITests;
				PRODUCT_NAME = "$(TARGET_NAME)";
				SWIFT_VERSION = 4.0;
				TARGETED_DEVICE_FAMILY = "1,2";
				TEST_TARGET_NAME = Lab03;
			};
			name = Debug;
		};
		DF6F034A2343409F00907983 /* Release */ = {
			isa = XCBuildConfiguration;
			buildSettings = {
				ALWAYS_EMBED_SWIFT_STANDARD_LIBRARIES = YES;
				CODE_SIGN_STYLE = Automatic;
				INFOPLIST_FILE = Lab03UITests/Info.plist;
				LD_RUNPATH_SEARCH_PATHS = (
					"$(inherited)",
					"@executable_path/Frameworks",
					"@loader_path/Frameworks",
				);
				PRODUCT_BUNDLE_IDENTIFIER = jspark.Lab03UITests;
				PRODUCT_NAME = "$(TARGET_NAME)";
				SWIFT_VERSION = 4.0;
				TARGETED_DEVICE_FAMILY = "1,2";
				TEST_TARGET_NAME = Lab03;
			};
			name = Release;
		};
/* End XCBuildConfiguration section */

/* Begin XCConfigurationList section */
		DF6F03152343409E00907983 /* Build configuration list for PBXProject "Lab03" */ = {
			isa = XCConfigurationList;
			buildConfigurations = (
				DF6F03402343409F00907983 /* Debug */,
				DF6F03412343409F00907983 /* Release */,
			);
			defaultConfigurationIsVisible = 0;
			defaultConfigurationName = Release;
		};
		DF6F03422343409F00907983 /* Build configuration list for PBXNativeTarget "Lab03" */ = {
			isa = XCConfigurationList;
			buildConfigurations = (
				DF6F03432343409F00907983 /* Debug */,
				DF6F03442343409F00907983 /* Release */,
			);
			defaultConfigurationIsVisible = 0;
			defaultConfigurationName = Release;
		};
		DF6F03452343409F00907983 /* Build configuration list for PBXNativeTarget "Lab03Tests" */ = {
			isa = XCConfigurationList;
			buildConfigurations = (
				DF6F03462343409F00907983 /* Debug */,
				DF6F03472343409F00907983 /* Release */,
			);
			defaultConfigurationIsVisible = 0;
			defaultConfigurationName = Release;
		};
		DF6F03482343409F00907983 /* Build configuration list for PBXNativeTarget "Lab03UITests" */ = {
			isa = XCConfigurationList;
			buildConfigurations = (
				DF6F03492343409F00907983 /* Debug */,
				DF6F034A2343409F00907983 /* Release */,
			);
			defaultConfigurationIsVisible = 0;
			defaultConfigurationName = Release;
		};
/* End XCConfigurationList section */
	};
	rootObject = DF6F03122343409E00907983 /* Project object */;
}
