// !$*UTF8*$!
{
	archiveVersion = 1;
	classes = {
	};
	objectVersion = 50;
	objects = {

/* Begin PBXBuildFile section */
		DF4D34C1235F0E4100076172 /* AppDelegate.swift in Sources */ = {isa = PBXBuildFile; fileRef = DF4D34C0235F0E4100076172 /* AppDelegate.swift */; };
		DF4D34C3235F0E4100076172 /* ViewController.swift in Sources */ = {isa = PBXBuildFile; fileRef = DF4D34C2235F0E4100076172 /* ViewController.swift */; };
		DF4D34C6235F0E4100076172 /* Main.storyboard in Resources */ = {isa = PBXBuildFile; fileRef = DF4D34C4235F0E4100076172 /* Main.storyboard */; };
		DF4D34C8235F0E4500076172 /* Assets.xcassets in Resources */ = {isa = PBXBuildFile; fileRef = DF4D34C7235F0E4500076172 /* Assets.xcassets */; };
		DF4D34CB235F0E4500076172 /* LaunchScreen.storyboard in Resources */ = {isa = PBXBuildFile; fileRef = DF4D34C9235F0E4500076172 /* LaunchScreen.storyboard */; };
		DF4D34D6235F0E4500076172 /* Lab05_AnimationTests.swift in Sources */ = {isa = PBXBuildFile; fileRef = DF4D34D5235F0E4500076172 /* Lab05_AnimationTests.swift */; };
		DF4D34E1235F0E4500076172 /* Lab05_AnimationUITests.swift in Sources */ = {isa = PBXBuildFile; fileRef = DF4D34E0235F0E4500076172 /* Lab05_AnimationUITests.swift */; };
		DF4D34FE235F0EB700076172 /* xmas04.png in Resources */ = {isa = PBXBuildFile; fileRef = DF4D34EE235F0EB600076172 /* xmas04.png */; };
		DF4D34FF235F0EB700076172 /* xmas08.png in Resources */ = {isa = PBXBuildFile; fileRef = DF4D34EF235F0EB600076172 /* xmas08.png */; };
		DF4D3500235F0EB700076172 /* xmas16.png in Resources */ = {isa = PBXBuildFile; fileRef = DF4D34F0235F0EB600076172 /* xmas16.png */; };
		DF4D3501235F0EB700076172 /* xmas07.png in Resources */ = {isa = PBXBuildFile; fileRef = DF4D34F1235F0EB600076172 /* xmas07.png */; };
		DF4D3502235F0EB700076172 /* xmas05.png in Resources */ = {isa = PBXBuildFile; fileRef = DF4D34F2235F0EB600076172 /* xmas05.png */; };
		DF4D3503235F0EB700076172 /* xmas15.png in Resources */ = {isa = PBXBuildFile; fileRef = DF4D34F3235F0EB700076172 /* xmas15.png */; };
		DF4D3504235F0EB700076172 /* xmas03.png in Resources */ = {isa = PBXBuildFile; fileRef = DF4D34F4235F0EB700076172 /* xmas03.png */; };
		DF4D3505235F0EB700076172 /* xmas06.png in Resources */ = {isa = PBXBuildFile; fileRef = DF4D34F5235F0EB700076172 /* xmas06.png */; };
		DF4D3506235F0EB700076172 /* xmas11.png in Resources */ = {isa = PBXBuildFile; fileRef = DF4D34F6235F0EB700076172 /* xmas11.png */; };
		DF4D3507235F0EB700076172 /* xmas14.png in Resources */ = {isa = PBXBuildFile; fileRef = DF4D34F7235F0EB700076172 /* xmas14.png */; };
		DF4D3508235F0EB700076172 /* xmas09.png in Resources */ = {isa = PBXBuildFile; fileRef = DF4D34F8235F0EB700076172 /* xmas09.png */; };
		DF4D3509235F0EB700076172 /* xmas01.png in Resources */ = {isa = PBXBuildFile; fileRef = DF4D34F9235F0EB700076172 /* xmas01.png */; };
		DF4D350A235F0EB700076172 /* xmas10.png in Resources */ = {isa = PBXBuildFile; fileRef = DF4D34FA235F0EB700076172 /* xmas10.png */; };
		DF4D350B235F0EB700076172 /* xmas12.png in Resources */ = {isa = PBXBuildFile; fileRef = DF4D34FB235F0EB700076172 /* xmas12.png */; };
		DF4D350C235F0EB700076172 /* xmas02.png in Resources */ = {isa = PBXBuildFile; fileRef = DF4D34FC235F0EB700076172 /* xmas02.png */; };
		DF4D350D235F0EB700076172 /* xmas13.png in Resources */ = {isa = PBXBuildFile; fileRef = DF4D34FD235F0EB700076172 /* xmas13.png */; };
/* End PBXBuildFile section */

/* Begin PBXContainerItemProxy section */
		DF4D34D2235F0E4500076172 /* PBXContainerItemProxy */ = {
			isa = PBXContainerItemProxy;
			containerPortal = DF4D34B5235F0E4100076172 /* Project object */;
			proxyType = 1;
			remoteGlobalIDString = DF4D34BC235F0E4100076172;
			remoteInfo = Lab05_Animation;
		};
		DF4D34DD235F0E4500076172 /* PBXContainerItemProxy */ = {
			isa = PBXContainerItemProxy;
			containerPortal = DF4D34B5235F0E4100076172 /* Project object */;
			proxyType = 1;
			remoteGlobalIDString = DF4D34BC235F0E4100076172;
			remoteInfo = Lab05_Animation;
		};
/* End PBXContainerItemProxy section */

/* Begin PBXFileReference section */
		DF4D34BD235F0E4100076172 /* Lab05_Animation.app */ = {isa = PBXFileReference; explicitFileType = wrapper.application; includeInIndex = 0; path = Lab05_Animation.app; sourceTree = BUILT_PRODUCTS_DIR; };
		DF4D34C0235F0E4100076172 /* AppDelegate.swift */ = {isa = PBXFileReference; lastKnownFileType = sourcecode.swift; path = AppDelegate.swift; sourceTree = "<group>"; };
		DF4D34C2235F0E4100076172 /* ViewController.swift */ = {isa = PBXFileReference; lastKnownFileType = sourcecode.swift; path = ViewController.swift; sourceTree = "<group>"; };
		DF4D34C5235F0E4100076172 /* Base */ = {isa = PBXFileReference; lastKnownFileType = file.storyboard; name = Base; path = Base.lproj/Main.storyboard; sourceTree = "<group>"; };
		DF4D34C7235F0E4500076172 /* Assets.xcassets */ = {isa = PBXFileReference; lastKnownFileType = folder.assetcatalog; path = Assets.xcassets; sourceTree = "<group>"; };
		DF4D34CA235F0E4500076172 /* Base */ = {isa = PBXFileReference; lastKnownFileType = file.storyboard; name = Base; path = Base.lproj/LaunchScreen.storyboard; sourceTree = "<group>"; };
		DF4D34CC235F0E4500076172 /* Info.plist */ = {isa = PBXFileReference; lastKnownFileType = text.plist.xml; path = Info.plist; sourceTree = "<group>"; };
		DF4D34D1235F0E4500076172 /* Lab05_AnimationTests.xctest */ = {isa = PBXFileReference; explicitFileType = wrapper.cfbundle; includeInIndex = 0; path = Lab05_AnimationTests.xctest; sourceTree = BUILT_PRODUCTS_DIR; };
		DF4D34D5235F0E4500076172 /* Lab05_AnimationTests.swift */ = {isa = PBXFileReference; lastKnownFileType = sourcecode.swift; path = Lab05_AnimationTests.swift; sourceTree = "<group>"; };
		DF4D34D7235F0E4500076172 /* Info.plist */ = {isa = PBXFileReference; lastKnownFileType = text.plist.xml; path = Info.plist; sourceTree = "<group>"; };
		DF4D34DC235F0E4500076172 /* Lab05_AnimationUITests.xctest */ = {isa = PBXFileReference; explicitFileType = wrapper.cfbundle; includeInIndex = 0; path = Lab05_AnimationUITests.xctest; sourceTree = BUILT_PRODUCTS_DIR; };
		DF4D34E0235F0E4500076172 /* Lab05_AnimationUITests.swift */ = {isa = PBXFileReference; lastKnownFileType = sourcecode.swift; path = Lab05_AnimationUITests.swift; sourceTree = "<group>"; };
		DF4D34E2235F0E4500076172 /* Info.plist */ = {isa = PBXFileReference; lastKnownFileType = text.plist.xml; path = Info.plist; sourceTree = "<group>"; };
		DF4D34EE235F0EB600076172 /* xmas04.png */ = {isa = PBXFileReference; lastKnownFileType = image.png; path = xmas04.png; sourceTree = "<group>"; };
		DF4D34EF235F0EB600076172 /* xmas08.png */ = {isa = PBXFileReference; lastKnownFileType = image.png; path = xmas08.png; sourceTree = "<group>"; };
		DF4D34F0235F0EB600076172 /* xmas16.png */ = {isa = PBXFileReference; lastKnownFileType = image.png; path = xmas16.png; sourceTree = "<group>"; };
		DF4D34F1235F0EB600076172 /* xmas07.png */ = {isa = PBXFileReference; lastKnownFileType = image.png; path = xmas07.png; sourceTree = "<group>"; };
		DF4D34F2235F0EB600076172 /* xmas05.png */ = {isa = PBXFileReference; lastKnownFileType = image.png; path = xmas05.png; sourceTree = "<group>"; };
		DF4D34F3235F0EB700076172 /* xmas15.png */ = {isa = PBXFileReference; lastKnownFileType = image.png; path = xmas15.png; sourceTree = "<group>"; };
		DF4D34F4235F0EB700076172 /* xmas03.png */ = {isa = PBXFileReference; lastKnownFileType = image.png; path = xmas03.png; sourceTree = "<group>"; };
		DF4D34F5235F0EB700076172 /* xmas06.png */ = {isa = PBXFileReference; lastKnownFileType = image.png; path = xmas06.png; sourceTree = "<group>"; };
		DF4D34F6235F0EB700076172 /* xmas11.png */ = {isa = PBXFileReference; lastKnownFileType = image.png; path = xmas11.png; sourceTree = "<group>"; };
		DF4D34F7235F0EB700076172 /* xmas14.png */ = {isa = PBXFileReference; lastKnownFileType = image.png; path = xmas14.png; sourceTree = "<group>"; };
		DF4D34F8235F0EB700076172 /* xmas09.png */ = {isa = PBXFileReference; lastKnownFileType = image.png; path = xmas09.png; sourceTree = "<group>"; };
		DF4D34F9235F0EB700076172 /* xmas01.png */ = {isa = PBXFileReference; lastKnownFileType = image.png; path = xmas01.png; sourceTree = "<group>"; };
		DF4D34FA235F0EB700076172 /* xmas10.png */ = {isa = PBXFileReference; lastKnownFileType = image.png; path = xmas10.png; sourceTree = "<group>"; };
		DF4D34FB235F0EB700076172 /* xmas12.png */ = {isa = PBXFileReference; lastKnownFileType = image.png; path = xmas12.png; sourceTree = "<group>"; };
		DF4D34FC235F0EB700076172 /* xmas02.png */ = {isa = PBXFileReference; lastKnownFileType = image.png; path = xmas02.png; sourceTree = "<group>"; };
		DF4D34FD235F0EB700076172 /* xmas13.png */ = {isa = PBXFileReference; lastKnownFileType = image.png; path = xmas13.png; sourceTree = "<group>"; };
/* End PBXFileReference section */

/* Begin PBXFrameworksBuildPhase section */
		DF4D34BA235F0E4100076172 /* Frameworks */ = {
			isa = PBXFrameworksBuildPhase;
			buildActionMask = 2147483647;
			files = (
			);
			runOnlyForDeploymentPostprocessing = 0;
		};
		DF4D34CE235F0E4500076172 /* Frameworks */ = {
			isa = PBXFrameworksBuildPhase;
			buildActionMask = 2147483647;
			files = (
			);
			runOnlyForDeploymentPostprocessing = 0;
		};
		DF4D34D9235F0E4500076172 /* Frameworks */ = {
			isa = PBXFrameworksBuildPhase;
			buildActionMask = 2147483647;
			files = (
			);
			runOnlyForDeploymentPostprocessing = 0;
		};
/* End PBXFrameworksBuildPhase section */

/* Begin PBXGroup section */
		DF4D34B4235F0E4100076172 = {
			isa = PBXGroup;
			children = (
				DF4D34BF235F0E4100076172 /* Lab05_Animation */,
				DF4D34D4235F0E4500076172 /* Lab05_AnimationTests */,
				DF4D34DF235F0E4500076172 /* Lab05_AnimationUITests */,
				DF4D34BE235F0E4100076172 /* Products */,
			);
			sourceTree = "<group>";
		};
		DF4D34BE235F0E4100076172 /* Products */ = {
			isa = PBXGroup;
			children = (
				DF4D34BD235F0E4100076172 /* Lab05_Animation.app */,
				DF4D34D1235F0E4500076172 /* Lab05_AnimationTests.xctest */,
				DF4D34DC235F0E4500076172 /* Lab05_AnimationUITests.xctest */,
			);
			name = Products;
			sourceTree = "<group>";
		};
		DF4D34BF235F0E4100076172 /* Lab05_Animation */ = {
			isa = PBXGroup;
			children = (
				DF4D34F9235F0EB700076172 /* xmas01.png */,
				DF4D34FC235F0EB700076172 /* xmas02.png */,
				DF4D34F4235F0EB700076172 /* xmas03.png */,
				DF4D34EE235F0EB600076172 /* xmas04.png */,
				DF4D34F2235F0EB600076172 /* xmas05.png */,
				DF4D34F5235F0EB700076172 /* xmas06.png */,
				DF4D34F1235F0EB600076172 /* xmas07.png */,
				DF4D34EF235F0EB600076172 /* xmas08.png */,
				DF4D34F8235F0EB700076172 /* xmas09.png */,
				DF4D34FA235F0EB700076172 /* xmas10.png */,
				DF4D34F6235F0EB700076172 /* xmas11.png */,
				DF4D34FB235F0EB700076172 /* xmas12.png */,
				DF4D34FD235F0EB700076172 /* xmas13.png */,
				DF4D34F7235F0EB700076172 /* xmas14.png */,
				DF4D34F3235F0EB700076172 /* xmas15.png */,
				DF4D34F0235F0EB600076172 /* xmas16.png */,
				DF4D34C0235F0E4100076172 /* AppDelegate.swift */,
				DF4D34C2235F0E4100076172 /* ViewController.swift */,
				DF4D34C4235F0E4100076172 /* Main.storyboard */,
				DF4D34C7235F0E4500076172 /* Assets.xcassets */,
				DF4D34C9235F0E4500076172 /* LaunchScreen.storyboard */,
				DF4D34CC235F0E4500076172 /* Info.plist */,
			);
			path = Lab05_Animation;
			sourceTree = "<group>";
		};
		DF4D34D4235F0E4500076172 /* Lab05_AnimationTests */ = {
			isa = PBXGroup;
			children = (
				DF4D34D5235F0E4500076172 /* Lab05_AnimationTests.swift */,
				DF4D34D7235F0E4500076172 /* Info.plist */,
			);
			path = Lab05_AnimationTests;
			sourceTree = "<group>";
		};
		DF4D34DF235F0E4500076172 /* Lab05_AnimationUITests */ = {
			isa = PBXGroup;
			children = (
				DF4D34E0235F0E4500076172 /* Lab05_AnimationUITests.swift */,
				DF4D34E2235F0E4500076172 /* Info.plist */,
			);
			path = Lab05_AnimationUITests;
			sourceTree = "<group>";
		};
/* End PBXGroup section */

/* Begin PBXNativeTarget section */
		DF4D34BC235F0E4100076172 /* Lab05_Animation */ = {
			isa = PBXNativeTarget;
			buildConfigurationList = DF4D34E5235F0E4500076172 /* Build configuration list for PBXNativeTarget "Lab05_Animation" */;
			buildPhases = (
				DF4D34B9235F0E4100076172 /* Sources */,
				DF4D34BA235F0E4100076172 /* Frameworks */,
				DF4D34BB235F0E4100076172 /* Resources */,
			);
			buildRules = (
			);
			dependencies = (
			);
			name = Lab05_Animation;
			productName = Lab05_Animation;
			productReference = DF4D34BD235F0E4100076172 /* Lab05_Animation.app */;
			productType = "com.apple.product-type.application";
		};
		DF4D34D0235F0E4500076172 /* Lab05_AnimationTests */ = {
			isa = PBXNativeTarget;
			buildConfigurationList = DF4D34E8235F0E4500076172 /* Build configuration list for PBXNativeTarget "Lab05_AnimationTests" */;
			buildPhases = (
				DF4D34CD235F0E4500076172 /* Sources */,
				DF4D34CE235F0E4500076172 /* Frameworks */,
				DF4D34CF235F0E4500076172 /* Resources */,
			);
			buildRules = (
			);
			dependencies = (
				DF4D34D3235F0E4500076172 /* PBXTargetDependency */,
			);
			name = Lab05_AnimationTests;
			productName = Lab05_AnimationTests;
			productReference = DF4D34D1235F0E4500076172 /* Lab05_AnimationTests.xctest */;
			productType = "com.apple.product-type.bundle.unit-test";
		};
		DF4D34DB235F0E4500076172 /* Lab05_AnimationUITests */ = {
			isa = PBXNativeTarget;
			buildConfigurationList = DF4D34EB235F0E4500076172 /* Build configuration list for PBXNativeTarget "Lab05_AnimationUITests" */;
			buildPhases = (
				DF4D34D8235F0E4500076172 /* Sources */,
				DF4D34D9235F0E4500076172 /* Frameworks */,
				DF4D34DA235F0E4500076172 /* Resources */,
			);
			buildRules = (
			);
			dependencies = (
				DF4D34DE235F0E4500076172 /* PBXTargetDependency */,
			);
			name = Lab05_AnimationUITests;
			productName = Lab05_AnimationUITests;
			productReference = DF4D34DC235F0E4500076172 /* Lab05_AnimationUITests.xctest */;
			productType = "com.apple.product-type.bundle.ui-testing";
		};
/* End PBXNativeTarget section */

/* Begin PBXProject section */
		DF4D34B5235F0E4100076172 /* Project object */ = {
			isa = PBXProject;
			attributes = {
				LastSwiftUpdateCheck = 0940;
				LastUpgradeCheck = 0940;
				ORGANIZATIONNAME = 20145184;
				TargetAttributes = {
					DF4D34BC235F0E4100076172 = {
						CreatedOnToolsVersion = 9.4.1;
					};
					DF4D34D0235F0E4500076172 = {
						CreatedOnToolsVersion = 9.4.1;
						TestTargetID = DF4D34BC235F0E4100076172;
					};
					DF4D34DB235F0E4500076172 = {
						CreatedOnToolsVersion = 9.4.1;
						TestTargetID = DF4D34BC235F0E4100076172;
					};
				};
			};
			buildConfigurationList = DF4D34B8235F0E4100076172 /* Build configuration list for PBXProject "Lab05_Animation" */;
			compatibilityVersion = "Xcode 9.3";
			developmentRegion = en;
			hasScannedForEncodings = 0;
			knownRegions = (
				en,
				Base,
			);
			mainGroup = DF4D34B4235F0E4100076172;
			productRefGroup = DF4D34BE235F0E4100076172 /* Products */;
			projectDirPath = "";
			projectRoot = "";
			targets = (
				DF4D34BC235F0E4100076172 /* Lab05_Animation */,
				DF4D34D0235F0E4500076172 /* Lab05_AnimationTests */,
				DF4D34DB235F0E4500076172 /* Lab05_AnimationUITests */,
			);
		};
/* End PBXProject section */

/* Begin PBXResourcesBuildPhase section */
		DF4D34BB235F0E4100076172 /* Resources */ = {
			isa = PBXResourcesBuildPhase;
			buildActionMask = 2147483647;
			files = (
				DF4D34CB235F0E4500076172 /* LaunchScreen.storyboard in Resources */,
				DF4D34C8235F0E4500076172 /* Assets.xcassets in Resources */,
				DF4D350C235F0EB700076172 /* xmas02.png in Resources */,
				DF4D350D235F0EB700076172 /* xmas13.png in Resources */,
				DF4D350B235F0EB700076172 /* xmas12.png in Resources */,
				DF4D34FF235F0EB700076172 /* xmas08.png in Resources */,
				DF4D3508235F0EB700076172 /* xmas09.png in Resources */,
				DF4D3502235F0EB700076172 /* xmas05.png in Resources */,
				DF4D3506235F0EB700076172 /* xmas11.png in Resources */,
				DF4D34FE235F0EB700076172 /* xmas04.png in Resources */,
				DF4D350A235F0EB700076172 /* xmas10.png in Resources */,
				DF4D34C6235F0E4100076172 /* Main.storyboard in Resources */,
				DF4D3503235F0EB700076172 /* xmas15.png in Resources */,
				DF4D3505235F0EB700076172 /* xmas06.png in Resources */,
				DF4D3507235F0EB700076172 /* xmas14.png in Resources */,
				DF4D3504235F0EB700076172 /* xmas03.png in Resources */,
				DF4D3509235F0EB700076172 /* xmas01.png in Resources */,
				DF4D3501235F0EB700076172 /* xmas07.png in Resources */,
				DF4D3500235F0EB700076172 /* xmas16.png in Resources */,
			);
			runOnlyForDeploymentPostprocessing = 0;
		};
		DF4D34CF235F0E4500076172 /* Resources */ = {
			isa = PBXResourcesBuildPhase;
			buildActionMask = 2147483647;
			files = (
			);
			runOnlyForDeploymentPostprocessing = 0;
		};
		DF4D34DA235F0E4500076172 /* Resources */ = {
			isa = PBXResourcesBuildPhase;
			buildActionMask = 2147483647;
			files = (
			);
			runOnlyForDeploymentPostprocessing = 0;
		};
/* End PBXResourcesBuildPhase section */

/* Begin PBXSourcesBuildPhase section */
		DF4D34B9235F0E4100076172 /* Sources */ = {
			isa = PBXSourcesBuildPhase;
			buildActionMask = 2147483647;
			files = (
				DF4D34C3235F0E4100076172 /* ViewController.swift in Sources */,
				DF4D34C1235F0E4100076172 /* AppDelegate.swift in Sources */,
			);
			runOnlyForDeploymentPostprocessing = 0;
		};
		DF4D34CD235F0E4500076172 /* Sources */ = {
			isa = PBXSourcesBuildPhase;
			buildActionMask = 2147483647;
			files = (
				DF4D34D6235F0E4500076172 /* Lab05_AnimationTests.swift in Sources */,
			);
			runOnlyForDeploymentPostprocessing = 0;
		};
		DF4D34D8235F0E4500076172 /* Sources */ = {
			isa = PBXSourcesBuildPhase;
			buildActionMask = 2147483647;
			files = (
				DF4D34E1235F0E4500076172 /* Lab05_AnimationUITests.swift in Sources */,
			);
			runOnlyForDeploymentPostprocessing = 0;
		};
/* End PBXSourcesBuildPhase section */

/* Begin PBXTargetDependency section */
		DF4D34D3235F0E4500076172 /* PBXTargetDependency */ = {
			isa = PBXTargetDependency;
			target = DF4D34BC235F0E4100076172 /* Lab05_Animation */;
			targetProxy = DF4D34D2235F0E4500076172 /* PBXContainerItemProxy */;
		};
		DF4D34DE235F0E4500076172 /* PBXTargetDependency */ = {
			isa = PBXTargetDependency;
			target = DF4D34BC235F0E4100076172 /* Lab05_Animation */;
			targetProxy = DF4D34DD235F0E4500076172 /* PBXContainerItemProxy */;
		};
/* End PBXTargetDependency section */

/* Begin PBXVariantGroup section */
		DF4D34C4235F0E4100076172 /* Main.storyboard */ = {
			isa = PBXVariantGroup;
			children = (
				DF4D34C5235F0E4100076172 /* Base */,
			);
			name = Main.storyboard;
			sourceTree = "<group>";
		};
		DF4D34C9235F0E4500076172 /* LaunchScreen.storyboard */ = {
			isa = PBXVariantGroup;
			children = (
				DF4D34CA235F0E4500076172 /* Base */,
			);
			name = LaunchScreen.storyboard;
			sourceTree = "<group>";
		};
/* End PBXVariantGroup section */

/* Begin XCBuildConfiguration section */
		DF4D34E3235F0E4500076172 /* Debug */ = {
			isa = XCBuildConfiguration;
			buildSettings = {
				ALWAYS_SEARCH_USER_PATHS = NO;
				CLANG_ANALYZER_NONNULL = YES;
				CLANG_ANALYZER_NUMBER_OBJECT_CONVERSION = YES_AGGRESSIVE;
				CLANG_CXX_LANGUAGE_STANDARD = "gnu++14";
				CLANG_CXX_LIBRARY = "libc++";
				CLANG_ENABLE_MODULES = YES;
				CLANG_ENABLE_OBJC_ARC = YES;
				CLANG_ENABLE_OBJC_WEAK = YES;
				CLANG_WARN_BLOCK_CAPTURE_AUTORELEASING = YES;
				CLANG_WARN_BOOL_CONVERSION = YES;
				CLANG_WARN_COMMA = YES;
				CLANG_WARN_CONSTANT_CONVERSION = YES;
				CLANG_WARN_DEPRECATED_OBJC_IMPLEMENTATIONS = YES;
				CLANG_WARN_DIRECT_OBJC_ISA_USAGE = YES_ERROR;
				CLANG_WARN_DOCUMENTATION_COMMENTS = YES;
				CLANG_WARN_EMPTY_BODY = YES;
				CLANG_WARN_ENUM_CONVERSION = YES;
				CLANG_WARN_INFINITE_RECURSION = YES;
				CLANG_WARN_INT_CONVERSION = YES;
				CLANG_WARN_NON_LITERAL_NULL_CONVERSION = YES;
				CLANG_WARN_OBJC_IMPLICIT_RETAIN_SELF = YES;
				CLANG_WARN_OBJC_LITERAL_CONVERSION = YES;
				CLANG_WARN_OBJC_ROOT_CLASS = YES_ERROR;
				CLANG_WARN_RANGE_LOOP_ANALYSIS = YES;
				CLANG_WARN_STRICT_PROTOTYPES = YES;
				CLANG_WARN_SUSPICIOUS_MOVE = YES;
				CLANG_WARN_UNGUARDED_AVAILABILITY = YES_AGGRESSIVE;
				CLANG_WARN_UNREACHABLE_CODE = YES;
				CLANG_WARN__DUPLICATE_METHOD_MATCH = YES;
				CODE_SIGN_IDENTITY = "iPhone Developer";
				COPY_PHASE_STRIP = NO;
				DEBUG_INFORMATION_FORMAT = dwarf;
				ENABLE_STRICT_OBJC_MSGSEND = YES;
				ENABLE_TESTABILITY = YES;
				GCC_C_LANGUAGE_STANDARD = gnu11;
				GCC_DYNAMIC_NO_PIC = NO;
				GCC_NO_COMMON_BLOCKS = YES;
				GCC_OPTIMIZATION_LEVEL = 0;
				GCC_PREPROCESSOR_DEFINITIONS = (
					"DEBUG=1",
					"$(inherited)",
				);
				GCC_WARN_64_TO_32_BIT_CONVERSION = YES;
				GCC_WARN_ABOUT_RETURN_TYPE = YES_ERROR;
				GCC_WARN_UNDECLARED_SELECTOR = YES;
				GCC_WARN_UNINITIALIZED_AUTOS = YES_AGGRESSIVE;
				GCC_WARN_UNUSED_FUNCTION = YES;
				GCC_WARN_UNUSED_VARIABLE = YES;
				IPHONEOS_DEPLOYMENT_TARGET = 11.4;
				MTL_ENABLE_DEBUG_INFO = YES;
				ONLY_ACTIVE_ARCH = YES;
				SDKROOT = iphoneos;
				SWIFT_ACTIVE_COMPILATION_CONDITIONS = DEBUG;
				SWIFT_OPTIMIZATION_LEVEL = "-Onone";
			};
			name = Debug;
		};
		DF4D34E4235F0E4500076172 /* Release */ = {
			isa = XCBuildConfiguration;
			buildSettings = {
				ALWAYS_SEARCH_USER_PATHS = NO;
				CLANG_ANALYZER_NONNULL = YES;
				CLANG_ANALYZER_NUMBER_OBJECT_CONVERSION = YES_AGGRESSIVE;
				CLANG_CXX_LANGUAGE_STANDARD = "gnu++14";
				CLANG_CXX_LIBRARY = "libc++";
				CLANG_ENABLE_MODULES = YES;
				CLANG_ENABLE_OBJC_ARC = YES;
				CLANG_ENABLE_OBJC_WEAK = YES;
				CLANG_WARN_BLOCK_CAPTURE_AUTORELEASING = YES;
				CLANG_WARN_BOOL_CONVERSION = YES;
				CLANG_WARN_COMMA = YES;
				CLANG_WARN_CONSTANT_CONVERSION = YES;
				CLANG_WARN_DEPRECATED_OBJC_IMPLEMENTATIONS = YES;
				CLANG_WARN_DIRECT_OBJC_ISA_USAGE = YES_ERROR;
				CLANG_WARN_DOCUMENTATION_COMMENTS = YES;
				CLANG_WARN_EMPTY_BODY = YES;
				CLANG_WARN_ENUM_CONVERSION = YES;
				CLANG_WARN_INFINITE_RECURSION = YES;
				CLANG_WARN_INT_CONVERSION = YES;
				CLANG_WARN_NON_LITERAL_NULL_CONVERSION = YES;
				CLANG_WARN_OBJC_IMPLICIT_RETAIN_SELF = YES;
				CLANG_WARN_OBJC_LITERAL_CONVERSION = YES;
				CLANG_WARN_OBJC_ROOT_CLASS = YES_ERROR;
				CLANG_WARN_RANGE_LOOP_ANALYSIS = YES;
				CLANG_WARN_STRICT_PROTOTYPES = YES;
				CLANG_WARN_SUSPICIOUS_MOVE = YES;
				CLANG_WARN_UNGUARDED_AVAILABILITY = YES_AGGRESSIVE;
				CLANG_WARN_UNREACHABLE_CODE = YES;
				CLANG_WARN__DUPLICATE_METHOD_MATCH = YES;
				CODE_SIGN_IDENTITY = "iPhone Developer";
				COPY_PHASE_STRIP = NO;
				DEBUG_INFORMATION_FORMAT = "dwarf-with-dsym";
				ENABLE_NS_ASSERTIONS = NO;
				ENABLE_STRICT_OBJC_MSGSEND = YES;
				GCC_C_LANGUAGE_STANDARD = gnu11;
				GCC_NO_COMMON_BLOCKS = YES;
				GCC_WARN_64_TO_32_BIT_CONVERSION = YES;
				GCC_WARN_ABOUT_RETURN_TYPE = YES_ERROR;
				GCC_WARN_UNDECLARED_SELECTOR = YES;
				GCC_WARN_UNINITIALIZED_AUTOS = YES_AGGRESSIVE;
				GCC_WARN_UNUSED_FUNCTION = YES;
				GCC_WARN_UNUSED_VARIABLE = YES;
				IPHONEOS_DEPLOYMENT_TARGET = 11.4;
				MTL_ENABLE_DEBUG_INFO = NO;
				SDKROOT = iphoneos;
				SWIFT_COMPILATION_MODE = wholemodule;
				SWIFT_OPTIMIZATION_LEVEL = "-O";
				VALIDATE_PRODUCT = YES;
			};
			name = Release;
		};
		DF4D34E6235F0E4500076172 /* Debug */ = {
			isa = XCBuildConfiguration;
			buildSettings = {
				ASSETCATALOG_COMPILER_APPICON_NAME = AppIcon;
				CODE_SIGN_STYLE = Automatic;
				INFOPLIST_FILE = Lab05_Animation/Info.plist;
				LD_RUNPATH_SEARCH_PATHS = (
					"$(inherited)",
					"@executable_path/Frameworks",
				);
				PRODUCT_BUNDLE_IDENTIFIER = "-0145184.Lab05-Animation";
				PRODUCT_NAME = "$(TARGET_NAME)";
				SWIFT_VERSION = 4.0;
				TARGETED_DEVICE_FAMILY = "1,2";
			};
			name = Debug;
		};
		DF4D34E7235F0E4500076172 /* Release */ = {
			isa = XCBuildConfiguration;
			buildSettings = {
				ASSETCATALOG_COMPILER_APPICON_NAME = AppIcon;
				CODE_SIGN_STYLE = Automatic;
				INFOPLIST_FILE = Lab05_Animation/Info.plist;
				LD_RUNPATH_SEARCH_PATHS = (
					"$(inherited)",
					"@executable_path/Frameworks",
				);
				PRODUCT_BUNDLE_IDENTIFIER = "-0145184.Lab05-Animation";
				PRODUCT_NAME = "$(TARGET_NAME)";
				SWIFT_VERSION = 4.0;
				TARGETED_DEVICE_FAMILY = "1,2";
			};
			name = Release;
		};
		DF4D34E9235F0E4500076172 /* Debug */ = {
			isa = XCBuildConfiguration;
			buildSettings = {
				ALWAYS_EMBED_SWIFT_STANDARD_LIBRARIES = YES;
				BUNDLE_LOADER = "$(TEST_HOST)";
				CODE_SIGN_STYLE = Automatic;
				INFOPLIST_FILE = Lab05_AnimationTests/Info.plist;
				LD_RUNPATH_SEARCH_PATHS = (
					"$(inherited)",
					"@executable_path/Frameworks",
					"@loader_path/Frameworks",
				);
				PRODUCT_BUNDLE_IDENTIFIER = "-0145184.Lab05-AnimationTests";
				PRODUCT_NAME = "$(TARGET_NAME)";
				SWIFT_VERSION = 4.0;
				TARGETED_DEVICE_FAMILY = "1,2";
				TEST_HOST = "$(BUILT_PRODUCTS_DIR)/Lab05_Animation.app/Lab05_Animation";
			};
			name = Debug;
		};
		DF4D34EA235F0E4500076172 /* Release */ = {
			isa = XCBuildConfiguration;
			buildSettings = {
				ALWAYS_EMBED_SWIFT_STANDARD_LIBRARIES = YES;
				BUNDLE_LOADER = "$(TEST_HOST)";
				CODE_SIGN_STYLE = Automatic;
				INFOPLIST_FILE = Lab05_AnimationTests/Info.plist;
				LD_RUNPATH_SEARCH_PATHS = (
					"$(inherited)",
					"@executable_path/Frameworks",
					"@loader_path/Frameworks",
				);
				PRODUCT_BUNDLE_IDENTIFIER = "-0145184.Lab05-AnimationTests";
				PRODUCT_NAME = "$(TARGET_NAME)";
				SWIFT_VERSION = 4.0;
				TARGETED_DEVICE_FAMILY = "1,2";
				TEST_HOST = "$(BUILT_PRODUCTS_DIR)/Lab05_Animation.app/Lab05_Animation";
			};
			name = Release;
		};
		DF4D34EC235F0E4500076172 /* Debug */ = {
			isa = XCBuildConfiguration;
			buildSettings = {
				ALWAYS_EMBED_SWIFT_STANDARD_LIBRARIES = YES;
				CODE_SIGN_STYLE = Automatic;
				INFOPLIST_FILE = Lab05_AnimationUITests/Info.plist;
				LD_RUNPATH_SEARCH_PATHS = (
					"$(inherited)",
					"@executable_path/Frameworks",
					"@loader_path/Frameworks",
				);
				PRODUCT_BUNDLE_IDENTIFIER = "-0145184.Lab05-AnimationUITests";
				PRODUCT_NAME = "$(TARGET_NAME)";
				SWIFT_VERSION = 4.0;
				TARGETED_DEVICE_FAMILY = "1,2";
				TEST_TARGET_NAME = Lab05_Animation;
			};
			name = Debug;
		};
		DF4D34ED235F0E4500076172 /* Release */ = {
			isa = XCBuildConfiguration;
			buildSettings = {
				ALWAYS_EMBED_SWIFT_STANDARD_LIBRARIES = YES;
				CODE_SIGN_STYLE = Automatic;
				INFOPLIST_FILE = Lab05_AnimationUITests/Info.plist;
				LD_RUNPATH_SEARCH_PATHS = (
					"$(inherited)",
					"@executable_path/Frameworks",
					"@loader_path/Frameworks",
				);
				PRODUCT_BUNDLE_IDENTIFIER = "-0145184.Lab05-AnimationUITests";
				PRODUCT_NAME = "$(TARGET_NAME)";
				SWIFT_VERSION = 4.0;
				TARGETED_DEVICE_FAMILY = "1,2";
				TEST_TARGET_NAME = Lab05_Animation;
			};
			name = Release;
		};
/* End XCBuildConfiguration section */

/* Begin XCConfigurationList section */
		DF4D34B8235F0E4100076172 /* Build configuration list for PBXProject "Lab05_Animation" */ = {
			isa = XCConfigurationList;
			buildConfigurations = (
				DF4D34E3235F0E4500076172 /* Debug */,
				DF4D34E4235F0E4500076172 /* Release */,
			);
			defaultConfigurationIsVisible = 0;
			defaultConfigurationName = Release;
		};
		DF4D34E5235F0E4500076172 /* Build configuration list for PBXNativeTarget "Lab05_Animation" */ = {
			isa = XCConfigurationList;
			buildConfigurations = (
				DF4D34E6235F0E4500076172 /* Debug */,
				DF4D34E7235F0E4500076172 /* Release */,
			);
			defaultConfigurationIsVisible = 0;
			defaultConfigurationName = Release;
		};
		DF4D34E8235F0E4500076172 /* Build configuration list for PBXNativeTarget "Lab05_AnimationTests" */ = {
			isa = XCConfigurationList;
			buildConfigurations = (
				DF4D34E9235F0E4500076172 /* Debug */,
				DF4D34EA235F0E4500076172 /* Release */,
			);
			defaultConfigurationIsVisible = 0;
			defaultConfigurationName = Release;
		};
		DF4D34EB235F0E4500076172 /* Build configuration list for PBXNativeTarget "Lab05_AnimationUITests" */ = {
			isa = XCConfigurationList;
			buildConfigurations = (
				DF4D34EC235F0E4500076172 /* Debug */,
				DF4D34ED235F0E4500076172 /* Release */,
			);
			defaultConfigurationIsVisible = 0;
			defaultConfigurationName = Release;
		};
/* End XCConfigurationList section */
	};
	rootObject = DF4D34B5235F0E4100076172 /* Project object */;
}
