// !$*UTF8*$!
{
	archiveVersion = 1;
	classes = {
	};
	objectVersion = 50;
	objects = {

/* Begin PBXBuildFile section */
		DF6DAFCB2338B3DF001E8B3C /* AppDelegate.swift in Sources */ = {isa = PBXBuildFile; fileRef = DF6DAFCA2338B3DF001E8B3C /* AppDelegate.swift */; };
		DF6DAFCD2338B3DF001E8B3C /* ViewController.swift in Sources */ = {isa = PBXBuildFile; fileRef = DF6DAFCC2338B3DF001E8B3C /* ViewController.swift */; };
		DF6DAFD02338B3DF001E8B3C /* Main.storyboard in Resources */ = {isa = PBXBuildFile; fileRef = DF6DAFCE2338B3DF001E8B3C /* Main.storyboard */; };
		DF6DAFD22338B3E1001E8B3C /* Assets.xcassets in Resources */ = {isa = PBXBuildFile; fileRef = DF6DAFD12338B3E1001E8B3C /* Assets.xcassets */; };
		DF6DAFD52338B3E1001E8B3C /* LaunchScreen.storyboard in Resources */ = {isa = PBXBuildFile; fileRef = DF6DAFD32338B3E1001E8B3C /* LaunchScreen.storyboard */; };
/* End PBXBuildFile section */

/* Begin PBXFileReference section */
		DF6DAFC72338B3DF001E8B3C /* 20145128_.app */ = {isa = PBXFileReference; explicitFileType = wrapper.application; includeInIndex = 0; path = 20145128_.app; sourceTree = BUILT_PRODUCTS_DIR; };
		DF6DAFCA2338B3DF001E8B3C /* AppDelegate.swift */ = {isa = PBXFileReference; lastKnownFileType = sourcecode.swift; path = AppDelegate.swift; sourceTree = "<group>"; };
		DF6DAFCC2338B3DF001E8B3C /* ViewController.swift */ = {isa = PBXFileReference; lastKnownFileType = sourcecode.swift; path = ViewController.swift; sourceTree = "<group>"; };
		DF6DAFCF2338B3DF001E8B3C /* Base */ = {isa = PBXFileReference; lastKnownFileType = file.storyboard; name = Base; path = Base.lproj/Main.storyboard; sourceTree = "<group>"; };
		DF6DAFD12338B3E1001E8B3C /* Assets.xcassets */ = {isa = PBXFileReference; lastKnownFileType = folder.assetcatalog; path = Assets.xcassets; sourceTree = "<group>"; };
		DF6DAFD42338B3E1001E8B3C /* Base */ = {isa = PBXFileReference; lastKnownFileType = file.storyboard; name = Base; path = Base.lproj/LaunchScreen.storyboard; sourceTree = "<group>"; };
		DF6DAFD62338B3E1001E8B3C /* Info.plist */ = {isa = PBXFileReference; lastKnownFileType = text.plist.xml; path = Info.plist; sourceTree = "<group>"; };
/* End PBXFileReference section */

/* Begin PBXFrameworksBuildPhase section */
		DF6DAFC42338B3DF001E8B3C /* Frameworks */ = {
			isa = PBXFrameworksBuildPhase;
			buildActionMask = 2147483647;
			files = (
			);
			runOnlyForDeploymentPostprocessing = 0;
		};
/* End PBXFrameworksBuildPhase section */

/* Begin PBXGroup section */
		DF6DAFBE2338B3DF001E8B3C = {
			isa = PBXGroup;
			children = (
				DF6DAFC92338B3DF001E8B3C /* 20145128_ */,
				DF6DAFC82338B3DF001E8B3C /* Products */,
			);
			sourceTree = "<group>";
		};
		DF6DAFC82338B3DF001E8B3C /* Products */ = {
			isa = PBXGroup;
			children = (
				DF6DAFC72338B3DF001E8B3C /* 20145128_.app */,
			);
			name = Products;
			sourceTree = "<group>";
		};
		DF6DAFC92338B3DF001E8B3C /* 20145128_ */ = {
			isa = PBXGroup;
			children = (
				DF6DAFCA2338B3DF001E8B3C /* AppDelegate.swift */,
				DF6DAFCC2338B3DF001E8B3C /* ViewController.swift */,
				DF6DAFCE2338B3DF001E8B3C /* Main.storyboard */,
				DF6DAFD12338B3E1001E8B3C /* Assets.xcassets */,
				DF6DAFD32338B3E1001E8B3C /* LaunchScreen.storyboard */,
				DF6DAFD62338B3E1001E8B3C /* Info.plist */,
			);
			path = 20145128_;
			sourceTree = "<group>";
		};
/* End PBXGroup section */

/* Begin PBXNativeTarget section */
		DF6DAFC62338B3DF001E8B3C /* 20145128_ */ = {
			isa = PBXNativeTarget;
			buildConfigurationList = DF6DAFD92338B3E1001E8B3C /* Build configuration list for PBXNativeTarget "20145128_" */;
			buildPhases = (
				DF6DAFC32338B3DF001E8B3C /* Sources */,
				DF6DAFC42338B3DF001E8B3C /* Frameworks */,
				DF6DAFC52338B3DF001E8B3C /* Resources */,
			);
			buildRules = (
			);
			dependencies = (
			);
			name = 20145128_;
			productName = 20145128_;
			productReference = DF6DAFC72338B3DF001E8B3C /* 20145128_.app */;
			productType = "com.apple.product-type.application";
		};
/* End PBXNativeTarget section */

/* Begin PBXProject section */
		DF6DAFBF2338B3DF001E8B3C /* Project object */ = {
			isa = PBXProject;
			attributes = {
				LastSwiftUpdateCheck = 1000;
				LastUpgradeCheck = 1000;
				ORGANIZATIONNAME = Kim;
				TargetAttributes = {
					DF6DAFC62338B3DF001E8B3C = {
						CreatedOnToolsVersion = 10.0;
					};
				};
			};
			buildConfigurationList = DF6DAFC22338B3DF001E8B3C /* Build configuration list for PBXProject "20145128_" */;
			compatibilityVersion = "Xcode 9.3";
			developmentRegion = en;
			hasScannedForEncodings = 0;
			knownRegions = (
				en,
				Base,
			);
			mainGroup = DF6DAFBE2338B3DF001E8B3C;
			productRefGroup = DF6DAFC82338B3DF001E8B3C /* Products */;
			projectDirPath = "";
			projectRoot = "";
			targets = (
				DF6DAFC62338B3DF001E8B3C /* 20145128_ */,
			);
		};
/* End PBXProject section */

/* Begin PBXResourcesBuildPhase section */
		DF6DAFC52338B3DF001E8B3C /* Resources */ = {
			isa = PBXResourcesBuildPhase;
			buildActionMask = 2147483647;
			files = (
				DF6DAFD52338B3E1001E8B3C /* LaunchScreen.storyboard in Resources */,
				DF6DAFD22338B3E1001E8B3C /* Assets.xcassets in Resources */,
				DF6DAFD02338B3DF001E8B3C /* Main.storyboard in Resources */,
			);
			runOnlyForDeploymentPostprocessing = 0;
		};
/* End PBXResourcesBuildPhase section */

/* Begin PBXSourcesBuildPhase section */
		DF6DAFC32338B3DF001E8B3C /* Sources */ = {
			isa = PBXSourcesBuildPhase;
			buildActionMask = 2147483647;
			files = (
				DF6DAFCD2338B3DF001E8B3C /* ViewController.swift in Sources */,
				DF6DAFCB2338B3DF001E8B3C /* AppDelegate.swift in Sources */,
			);
			runOnlyForDeploymentPostprocessing = 0;
		};
/* End PBXSourcesBuildPhase section */

/* Begin PBXVariantGroup section */
		DF6DAFCE2338B3DF001E8B3C /* Main.storyboard */ = {
			isa = PBXVariantGroup;
			children = (
				DF6DAFCF2338B3DF001E8B3C /* Base */,
			);
			name = Main.storyboard;
			sourceTree = "<group>";
		};
		DF6DAFD32338B3E1001E8B3C /* LaunchScreen.storyboard */ = {
			isa = PBXVariantGroup;
			children = (
				DF6DAFD42338B3E1001E8B3C /* Base */,
			);
			name = LaunchScreen.storyboard;
			sourceTree = "<group>";
		};
/* End PBXVariantGroup section */

/* Begin XCBuildConfiguration section */
		DF6DAFD72338B3E1001E8B3C /* Debug */ = {
			isa = XCBuildConfiguration;
			buildSettings = {
				ALWAYS_SEARCH_USER_PATHS = NO;
				CLANG_ANALYZER_NONNULL = YES;
				CLANG_ANALYZER_NUMBER_OBJECT_CONVERSION = YES_AGGRESSIVE;
				CLANG_CXX_LANGUAGE_STANDARD = "gnu++14";
				CLANG_CXX_LIBRARY = "libc++";
				CLANG_ENABLE_MODULES = YES;
				CLANG_ENABLE_OBJC_ARC = YES;
				CLANG_ENABLE_OBJC_WEAK = YES;
				CLANG_WARN_BLOCK_CAPTURE_AUTORELEASING = YES;
				CLANG_WARN_BOOL_CONVERSION = YES;
				CLANG_WARN_COMMA = YES;
				CLANG_WARN_CONSTANT_CONVERSION = YES;
				CLANG_WARN_DEPRECATED_OBJC_IMPLEMENTATIONS = YES;
				CLANG_WARN_DIRECT_OBJC_ISA_USAGE = YES_ERROR;
				CLANG_WARN_DOCUMENTATION_COMMENTS = YES;
				CLANG_WARN_EMPTY_BODY = YES;
				CLANG_WARN_ENUM_CONVERSION = YES;
				CLANG_WARN_INFINITE_RECURSION = YES;
				CLANG_WARN_INT_CONVERSION = YES;
				CLANG_WARN_NON_LITERAL_NULL_CONVERSION = YES;
				CLANG_WARN_OBJC_IMPLICIT_RETAIN_SELF = YES;
				CLANG_WARN_OBJC_LITERAL_CONVERSION = YES;
				CLANG_WARN_OBJC_ROOT_CLASS = YES_ERROR;
				CLANG_WARN_RANGE_LOOP_ANALYSIS = YES;
				CLANG_WARN_STRICT_PROTOTYPES = YES;
				CLANG_WARN_SUSPICIOUS_MOVE = YES;
				CLANG_WARN_UNGUARDED_AVAILABILITY = YES_AGGRESSIVE;
				CLANG_WARN_UNREACHABLE_CODE = YES;
				CLANG_WARN__DUPLICATE_METHOD_MATCH = YES;
				CODE_SIGN_IDENTITY = "iPhone Developer";
				COPY_PHASE_STRIP = NO;
				DEBUG_INFORMATION_FORMAT = dwarf;
				ENABLE_STRICT_OBJC_MSGSEND = YES;
				ENABLE_TESTABILITY = YES;
				GCC_C_LANGUAGE_STANDARD = gnu11;
				GCC_DYNAMIC_NO_PIC = NO;
				GCC_NO_COMMON_BLOCKS = YES;
				GCC_OPTIMIZATION_LEVEL = 0;
				GCC_PREPROCESSOR_DEFINITIONS = (
					"DEBUG=1",
					"$(inherited)",
				);
				GCC_WARN_64_TO_32_BIT_CONVERSION = YES;
				GCC_WARN_ABOUT_RETURN_TYPE = YES_ERROR;
				GCC_WARN_UNDECLARED_SELECTOR = YES;
				GCC_WARN_UNINITIALIZED_AUTOS = YES_AGGRESSIVE;
				GCC_WARN_UNUSED_FUNCTION = YES;
				GCC_WARN_UNUSED_VARIABLE = YES;
				IPHONEOS_DEPLOYMENT_TARGET = 12.0;
				MTL_ENABLE_DEBUG_INFO = INCLUDE_SOURCE;
				MTL_FAST_MATH = YES;
				ONLY_ACTIVE_ARCH = YES;
				SDKROOT = iphoneos;
				SWIFT_ACTIVE_COMPILATION_CONDITIONS = DEBUG;
				SWIFT_OPTIMIZATION_LEVEL = "-Onone";
			};
			name = Debug;
		};
		DF6DAFD82338B3E1001E8B3C /* Release */ = {
			isa = XCBuildConfiguration;
			buildSettings = {
				ALWAYS_SEARCH_USER_PATHS = NO;
				CLANG_ANALYZER_NONNULL = YES;
				CLANG_ANALYZER_NUMBER_OBJECT_CONVERSION = YES_AGGRESSIVE;
				CLANG_CXX_LANGUAGE_STANDARD = "gnu++14";
				CLANG_CXX_LIBRARY = "libc++";
				CLANG_ENABLE_MODULES = YES;
				CLANG_ENABLE_OBJC_ARC = YES;
				CLANG_ENABLE_OBJC_WEAK = YES;
				CLANG_WARN_BLOCK_CAPTURE_AUTORELEASING = YES;
				CLANG_WARN_BOOL_CONVERSION = YES;
				CLANG_WARN_COMMA = YES;
				CLANG_WARN_CONSTANT_CONVERSION = YES;
				CLANG_WARN_DEPRECATED_OBJC_IMPLEMENTATIONS = YES;
				CLANG_WARN_DIRECT_OBJC_ISA_USAGE = YES_ERROR;
				CLANG_WARN_DOCUMENTATION_COMMENTS = YES;
				CLANG_WARN_EMPTY_BODY = YES;
				CLANG_WARN_ENUM_CONVERSION = YES;
				CLANG_WARN_INFINITE_RECURSION = YES;
				CLANG_WARN_INT_CONVERSION = YES;
				CLANG_WARN_NON_LITERAL_NULL_CONVERSION = YES;
				CLANG_WARN_OBJC_IMPLICIT_RETAIN_SELF = YES;
				CLANG_WARN_OBJC_LITERAL_CONVERSION = YES;
				CLANG_WARN_OBJC_ROOT_CLASS = YES_ERROR;
				CLANG_WARN_RANGE_LOOP_ANALYSIS = YES;
				CLANG_WARN_STRICT_PROTOTYPES = YES;
				CLANG_WARN_SUSPICIOUS_MOVE = YES;
				CLANG_WARN_UNGUARDED_AVAILABILITY = YES_AGGRESSIVE;
				CLANG_WARN_UNREACHABLE_CODE = YES;
				CLANG_WARN__DUPLICATE_METHOD_MATCH = YES;
				CODE_SIGN_IDENTITY = "iPhone Developer";
				COPY_PHASE_STRIP = NO;
				DEBUG_INFORMATION_FORMAT = "dwarf-with-dsym";
				ENABLE_NS_ASSERTIONS = NO;
				ENABLE_STRICT_OBJC_MSGSEND = YES;
				GCC_C_LANGUAGE_STANDARD = gnu11;
				GCC_NO_COMMON_BLOCKS = YES;
				GCC_WARN_64_TO_32_BIT_CONVERSION = YES;
				GCC_WARN_ABOUT_RETURN_TYPE = YES_ERROR;
				GCC_WARN_UNDECLARED_SELECTOR = YES;
				GCC_WARN_UNINITIALIZED_AUTOS = YES_AGGRESSIVE;
				GCC_WARN_UNUSED_FUNCTION = YES;
				GCC_WARN_UNUSED_VARIABLE = YES;
				IPHONEOS_DEPLOYMENT_TARGET = 12.0;
				MTL_ENABLE_DEBUG_INFO = NO;
				MTL_FAST_MATH = YES;
				SDKROOT = iphoneos;
				SWIFT_COMPILATION_MODE = wholemodule;
				SWIFT_OPTIMIZATION_LEVEL = "-O";
				VALIDATE_PRODUCT = YES;
			};
			name = Release;
		};
		DF6DAFDA2338B3E1001E8B3C /* Debug */ = {
			isa = XCBuildConfiguration;
			buildSettings = {
				ASSETCATALOG_COMPILER_APPICON_NAME = AppIcon;
				CODE_SIGN_STYLE = Automatic;
				INFOPLIST_FILE = 20145128_/Info.plist;
				LD_RUNPATH_SEARCH_PATHS = (
					"$(inherited)",
					"@executable_path/Frameworks",
				);
				PRODUCT_BUNDLE_IDENTIFIER = "hallym.ac.kr.-0145128-";
				PRODUCT_NAME = "$(TARGET_NAME)";
				SWIFT_VERSION = 4.2;
				TARGETED_DEVICE_FAMILY = "1,2";
			};
			name = Debug;
		};
		DF6DAFDB2338B3E1001E8B3C /* Release */ = {
			isa = XCBuildConfiguration;
			buildSettings = {
				ASSETCATALOG_COMPILER_APPICON_NAME = AppIcon;
				CODE_SIGN_STYLE = Automatic;
				INFOPLIST_FILE = 20145128_/Info.plist;
				LD_RUNPATH_SEARCH_PATHS = (
					"$(inherited)",
					"@executable_path/Frameworks",
				);
				PRODUCT_BUNDLE_IDENTIFIER = "hallym.ac.kr.-0145128-";
				PRODUCT_NAME = "$(TARGET_NAME)";
				SWIFT_VERSION = 4.2;
				TARGETED_DEVICE_FAMILY = "1,2";
			};
			name = Release;
		};
/* End XCBuildConfiguration section */

/* Begin XCConfigurationList section */
		DF6DAFC22338B3DF001E8B3C /* Build configuration list for PBXProject "20145128_" */ = {
			isa = XCConfigurationList;
			buildConfigurations = (
				DF6DAFD72338B3E1001E8B3C /* Debug */,
				DF6DAFD82338B3E1001E8B3C /* Release */,
			);
			defaultConfigurationIsVisible = 0;
			defaultConfigurationName = Release;
		};
		DF6DAFD92338B3E1001E8B3C /* Build configuration list for PBXNativeTarget "20145128_" */ = {
			isa = XCConfigurationList;
			buildConfigurations = (
				DF6DAFDA2338B3E1001E8B3C /* Debug */,
				DF6DAFDB2338B3E1001E8B3C /* Release */,
			);
			defaultConfigurationIsVisible = 0;
			defaultConfigurationName = Release;
		};
/* End XCConfigurationList section */
	};
	rootObject = DF6DAFBF2338B3DF001E8B3C /* Project object */;
}
