// !$*UTF8*$!
{
	archiveVersion = 1;
	classes = {
	};
	objectVersion = 50;
	objects = {

/* Begin PBXBuildFile section */
		DF24B48A235FFDB200815CCA /* AppDelegate.swift in Sources */ = {isa = PBXBuildFile; fileRef = DF24B489235FFDB200815CCA /* AppDelegate.swift */; };
		DF24B48C235FFDB200815CCA /* ViewController.swift in Sources */ = {isa = PBXBuildFile; fileRef = DF24B48B235FFDB200815CCA /* ViewController.swift */; };
		DF24B48F235FFDB200815CCA /* Main.storyboard in Resources */ = {isa = PBXBuildFile; fileRef = DF24B48D235FFDB200815CCA /* Main.storyboard */; };
		DF24B491235FFDB300815CCA /* Assets.xcassets in Resources */ = {isa = PBXBuildFile; fileRef = DF24B490235FFDB300815CCA /* Assets.xcassets */; };
		DF24B494235FFDB300815CCA /* LaunchScreen.storyboard in Resources */ = {isa = PBXBuildFile; fileRef = DF24B492235FFDB300815CCA /* LaunchScreen.storyboard */; };
		DF24B49F235FFDB400815CCA /* _7_webViewTests.swift in Sources */ = {isa = PBXBuildFile; fileRef = DF24B49E235FFDB400815CCA /* _7_webViewTests.swift */; };
		DF24B4AA235FFDB400815CCA /* _7_webViewUITests.swift in Sources */ = {isa = PBXBuildFile; fileRef = DF24B4A9235FFDB400815CCA /* _7_webViewUITests.swift */; };
		DF24B4B8236001A400815CCA /* htmlView.html in Resources */ = {isa = PBXBuildFile; fileRef = DF24B4B7236001A400815CCA /* htmlView.html */; };
/* End PBXBuildFile section */

/* Begin PBXContainerItemProxy section */
		DF24B49B235FFDB400815CCA /* PBXContainerItemProxy */ = {
			isa = PBXContainerItemProxy;
			containerPortal = DF24B47E235FFDB200815CCA /* Project object */;
			proxyType = 1;
			remoteGlobalIDString = DF24B485235FFDB200815CCA;
			remoteInfo = 07_webView;
		};
		DF24B4A6235FFDB400815CCA /* PBXContainerItemProxy */ = {
			isa = PBXContainerItemProxy;
			containerPortal = DF24B47E235FFDB200815CCA /* Project object */;
			proxyType = 1;
			remoteGlobalIDString = DF24B485235FFDB200815CCA;
			remoteInfo = 07_webView;
		};
/* End PBXContainerItemProxy section */

/* Begin PBXFileReference section */
		DF24B486235FFDB200815CCA /* 07_webView.app */ = {isa = PBXFileReference; explicitFileType = wrapper.application; includeInIndex = 0; path = 07_webView.app; sourceTree = BUILT_PRODUCTS_DIR; };
		DF24B489235FFDB200815CCA /* AppDelegate.swift */ = {isa = PBXFileReference; lastKnownFileType = sourcecode.swift; path = AppDelegate.swift; sourceTree = "<group>"; };
		DF24B48B235FFDB200815CCA /* ViewController.swift */ = {isa = PBXFileReference; lastKnownFileType = sourcecode.swift; path = ViewController.swift; sourceTree = "<group>"; };
		DF24B48E235FFDB200815CCA /* Base */ = {isa = PBXFileReference; lastKnownFileType = file.storyboard; name = Base; path = Base.lproj/Main.storyboard; sourceTree = "<group>"; };
		DF24B490235FFDB300815CCA /* Assets.xcassets */ = {isa = PBXFileReference; lastKnownFileType = folder.assetcatalog; path = Assets.xcassets; sourceTree = "<group>"; };
		DF24B493235FFDB300815CCA /* Base */ = {isa = PBXFileReference; lastKnownFileType = file.storyboard; name = Base; path = Base.lproj/LaunchScreen.storyboard; sourceTree = "<group>"; };
		DF24B495235FFDB300815CCA /* Info.plist */ = {isa = PBXFileReference; lastKnownFileType = text.plist.xml; path = Info.plist; sourceTree = "<group>"; };
		DF24B49A235FFDB400815CCA /* 07_webViewTests.xctest */ = {isa = PBXFileReference; explicitFileType = wrapper.cfbundle; includeInIndex = 0; path = 07_webViewTests.xctest; sourceTree = BUILT_PRODUCTS_DIR; };
		DF24B49E235FFDB400815CCA /* _7_webViewTests.swift */ = {isa = PBXFileReference; lastKnownFileType = sourcecode.swift; path = _7_webViewTests.swift; sourceTree = "<group>"; };
		DF24B4A0235FFDB400815CCA /* Info.plist */ = {isa = PBXFileReference; lastKnownFileType = text.plist.xml; path = Info.plist; sourceTree = "<group>"; };
		DF24B4A5235FFDB400815CCA /* 07_webViewUITests.xctest */ = {isa = PBXFileReference; explicitFileType = wrapper.cfbundle; includeInIndex = 0; path = 07_webViewUITests.xctest; sourceTree = BUILT_PRODUCTS_DIR; };
		DF24B4A9235FFDB400815CCA /* _7_webViewUITests.swift */ = {isa = PBXFileReference; lastKnownFileType = sourcecode.swift; path = _7_webViewUITests.swift; sourceTree = "<group>"; };
		DF24B4AB235FFDB400815CCA /* Info.plist */ = {isa = PBXFileReference; lastKnownFileType = text.plist.xml; path = Info.plist; sourceTree = "<group>"; };
		DF24B4B7236001A400815CCA /* htmlView.html */ = {isa = PBXFileReference; lastKnownFileType = text.html; path = htmlView.html; sourceTree = "<group>"; };
/* End PBXFileReference section */

/* Begin PBXFrameworksBuildPhase section */
		DF24B483235FFDB200815CCA /* Frameworks */ = {
			isa = PBXFrameworksBuildPhase;
			buildActionMask = 2147483647;
			files = (
			);
			runOnlyForDeploymentPostprocessing = 0;
		};
		DF24B497235FFDB400815CCA /* Frameworks */ = {
			isa = PBXFrameworksBuildPhase;
			buildActionMask = 2147483647;
			files = (
			);
			runOnlyForDeploymentPostprocessing = 0;
		};
		DF24B4A2235FFDB400815CCA /* Frameworks */ = {
			isa = PBXFrameworksBuildPhase;
			buildActionMask = 2147483647;
			files = (
			);
			runOnlyForDeploymentPostprocessing = 0;
		};
/* End PBXFrameworksBuildPhase section */

/* Begin PBXGroup section */
		DF24B47D235FFDB200815CCA = {
			isa = PBXGroup;
			children = (
				DF24B488235FFDB200815CCA /* 07_webView */,
				DF24B49D235FFDB400815CCA /* 07_webViewTests */,
				DF24B4A8235FFDB400815CCA /* 07_webViewUITests */,
				DF24B487235FFDB200815CCA /* Products */,
			);
			sourceTree = "<group>";
		};
		DF24B487235FFDB200815CCA /* Products */ = {
			isa = PBXGroup;
			children = (
				DF24B486235FFDB200815CCA /* 07_webView.app */,
				DF24B49A235FFDB400815CCA /* 07_webViewTests.xctest */,
				DF24B4A5235FFDB400815CCA /* 07_webViewUITests.xctest */,
			);
			name = Products;
			sourceTree = "<group>";
		};
		DF24B488235FFDB200815CCA /* 07_webView */ = {
			isa = PBXGroup;
			children = (
				DF24B489235FFDB200815CCA /* AppDelegate.swift */,
				DF24B48B235FFDB200815CCA /* ViewController.swift */,
				DF24B48D235FFDB200815CCA /* Main.storyboard */,
				DF24B4B7236001A400815CCA /* htmlView.html */,
				DF24B490235FFDB300815CCA /* Assets.xcassets */,
				DF24B492235FFDB300815CCA /* LaunchScreen.storyboard */,
				DF24B495235FFDB300815CCA /* Info.plist */,
			);
			path = 07_webView;
			sourceTree = "<group>";
		};
		DF24B49D235FFDB400815CCA /* 07_webViewTests */ = {
			isa = PBXGroup;
			children = (
				DF24B49E235FFDB400815CCA /* _7_webViewTests.swift */,
				DF24B4A0235FFDB400815CCA /* Info.plist */,
			);
			path = 07_webViewTests;
			sourceTree = "<group>";
		};
		DF24B4A8235FFDB400815CCA /* 07_webViewUITests */ = {
			isa = PBXGroup;
			children = (
				DF24B4A9235FFDB400815CCA /* _7_webViewUITests.swift */,
				DF24B4AB235FFDB400815CCA /* Info.plist */,
			);
			path = 07_webViewUITests;
			sourceTree = "<group>";
		};
/* End PBXGroup section */

/* Begin PBXNativeTarget section */
		DF24B485235FFDB200815CCA /* 07_webView */ = {
			isa = PBXNativeTarget;
			buildConfigurationList = DF24B4AE235FFDB400815CCA /* Build configuration list for PBXNativeTarget "07_webView" */;
			buildPhases = (
				DF24B482235FFDB200815CCA /* Sources */,
				DF24B483235FFDB200815CCA /* Frameworks */,
				DF24B484235FFDB200815CCA /* Resources */,
			);
			buildRules = (
			);
			dependencies = (
			);
			name = 07_webView;
			productName = 07_webView;
			productReference = DF24B486235FFDB200815CCA /* 07_webView.app */;
			productType = "com.apple.product-type.application";
		};
		DF24B499235FFDB400815CCA /* 07_webViewTests */ = {
			isa = PBXNativeTarget;
			buildConfigurationList = DF24B4B1235FFDB400815CCA /* Build configuration list for PBXNativeTarget "07_webViewTests" */;
			buildPhases = (
				DF24B496235FFDB400815CCA /* Sources */,
				DF24B497235FFDB400815CCA /* Frameworks */,
				DF24B498235FFDB400815CCA /* Resources */,
			);
			buildRules = (
			);
			dependencies = (
				DF24B49C235FFDB400815CCA /* PBXTargetDependency */,
			);
			name = 07_webViewTests;
			productName = 07_webViewTests;
			productReference = DF24B49A235FFDB400815CCA /* 07_webViewTests.xctest */;
			productType = "com.apple.product-type.bundle.unit-test";
		};
		DF24B4A4235FFDB400815CCA /* 07_webViewUITests */ = {
			isa = PBXNativeTarget;
			buildConfigurationList = DF24B4B4235FFDB400815CCA /* Build configuration list for PBXNativeTarget "07_webViewUITests" */;
			buildPhases = (
				DF24B4A1235FFDB400815CCA /* Sources */,
				DF24B4A2235FFDB400815CCA /* Frameworks */,
				DF24B4A3235FFDB400815CCA /* Resources */,
			);
			buildRules = (
			);
			dependencies = (
				DF24B4A7235FFDB400815CCA /* PBXTargetDependency */,
			);
			name = 07_webViewUITests;
			productName = 07_webViewUITests;
			productReference = DF24B4A5235FFDB400815CCA /* 07_webViewUITests.xctest */;
			productType = "com.apple.product-type.bundle.ui-testing";
		};
/* End PBXNativeTarget section */

/* Begin PBXProject section */
		DF24B47E235FFDB200815CCA /* Project object */ = {
			isa = PBXProject;
			attributes = {
				LastSwiftUpdateCheck = 0940;
				LastUpgradeCheck = 0940;
				ORGANIZATIONNAME = 20145184;
				TargetAttributes = {
					DF24B485235FFDB200815CCA = {
						CreatedOnToolsVersion = 9.4.1;
					};
					DF24B499235FFDB400815CCA = {
						CreatedOnToolsVersion = 9.4.1;
						TestTargetID = DF24B485235FFDB200815CCA;
					};
					DF24B4A4235FFDB400815CCA = {
						CreatedOnToolsVersion = 9.4.1;
						TestTargetID = DF24B485235FFDB200815CCA;
					};
				};
			};
			buildConfigurationList = DF24B481235FFDB200815CCA /* Build configuration list for PBXProject "07_webView" */;
			compatibilityVersion = "Xcode 9.3";
			developmentRegion = en;
			hasScannedForEncodings = 0;
			knownRegions = (
				en,
				Base,
			);
			mainGroup = DF24B47D235FFDB200815CCA;
			productRefGroup = DF24B487235FFDB200815CCA /* Products */;
			projectDirPath = "";
			projectRoot = "";
			targets = (
				DF24B485235FFDB200815CCA /* 07_webView */,
				DF24B499235FFDB400815CCA /* 07_webViewTests */,
				DF24B4A4235FFDB400815CCA /* 07_webViewUITests */,
			);
		};
/* End PBXProject section */

/* Begin PBXResourcesBuildPhase section */
		DF24B484235FFDB200815CCA /* Resources */ = {
			isa = PBXResourcesBuildPhase;
			buildActionMask = 2147483647;
			files = (
				DF24B4B8236001A400815CCA /* htmlView.html in Resources */,
				DF24B494235FFDB300815CCA /* LaunchScreen.storyboard in Resources */,
				DF24B491235FFDB300815CCA /* Assets.xcassets in Resources */,
				DF24B48F235FFDB200815CCA /* Main.storyboard in Resources */,
			);
			runOnlyForDeploymentPostprocessing = 0;
		};
		DF24B498235FFDB400815CCA /* Resources */ = {
			isa = PBXResourcesBuildPhase;
			buildActionMask = 2147483647;
			files = (
			);
			runOnlyForDeploymentPostprocessing = 0;
		};
		DF24B4A3235FFDB400815CCA /* Resources */ = {
			isa = PBXResourcesBuildPhase;
			buildActionMask = 2147483647;
			files = (
			);
			runOnlyForDeploymentPostprocessing = 0;
		};
/* End PBXResourcesBuildPhase section */

/* Begin PBXSourcesBuildPhase section */
		DF24B482235FFDB200815CCA /* Sources */ = {
			isa = PBXSourcesBuildPhase;
			buildActionMask = 2147483647;
			files = (
				DF24B48C235FFDB200815CCA /* ViewController.swift in Sources */,
				DF24B48A235FFDB200815CCA /* AppDelegate.swift in Sources */,
			);
			runOnlyForDeploymentPostprocessing = 0;
		};
		DF24B496235FFDB400815CCA /* Sources */ = {
			isa = PBXSourcesBuildPhase;
			buildActionMask = 2147483647;
			files = (
				DF24B49F235FFDB400815CCA /* _7_webViewTests.swift in Sources */,
			);
			runOnlyForDeploymentPostprocessing = 0;
		};
		DF24B4A1235FFDB400815CCA /* Sources */ = {
			isa = PBXSourcesBuildPhase;
			buildActionMask = 2147483647;
			files = (
				DF24B4AA235FFDB400815CCA /* _7_webViewUITests.swift in Sources */,
			);
			runOnlyForDeploymentPostprocessing = 0;
		};
/* End PBXSourcesBuildPhase section */

/* Begin PBXTargetDependency section */
		DF24B49C235FFDB400815CCA /* PBXTargetDependency */ = {
			isa = PBXTargetDependency;
			target = DF24B485235FFDB200815CCA /* 07_webView */;
			targetProxy = DF24B49B235FFDB400815CCA /* PBXContainerItemProxy */;
		};
		DF24B4A7235FFDB400815CCA /* PBXTargetDependency */ = {
			isa = PBXTargetDependency;
			target = DF24B485235FFDB200815CCA /* 07_webView */;
			targetProxy = DF24B4A6235FFDB400815CCA /* PBXContainerItemProxy */;
		};
/* End PBXTargetDependency section */

/* Begin PBXVariantGroup section */
		DF24B48D235FFDB200815CCA /* Main.storyboard */ = {
			isa = PBXVariantGroup;
			children = (
				DF24B48E235FFDB200815CCA /* Base */,
			);
			name = Main.storyboard;
			sourceTree = "<group>";
		};
		DF24B492235FFDB300815CCA /* LaunchScreen.storyboard */ = {
			isa = PBXVariantGroup;
			children = (
				DF24B493235FFDB300815CCA /* Base */,
			);
			name = LaunchScreen.storyboard;
			sourceTree = "<group>";
		};
/* End PBXVariantGroup section */

/* Begin XCBuildConfiguration section */
		DF24B4AC235FFDB400815CCA /* Debug */ = {
			isa = XCBuildConfiguration;
			buildSettings = {
				ALWAYS_SEARCH_USER_PATHS = NO;
				CLANG_ANALYZER_NONNULL = YES;
				CLANG_ANALYZER_NUMBER_OBJECT_CONVERSION = YES_AGGRESSIVE;
				CLANG_CXX_LANGUAGE_STANDARD = "gnu++14";
				CLANG_CXX_LIBRARY = "libc++";
				CLANG_ENABLE_MODULES = YES;
				CLANG_ENABLE_OBJC_ARC = YES;
				CLANG_ENABLE_OBJC_WEAK = YES;
				CLANG_WARN_BLOCK_CAPTURE_AUTORELEASING = YES;
				CLANG_WARN_BOOL_CONVERSION = YES;
				CLANG_WARN_COMMA = YES;
				CLANG_WARN_CONSTANT_CONVERSION = YES;
				CLANG_WARN_DEPRECATED_OBJC_IMPLEMENTATIONS = YES;
				CLANG_WARN_DIRECT_OBJC_ISA_USAGE = YES_ERROR;
				CLANG_WARN_DOCUMENTATION_COMMENTS = YES;
				CLANG_WARN_EMPTY_BODY = YES;
				CLANG_WARN_ENUM_CONVERSION = YES;
				CLANG_WARN_INFINITE_RECURSION = YES;
				CLANG_WARN_INT_CONVERSION = YES;
				CLANG_WARN_NON_LITERAL_NULL_CONVERSION = YES;
				CLANG_WARN_OBJC_IMPLICIT_RETAIN_SELF = YES;
				CLANG_WARN_OBJC_LITERAL_CONVERSION = YES;
				CLANG_WARN_OBJC_ROOT_CLASS = YES_ERROR;
				CLANG_WARN_RANGE_LOOP_ANALYSIS = YES;
				CLANG_WARN_STRICT_PROTOTYPES = YES;
				CLANG_WARN_SUSPICIOUS_MOVE = YES;
				CLANG_WARN_UNGUARDED_AVAILABILITY = YES_AGGRESSIVE;
				CLANG_WARN_UNREACHABLE_CODE = YES;
				CLANG_WARN__DUPLICATE_METHOD_MATCH = YES;
				CODE_SIGN_IDENTITY = "iPhone Developer";
				COPY_PHASE_STRIP = NO;
				DEBUG_INFORMATION_FORMAT = dwarf;
				ENABLE_STRICT_OBJC_MSGSEND = YES;
				ENABLE_TESTABILITY = YES;
				GCC_C_LANGUAGE_STANDARD = gnu11;
				GCC_DYNAMIC_NO_PIC = NO;
				GCC_NO_COMMON_BLOCKS = YES;
				GCC_OPTIMIZATION_LEVEL = 0;
				GCC_PREPROCESSOR_DEFINITIONS = (
					"DEBUG=1",
					"$(inherited)",
				);
				GCC_WARN_64_TO_32_BIT_CONVERSION = YES;
				GCC_WARN_ABOUT_RETURN_TYPE = YES_ERROR;
				GCC_WARN_UNDECLARED_SELECTOR = YES;
				GCC_WARN_UNINITIALIZED_AUTOS = YES_AGGRESSIVE;
				GCC_WARN_UNUSED_FUNCTION = YES;
				GCC_WARN_UNUSED_VARIABLE = YES;
				IPHONEOS_DEPLOYMENT_TARGET = 11.4;
				MTL_ENABLE_DEBUG_INFO = YES;
				ONLY_ACTIVE_ARCH = YES;
				SDKROOT = iphoneos;
				SWIFT_ACTIVE_COMPILATION_CONDITIONS = DEBUG;
				SWIFT_OPTIMIZATION_LEVEL = "-Onone";
			};
			name = Debug;
		};
		DF24B4AD235FFDB400815CCA /* Release */ = {
			isa = XCBuildConfiguration;
			buildSettings = {
				ALWAYS_SEARCH_USER_PATHS = NO;
				CLANG_ANALYZER_NONNULL = YES;
				CLANG_ANALYZER_NUMBER_OBJECT_CONVERSION = YES_AGGRESSIVE;
				CLANG_CXX_LANGUAGE_STANDARD = "gnu++14";
				CLANG_CXX_LIBRARY = "libc++";
				CLANG_ENABLE_MODULES = YES;
				CLANG_ENABLE_OBJC_ARC = YES;
				CLANG_ENABLE_OBJC_WEAK = YES;
				CLANG_WARN_BLOCK_CAPTURE_AUTORELEASING = YES;
				CLANG_WARN_BOOL_CONVERSION = YES;
				CLANG_WARN_COMMA = YES;
				CLANG_WARN_CONSTANT_CONVERSION = YES;
				CLANG_WARN_DEPRECATED_OBJC_IMPLEMENTATIONS = YES;
				CLANG_WARN_DIRECT_OBJC_ISA_USAGE = YES_ERROR;
				CLANG_WARN_DOCUMENTATION_COMMENTS = YES;
				CLANG_WARN_EMPTY_BODY = YES;
				CLANG_WARN_ENUM_CONVERSION = YES;
				CLANG_WARN_INFINITE_RECURSION = YES;
				CLANG_WARN_INT_CONVERSION = YES;
				CLANG_WARN_NON_LITERAL_NULL_CONVERSION = YES;
				CLANG_WARN_OBJC_IMPLICIT_RETAIN_SELF = YES;
				CLANG_WARN_OBJC_LITERAL_CONVERSION = YES;
				CLANG_WARN_OBJC_ROOT_CLASS = YES_ERROR;
				CLANG_WARN_RANGE_LOOP_ANALYSIS = YES;
				CLANG_WARN_STRICT_PROTOTYPES = YES;
				CLANG_WARN_SUSPICIOUS_MOVE = YES;
				CLANG_WARN_UNGUARDED_AVAILABILITY = YES_AGGRESSIVE;
				CLANG_WARN_UNREACHABLE_CODE = YES;
				CLANG_WARN__DUPLICATE_METHOD_MATCH = YES;
				CODE_SIGN_IDENTITY = "iPhone Developer";
				COPY_PHASE_STRIP = NO;
				DEBUG_INFORMATION_FORMAT = "dwarf-with-dsym";
				ENABLE_NS_ASSERTIONS = NO;
				ENABLE_STRICT_OBJC_MSGSEND = YES;
				GCC_C_LANGUAGE_STANDARD = gnu11;
				GCC_NO_COMMON_BLOCKS = YES;
				GCC_WARN_64_TO_32_BIT_CONVERSION = YES;
				GCC_WARN_ABOUT_RETURN_TYPE = YES_ERROR;
				GCC_WARN_UNDECLARED_SELECTOR = YES;
				GCC_WARN_UNINITIALIZED_AUTOS = YES_AGGRESSIVE;
				GCC_WARN_UNUSED_FUNCTION = YES;
				GCC_WARN_UNUSED_VARIABLE = YES;
				IPHONEOS_DEPLOYMENT_TARGET = 11.4;
				MTL_ENABLE_DEBUG_INFO = NO;
				SDKROOT = iphoneos;
				SWIFT_COMPILATION_MODE = wholemodule;
				SWIFT_OPTIMIZATION_LEVEL = "-O";
				VALIDATE_PRODUCT = YES;
			};
			name = Release;
		};
		DF24B4AF235FFDB400815CCA /* Debug */ = {
			isa = XCBuildConfiguration;
			buildSettings = {
				ASSETCATALOG_COMPILER_APPICON_NAME = AppIcon;
				CODE_SIGN_STYLE = Automatic;
				INFOPLIST_FILE = 07_webView/Info.plist;
				LD_RUNPATH_SEARCH_PATHS = (
					"$(inherited)",
					"@executable_path/Frameworks",
				);
				PRODUCT_BUNDLE_IDENTIFIER = "-0145184.-7-webView";
				PRODUCT_NAME = "$(TARGET_NAME)";
				SWIFT_VERSION = 4.0;
				TARGETED_DEVICE_FAMILY = "1,2";
			};
			name = Debug;
		};
		DF24B4B0235FFDB400815CCA /* Release */ = {
			isa = XCBuildConfiguration;
			buildSettings = {
				ASSETCATALOG_COMPILER_APPICON_NAME = AppIcon;
				CODE_SIGN_STYLE = Automatic;
				INFOPLIST_FILE = 07_webView/Info.plist;
				LD_RUNPATH_SEARCH_PATHS = (
					"$(inherited)",
					"@executable_path/Frameworks",
				);
				PRODUCT_BUNDLE_IDENTIFIER = "-0145184.-7-webView";
				PRODUCT_NAME = "$(TARGET_NAME)";
				SWIFT_VERSION = 4.0;
				TARGETED_DEVICE_FAMILY = "1,2";
			};
			name = Release;
		};
		DF24B4B2235FFDB400815CCA /* Debug */ = {
			isa = XCBuildConfiguration;
			buildSettings = {
				ALWAYS_EMBED_SWIFT_STANDARD_LIBRARIES = YES;
				BUNDLE_LOADER = "$(TEST_HOST)";
				CODE_SIGN_STYLE = Automatic;
				INFOPLIST_FILE = 07_webViewTests/Info.plist;
				LD_RUNPATH_SEARCH_PATHS = (
					"$(inherited)",
					"@executable_path/Frameworks",
					"@loader_path/Frameworks",
				);
				PRODUCT_BUNDLE_IDENTIFIER = "-0145184.-7-webViewTests";
				PRODUCT_NAME = "$(TARGET_NAME)";
				SWIFT_VERSION = 4.0;
				TARGETED_DEVICE_FAMILY = "1,2";
				TEST_HOST = "$(BUILT_PRODUCTS_DIR)/07_webView.app/07_webView";
			};
			name = Debug;
		};
		DF24B4B3235FFDB400815CCA /* Release */ = {
			isa = XCBuildConfiguration;
			buildSettings = {
				ALWAYS_EMBED_SWIFT_STANDARD_LIBRARIES = YES;
				BUNDLE_LOADER = "$(TEST_HOST)";
				CODE_SIGN_STYLE = Automatic;
				INFOPLIST_FILE = 07_webViewTests/Info.plist;
				LD_RUNPATH_SEARCH_PATHS = (
					"$(inherited)",
					"@executable_path/Frameworks",
					"@loader_path/Frameworks",
				);
				PRODUCT_BUNDLE_IDENTIFIER = "-0145184.-7-webViewTests";
				PRODUCT_NAME = "$(TARGET_NAME)";
				SWIFT_VERSION = 4.0;
				TARGETED_DEVICE_FAMILY = "1,2";
				TEST_HOST = "$(BUILT_PRODUCTS_DIR)/07_webView.app/07_webView";
			};
			name = Release;
		};
		DF24B4B5235FFDB400815CCA /* Debug */ = {
			isa = XCBuildConfiguration;
			buildSettings = {
				ALWAYS_EMBED_SWIFT_STANDARD_LIBRARIES = YES;
				CODE_SIGN_STYLE = Automatic;
				INFOPLIST_FILE = 07_webViewUITests/Info.plist;
				LD_RUNPATH_SEARCH_PATHS = (
					"$(inherited)",
					"@executable_path/Frameworks",
					"@loader_path/Frameworks",
				);
				PRODUCT_BUNDLE_IDENTIFIER = "-0145184.-7-webViewUITests";
				PRODUCT_NAME = "$(TARGET_NAME)";
				SWIFT_VERSION = 4.0;
				TARGETED_DEVICE_FAMILY = "1,2";
				TEST_TARGET_NAME = 07_webView;
			};
			name = Debug;
		};
		DF24B4B6235FFDB400815CCA /* Release */ = {
			isa = XCBuildConfiguration;
			buildSettings = {
				ALWAYS_EMBED_SWIFT_STANDARD_LIBRARIES = YES;
				CODE_SIGN_STYLE = Automatic;
				INFOPLIST_FILE = 07_webViewUITests/Info.plist;
				LD_RUNPATH_SEARCH_PATHS = (
					"$(inherited)",
					"@executable_path/Frameworks",
					"@loader_path/Frameworks",
				);
				PRODUCT_BUNDLE_IDENTIFIER = "-0145184.-7-webViewUITests";
				PRODUCT_NAME = "$(TARGET_NAME)";
				SWIFT_VERSION = 4.0;
				TARGETED_DEVICE_FAMILY = "1,2";
				TEST_TARGET_NAME = 07_webView;
			};
			name = Release;
		};
/* End XCBuildConfiguration section */

/* Begin XCConfigurationList section */
		DF24B481235FFDB200815CCA /* Build configuration list for PBXProject "07_webView" */ = {
			isa = XCConfigurationList;
			buildConfigurations = (
				DF24B4AC235FFDB400815CCA /* Debug */,
				DF24B4AD235FFDB400815CCA /* Release */,
			);
			defaultConfigurationIsVisible = 0;
			defaultConfigurationName = Release;
		};
		DF24B4AE235FFDB400815CCA /* Build configuration list for PBXNativeTarget "07_webView" */ = {
			isa = XCConfigurationList;
			buildConfigurations = (
				DF24B4AF235FFDB400815CCA /* Debug */,
				DF24B4B0235FFDB400815CCA /* Release */,
			);
			defaultConfigurationIsVisible = 0;
			defaultConfigurationName = Release;
		};
		DF24B4B1235FFDB400815CCA /* Build configuration list for PBXNativeTarget "07_webViewTests" */ = {
			isa = XCConfigurationList;
			buildConfigurations = (
				DF24B4B2235FFDB400815CCA /* Debug */,
				DF24B4B3235FFDB400815CCA /* Release */,
			);
			defaultConfigurationIsVisible = 0;
			defaultConfigurationName = Release;
		};
		DF24B4B4235FFDB400815CCA /* Build configuration list for PBXNativeTarget "07_webViewUITests" */ = {
			isa = XCConfigurationList;
			buildConfigurations = (
				DF24B4B5235FFDB400815CCA /* Debug */,
				DF24B4B6235FFDB400815CCA /* Release */,
			);
			defaultConfigurationIsVisible = 0;
			defaultConfigurationName = Release;
		};
/* End XCConfigurationList section */
	};
	rootObject = DF24B47E235FFDB200815CCA /* Project object */;
}
